{
  "version": 4,
  "terraform_version": "1.3.7",
  "serial": 2018,
  "lineage": "b2307035-483e-de5e-213e-dab9b1ce6e6b",
  "outputs": {
    "cluster_endpoint": {
      "value": "https://02A0ACF69406A6D168A5C10385C69D28.gr7.us-east-2.eks.amazonaws.com",
      "type": "string"
    },
    "cluster_name": {
      "value": "qdrant-kubernetes",
      "type": "string"
    },
    "cluster_security_group_id": {
      "value": "sg-0eb07acc9bf1a277a",
      "type": "string"
    }
  },
  "resources": [
    {
      "mode": "data",
      "type": "aws_availability_zones",
      "name": "available",
      "provider": "provider[\"registry.terraform.io/hashicorp/aws\"]",
      "instances": [
        {
          "schema_version": 0,
          "attributes": {
            "all_availability_zones": null,
            "exclude_names": null,
            "exclude_zone_ids": null,
            "filter": [
              {
                "name": "opt-in-status",
                "values": [
                  "opt-in-not-required"
                ]
              }
            ],
            "group_names": [
              "us-east-2"
            ],
            "id": "us-east-2",
            "names": [
              "us-east-2a",
              "us-east-2b",
              "us-east-2c"
            ],
            "state": null,
            "timeouts": null,
            "zone_ids": [
              "use2-az1",
              "use2-az2",
              "use2-az3"
            ]
          },
          "sensitive_attributes": []
        }
      ]
    },
    {
      "mode": "data",
      "type": "aws_caller_identity",
      "name": "current",
      "provider": "provider[\"registry.terraform.io/hashicorp/aws\"]",
      "instances": [
        {
          "schema_version": 0,
          "attributes": {
            "account_id": "145880140878",
            "arn": "arn:aws:iam::145880140878:user/andrew-link",
            "id": "145880140878",
            "user_id": "AIDASD5ZCJRHDJEOTUKZF"
          },
          "sensitive_attributes": []
        }
      ]
    },
    {
      "mode": "data",
      "type": "aws_canonical_user_id",
      "name": "current",
      "provider": "provider[\"registry.terraform.io/hashicorp/aws\"]",
      "instances": [
        {
          "schema_version": 0,
          "attributes": {
            "display_name": "",
            "id": "f9fbc04e22cffff67ea7798c8f645088db893c8597ad25be3293143ff382de00"
          },
          "sensitive_attributes": []
        }
      ]
    },
    {
      "mode": "data",
      "type": "aws_cloudfront_log_delivery_canonical_user_id",
      "name": "cloudfront",
      "provider": "provider[\"registry.terraform.io/hashicorp/aws\"]",
      "instances": [
        {
          "schema_version": 0,
          "attributes": {
            "id": "c4c1ede66af53448b93c283ce9448c4ba468c9432aa01d700d3878632f77d2d0",
            "region": null
          },
          "sensitive_attributes": []
        }
      ]
    },
    {
      "mode": "data",
      "type": "aws_iam_policy",
      "name": "ebs_csi_policy",
      "provider": "provider[\"registry.terraform.io/hashicorp/aws\"]",
      "instances": [
        {
          "schema_version": 0,
          "attributes": {
            "arn": "arn:aws:iam::aws:policy/service-role/AmazonEBSCSIDriverPolicy",
            "description": "IAM Policy that allows the CSI driver service account to make calls to related services such as EC2 on your behalf.",
            "id": "arn:aws:iam::aws:policy/service-role/AmazonEBSCSIDriverPolicy",
            "name": "AmazonEBSCSIDriverPolicy",
            "path": "/service-role/",
            "path_prefix": null,
            "policy": "{\n\t\"Version\": \"2012-10-17\",\n\t\"Statement\": [\n\t\t{\n\t\t\t\"Effect\": \"Allow\",\n\t\t\t\"Action\": [\n\t\t\t\t\"ec2:CreateSnapshot\",\n\t\t\t\t\"ec2:AttachVolume\",\n\t\t\t\t\"ec2:DetachVolume\",\n\t\t\t\t\"ec2:ModifyVolume\",\n\t\t\t\t\"ec2:DescribeAvailabilityZones\",\n\t\t\t\t\"ec2:DescribeInstances\",\n\t\t\t\t\"ec2:DescribeSnapshots\",\n\t\t\t\t\"ec2:DescribeTags\",\n\t\t\t\t\"ec2:DescribeVolumes\",\n\t\t\t\t\"ec2:DescribeVolumesModifications\"\n\t\t\t],\n\t\t\t\"Resource\": \"*\"\n\t\t},\n\t\t{\n\t\t\t\"Effect\": \"Allow\",\n\t\t\t\"Action\": [\n\t\t\t\t\"ec2:CreateTags\"\n\t\t\t],\n\t\t\t\"Resource\": [\n\t\t\t\t\"arn:aws:ec2:*:*:volume/*\",\n\t\t\t\t\"arn:aws:ec2:*:*:snapshot/*\"\n\t\t\t],\n\t\t\t\"Condition\": {\n\t\t\t\t\"StringEquals\": {\n\t\t\t\t\t\"ec2:CreateAction\": [\n\t\t\t\t\t\t\"CreateVolume\",\n\t\t\t\t\t\t\"CreateSnapshot\"\n\t\t\t\t\t]\n\t\t\t\t}\n\t\t\t}\n\t\t},\n\t\t{\n\t\t\t\"Effect\": \"Allow\",\n\t\t\t\"Action\": [\n\t\t\t\t\"ec2:DeleteTags\"\n\t\t\t],\n\t\t\t\"Resource\": [\n\t\t\t\t\"arn:aws:ec2:*:*:volume/*\",\n\t\t\t\t\"arn:aws:ec2:*:*:snapshot/*\"\n\t\t\t]\n\t\t},\n\t\t{\n\t\t\t\"Effect\": \"Allow\",\n\t\t\t\"Action\": [\n\t\t\t\t\"ec2:CreateVolume\"\n\t\t\t],\n\t\t\t\"Resource\": \"*\",\n\t\t\t\"Condition\": {\n\t\t\t\t\"StringLike\": {\n\t\t\t\t\t\"aws:RequestTag/ebs.csi.aws.com/cluster\": \"true\"\n\t\t\t\t}\n\t\t\t}\n\t\t},\n\t\t{\n\t\t\t\"Effect\": \"Allow\",\n\t\t\t\"Action\": [\n\t\t\t\t\"ec2:CreateVolume\"\n\t\t\t],\n\t\t\t\"Resource\": \"*\",\n\t\t\t\"Condition\": {\n\t\t\t\t\"StringLike\": {\n\t\t\t\t\t\"aws:RequestTag/CSIVolumeName\": \"*\"\n\t\t\t\t}\n\t\t\t}\n\t\t},\n\t\t{\n\t\t\t\"Effect\": \"Allow\",\n\t\t\t\"Action\": [\n\t\t\t\t\"ec2:DeleteVolume\"\n\t\t\t],\n\t\t\t\"Resource\": \"*\",\n\t\t\t\"Condition\": {\n\t\t\t\t\"StringLike\": {\n\t\t\t\t\t\"ec2:ResourceTag/ebs.csi.aws.com/cluster\": \"true\"\n\t\t\t\t}\n\t\t\t}\n\t\t},\n\t\t{\n\t\t\t\"Effect\": \"Allow\",\n\t\t\t\"Action\": [\n\t\t\t\t\"ec2:DeleteVolume\"\n\t\t\t],\n\t\t\t\"Resource\": \"*\",\n\t\t\t\"Condition\": {\n\t\t\t\t\"StringLike\": {\n\t\t\t\t\t\"ec2:ResourceTag/CSIVolumeName\": \"*\"\n\t\t\t\t}\n\t\t\t}\n\t\t},\n\t\t{\n\t\t\t\"Effect\": \"Allow\",\n\t\t\t\"Action\": [\n\t\t\t\t\"ec2:DeleteVolume\"\n\t\t\t],\n\t\t\t\"Resource\": \"*\",\n\t\t\t\"Condition\": {\n\t\t\t\t\"StringLike\": {\n\t\t\t\t\t\"ec2:ResourceTag/kubernetes.io/created-for/pvc/name\": \"*\"\n\t\t\t\t}\n\t\t\t}\n\t\t},\n\t\t{\n\t\t\t\"Effect\": \"Allow\",\n\t\t\t\"Action\": [\n\t\t\t\t\"ec2:DeleteSnapshot\"\n\t\t\t],\n\t\t\t\"Resource\": \"*\",\n\t\t\t\"Condition\": {\n\t\t\t\t\"StringLike\": {\n\t\t\t\t\t\"ec2:ResourceTag/CSIVolumeSnapshotName\": \"*\"\n\t\t\t\t}\n\t\t\t}\n\t\t},\n\t\t{\n\t\t\t\"Effect\": \"Allow\",\n\t\t\t\"Action\": [\n\t\t\t\t\"ec2:DeleteSnapshot\"\n\t\t\t],\n\t\t\t\"Resource\": \"*\",\n\t\t\t\"Condition\": {\n\t\t\t\t\"StringLike\": {\n\t\t\t\t\t\"ec2:ResourceTag/ebs.csi.aws.com/cluster\": \"true\"\n\t\t\t\t}\n\t\t\t}\n\t\t}\n\t]\n}",
            "policy_id": "ANPAZKAPJZG4IV6FHD2UE",
            "tags": {}
          },
          "sensitive_attributes": []
        }
      ]
    },
    {
      "mode": "data",
      "type": "aws_iam_policy_document",
      "name": "assume_role",
      "provider": "provider[\"registry.terraform.io/hashicorp/aws\"]",
      "instances": [
        {
          "schema_version": 0,
          "attributes": {
            "id": "2690255455",
            "json": "{\n  \"Version\": \"2012-10-17\",\n  \"Statement\": [\n    {\n      \"Effect\": \"Allow\",\n      \"Action\": \"sts:AssumeRole\",\n      \"Principal\": {\n        \"Service\": \"lambda.amazonaws.com\"\n      }\n    }\n  ]\n}",
            "override_policy_documents": null,
            "policy_id": null,
            "source_policy_documents": null,
            "statement": [
              {
                "actions": [
                  "sts:AssumeRole"
                ],
                "condition": [],
                "effect": "Allow",
                "not_actions": [],
                "not_principals": [],
                "not_resources": [],
                "principals": [
                  {
                    "identifiers": [
                      "lambda.amazonaws.com"
                    ],
                    "type": "Service"
                  }
                ],
                "resources": [],
                "sid": ""
              }
            ],
            "version": "2012-10-17"
          },
          "sensitive_attributes": []
        }
      ]
    },
    {
      "mode": "data",
      "type": "aws_iam_policy_document",
      "name": "bucket_policy",
      "provider": "provider[\"registry.terraform.io/hashicorp/aws\"]",
      "instances": [
        {
          "schema_version": 0,
          "attributes": {
            "id": "1713609842",
            "json": "{\n  \"Version\": \"2012-10-17\",\n  \"Statement\": [\n    {\n      \"Effect\": \"Allow\",\n      \"Action\": \"s3:ListBucket\",\n      \"Resource\": \"arn:aws:s3:::chat-with-docs-ui-bucket\",\n      \"Principal\": {\n        \"AWS\": \"arn:aws:iam::145880140878:role/terraform-20230820022511548800000001\"\n      }\n    }\n  ]\n}",
            "override_policy_documents": null,
            "policy_id": null,
            "source_policy_documents": null,
            "statement": [
              {
                "actions": [
                  "s3:ListBucket"
                ],
                "condition": [],
                "effect": "Allow",
                "not_actions": [],
                "not_principals": [],
                "not_resources": [],
                "principals": [
                  {
                    "identifiers": [
                      "arn:aws:iam::145880140878:role/terraform-20230820022511548800000001"
                    ],
                    "type": "AWS"
                  }
                ],
                "resources": [
                  "arn:aws:s3:::chat-with-docs-ui-bucket"
                ],
                "sid": ""
              }
            ],
            "version": "2012-10-17"
          },
          "sensitive_attributes": []
        }
      ]
    },
    {
      "mode": "managed",
      "type": "aws_api_gateway_method",
      "name": "method",
      "provider": "provider[\"registry.terraform.io/hashicorp/aws\"]",
      "instances": [
        {
          "schema_version": 0,
          "attributes": {
            "api_key_required": false,
            "authorization": "NONE",
            "authorization_scopes": [],
            "authorizer_id": "",
            "http_method": "ANY",
            "id": "agm-tbhjcp6sdl-e05ska-ANY",
            "operation_name": "",
            "request_models": {},
            "request_parameters": {
              "method.request.path.proxy": true
            },
            "request_validator_id": "",
            "resource_id": "e05ska",
            "rest_api_id": "tbhjcp6sdl"
          },
          "sensitive_attributes": [],
          "private": "bnVsbA==",
          "dependencies": [
            "aws_api_gateway_resource.resource",
            "aws_api_gateway_rest_api.api"
          ]
        }
      ]
    },
    {
      "mode": "managed",
      "type": "aws_api_gateway_resource",
      "name": "resource",
      "provider": "provider[\"registry.terraform.io/hashicorp/aws\"]",
      "instances": [
        {
          "schema_version": 0,
          "attributes": {
            "id": "e05ska",
            "parent_id": "ptchh4grwl",
            "path": "/{proxy+}",
            "path_part": "{proxy+}",
            "rest_api_id": "tbhjcp6sdl"
          },
          "sensitive_attributes": [],
          "private": "bnVsbA==",
          "dependencies": [
            "aws_api_gateway_rest_api.api"
          ]
        }
      ]
    },
    {
      "mode": "managed",
      "type": "aws_api_gateway_rest_api",
      "name": "api",
      "provider": "provider[\"registry.terraform.io/hashicorp/aws\"]",
      "instances": [
        {
          "schema_version": 0,
          "attributes": {
            "api_key_source": "HEADER",
            "arn": "arn:aws:apigateway:us-east-2::/restapis/tbhjcp6sdl",
            "binary_media_types": [],
            "body": null,
            "created_date": "2023-08-20T02:25:12Z",
            "description": "Proxy to handle requests to our API",
            "disable_execute_api_endpoint": false,
            "endpoint_configuration": [
              {
                "types": [
                  "EDGE"
                ],
                "vpc_endpoint_ids": []
              }
            ],
            "execution_arn": "arn:aws:execute-api:us-east-2::tbhjcp6sdl",
            "fail_on_warnings": null,
            "id": "tbhjcp6sdl",
            "minimum_compression_size": "",
            "name": "api-gateway",
            "parameters": null,
            "policy": "",
            "put_rest_api_mode": null,
            "root_resource_id": "ptchh4grwl",
            "tags": {},
            "tags_all": {}
          },
          "sensitive_attributes": [],
          "private": "bnVsbA=="
        }
      ]
    },
    {
      "mode": "managed",
      "type": "aws_ecr_repository",
      "name": "lambda_ecr_repo",
      "provider": "provider[\"registry.terraform.io/hashicorp/aws\"]",
      "instances": [
        {
          "schema_version": 0,
          "attributes": {
            "arn": "arn:aws:ecr:us-east-2:145880140878:repository/lambda-docker-repo",
            "encryption_configuration": [
              {
                "encryption_type": "AES256",
                "kms_key": ""
              }
            ],
            "force_delete": null,
            "id": "lambda-docker-repo",
            "image_scanning_configuration": [
              {
                "scan_on_push": true
              }
            ],
            "image_tag_mutability": "MUTABLE",
            "name": "lambda-docker-repo",
            "registry_id": "145880140878",
            "repository_url": "145880140878.dkr.ecr.us-east-2.amazonaws.com/lambda-docker-repo",
            "tags": {},
            "tags_all": {},
            "timeouts": null
          },
          "sensitive_attributes": [],
          "private": "eyJlMmJmYjczMC1lY2FhLTExZTYtOGY4OC0zNDM2M2JjN2M0YzAiOnsiZGVsZXRlIjoxMjAwMDAwMDAwMDAwfX0="
        }
      ]
    },
    {
      "mode": "managed",
      "type": "aws_eks_addon",
      "name": "ebs-csi",
      "provider": "provider[\"registry.terraform.io/hashicorp/aws\"]",
      "instances": [
        {
          "schema_version": 0,
          "attributes": {
            "addon_name": "aws-ebs-csi-driver",
            "addon_version": "v1.20.0-eksbuild.1",
            "arn": "arn:aws:eks:us-east-2:145880140878:addon/qdrant-kubernetes/aws-ebs-csi-driver/62c50b43-749e-f82f-4ba8-19545f1dbb52",
            "cluster_name": "qdrant-kubernetes",
            "configuration_values": "",
            "created_at": "2023-08-21T05:17:35Z",
            "id": "qdrant-kubernetes:aws-ebs-csi-driver",
            "modified_at": "2023-08-21T05:32:21Z",
            "preserve": null,
            "resolve_conflicts": null,
            "resolve_conflicts_on_create": null,
            "resolve_conflicts_on_update": null,
            "service_account_role_arn": "arn:aws:iam::145880140878:role/AmazonEKSTFEBSCSIRole-qdrant-kubernetes",
            "tags": {
              "eks_addon": "ebs-csi",
              "terraform": "true"
            },
            "tags_all": {
              "eks_addon": "ebs-csi",
              "terraform": "true"
            },
            "timeouts": null
          },
          "sensitive_attributes": [],
          "private": "eyJlMmJmYjczMC1lY2FhLTExZTYtOGY4OC0zNDM2M2JjN2M0YzAiOnsiY3JlYXRlIjoxMjAwMDAwMDAwMDAwLCJkZWxldGUiOjI0MDAwMDAwMDAwMDAsInVwZGF0ZSI6MTIwMDAwMDAwMDAwMH19",
          "dependencies": [
            "data.aws_availability_zones.available",
            "module.eks.aws_cloudwatch_log_group.this",
            "module.eks.aws_eks_cluster.this",
            "module.eks.aws_iam_policy.cni_ipv6_policy",
            "module.eks.aws_iam_role.this",
            "module.eks.aws_iam_role_policy_attachment.this",
            "module.eks.aws_security_group.cluster",
            "module.eks.aws_security_group.node",
            "module.eks.aws_security_group_rule.cluster",
            "module.eks.aws_security_group_rule.node",
            "module.eks.data.aws_caller_identity.current",
            "module.eks.data.aws_iam_policy_document.assume_role_policy",
            "module.eks.data.aws_iam_policy_document.cni_ipv6_policy",
            "module.eks.data.aws_iam_session_context.current",
            "module.eks.data.aws_partition.current",
            "module.eks.module.kms.aws_kms_external_key.this",
            "module.eks.module.kms.aws_kms_key.this",
            "module.eks.module.kms.data.aws_caller_identity.current",
            "module.eks.module.kms.data.aws_iam_policy_document.this",
            "module.eks.module.kms.data.aws_partition.current",
            "module.irsa-ebs-csi.aws_iam_role.this",
            "module.irsa-ebs-csi.data.aws_caller_identity.current",
            "module.irsa-ebs-csi.data.aws_iam_policy_document.assume_role_with_oidc",
            "module.irsa-ebs-csi.data.aws_partition.current",
            "module.vpc.aws_subnet.private",
            "module.vpc.aws_vpc.this",
            "module.vpc.aws_vpc_ipv4_cidr_block_association.this"
          ]
        }
      ]
    },
    {
      "mode": "managed",
      "type": "aws_iam_role",
      "name": "chat_with_docs_rest_api",
      "provider": "provider[\"registry.terraform.io/hashicorp/aws\"]",
      "instances": [
        {
          "schema_version": 0,
          "attributes": {
            "arn": "arn:aws:iam::145880140878:role/chat-with-docs-rest-api-policy",
            "assume_role_policy": "{\"Statement\":[{\"Action\":\"sts:AssumeRole\",\"Effect\":\"Allow\",\"Principal\":{\"Service\":\"lambda.amazonaws.com\"}}],\"Version\":\"2012-10-17\"}",
            "create_date": "2023-08-20T02:25:12Z",
            "description": "",
            "force_detach_policies": false,
            "id": "chat-with-docs-rest-api-policy",
            "inline_policy": [],
            "managed_policy_arns": [
              "arn:aws:iam::aws:policy/service-role/AWSLambdaBasicExecutionRole"
            ],
            "max_session_duration": 3600,
            "name": "chat-with-docs-rest-api-policy",
            "name_prefix": "",
            "path": "/",
            "permissions_boundary": null,
            "tags": {},
            "tags_all": {},
            "unique_id": "AROASD5ZCJRHM3AJWMNVM"
          },
          "sensitive_attributes": [],
          "private": "bnVsbA=="
        }
      ]
    },
    {
      "mode": "managed",
      "type": "aws_iam_role",
      "name": "role",
      "provider": "provider[\"registry.terraform.io/hashicorp/aws\"]",
      "instances": [
        {
          "schema_version": 0,
          "attributes": {
            "arn": "arn:aws:iam::145880140878:role/invoke-role",
            "assume_role_policy": "{\"Statement\":[{\"Action\":\"sts:AssumeRole\",\"Effect\":\"Allow\",\"Principal\":{\"Service\":\"lambda.amazonaws.com\"}}],\"Version\":\"2012-10-17\"}",
            "create_date": "2023-08-20T02:25:12Z",
            "description": "",
            "force_detach_policies": false,
            "id": "invoke-role",
            "inline_policy": [],
            "managed_policy_arns": [],
            "max_session_duration": 3600,
            "name": "invoke-role",
            "name_prefix": "",
            "path": "/",
            "permissions_boundary": null,
            "tags": {},
            "tags_all": {},
            "unique_id": "AROASD5ZCJRHCFPATVFVH"
          },
          "sensitive_attributes": [],
          "private": "bnVsbA==",
          "dependencies": [
            "data.aws_iam_policy_document.assume_role"
          ]
        }
      ]
    },
    {
      "mode": "managed",
      "type": "aws_iam_role",
      "name": "this",
      "provider": "provider[\"registry.terraform.io/hashicorp/aws\"]",
      "instances": [
        {
          "schema_version": 0,
          "attributes": {
            "arn": "arn:aws:iam::145880140878:role/terraform-20230820022511548800000001",
            "assume_role_policy": "{\"Statement\":[{\"Action\":\"sts:AssumeRole\",\"Effect\":\"Allow\",\"Principal\":{\"Service\":\"ec2.amazonaws.com\"},\"Sid\":\"\"}],\"Version\":\"2012-10-17\"}",
            "create_date": "2023-08-20T02:25:12Z",
            "description": "",
            "force_detach_policies": false,
            "id": "terraform-20230820022511548800000001",
            "inline_policy": [],
            "managed_policy_arns": [],
            "max_session_duration": 3600,
            "name": "terraform-20230820022511548800000001",
            "name_prefix": "terraform-",
            "path": "/",
            "permissions_boundary": null,
            "tags": {},
            "tags_all": {},
            "unique_id": "AROASD5ZCJRHLUIXNM77I"
          },
          "sensitive_attributes": [],
          "private": "bnVsbA=="
        }
      ]
    },
    {
      "mode": "managed",
      "type": "aws_iam_role_policy_attachment",
      "name": "chat_with_docs_rest_api_policy",
      "provider": "provider[\"registry.terraform.io/hashicorp/aws\"]",
      "instances": [
        {
          "schema_version": 0,
          "attributes": {
            "id": "chat-with-docs-rest-api-policy-20230820022512785500000002",
            "policy_arn": "arn:aws:iam::aws:policy/service-role/AWSLambdaBasicExecutionRole",
            "role": "chat-with-docs-rest-api-policy"
          },
          "sensitive_attributes": [],
          "private": "bnVsbA==",
          "dependencies": [
            "aws_iam_role.chat_with_docs_rest_api"
          ]
        }
      ]
    },
    {
      "mode": "managed",
      "type": "aws_kms_key",
      "name": "objects",
      "provider": "provider[\"registry.terraform.io/hashicorp/aws\"]",
      "instances": [
        {
          "schema_version": 0,
          "attributes": {
            "arn": "arn:aws:kms:us-east-2:145880140878:key/0f78b4ab-3187-4b1c-a531-513c6c984192",
            "bypass_policy_lockout_safety_check": false,
            "custom_key_store_id": "",
            "customer_master_key_spec": "SYMMETRIC_DEFAULT",
            "deletion_window_in_days": 7,
            "description": "KMS key is used to encrypt bucket objects",
            "enable_key_rotation": false,
            "id": "0f78b4ab-3187-4b1c-a531-513c6c984192",
            "is_enabled": true,
            "key_id": "0f78b4ab-3187-4b1c-a531-513c6c984192",
            "key_usage": "ENCRYPT_DECRYPT",
            "multi_region": false,
            "policy": "{\"Id\":\"key-default-1\",\"Statement\":[{\"Action\":\"kms:*\",\"Effect\":\"Allow\",\"Principal\":{\"AWS\":\"arn:aws:iam::145880140878:root\"},\"Resource\":\"*\",\"Sid\":\"Enable IAM User Permissions\"}],\"Version\":\"2012-10-17\"}",
            "tags": {},
            "tags_all": {}
          },
          "sensitive_attributes": [],
          "private": "bnVsbA=="
        }
      ]
    },
    {
      "module": "module.cloudfront_log_bucket",
      "mode": "data",
      "type": "aws_caller_identity",
      "name": "current",
      "provider": "provider[\"registry.terraform.io/hashicorp/aws\"]",
      "instances": [
        {
          "schema_version": 0,
          "attributes": {
            "account_id": "145880140878",
            "arn": "arn:aws:iam::145880140878:user/andrew-link",
            "id": "145880140878",
            "user_id": "AIDASD5ZCJRHDJEOTUKZF"
          },
          "sensitive_attributes": []
        }
      ]
    },
    {
      "module": "module.cloudfront_log_bucket",
      "mode": "data",
      "type": "aws_canonical_user_id",
      "name": "this",
      "provider": "provider[\"registry.terraform.io/hashicorp/aws\"]",
      "instances": [
        {
          "schema_version": 0,
          "attributes": {
            "display_name": "",
            "id": "f9fbc04e22cffff67ea7798c8f645088db893c8597ad25be3293143ff382de00"
          },
          "sensitive_attributes": []
        }
      ]
    },
    {
      "module": "module.cloudfront_log_bucket",
      "mode": "data",
      "type": "aws_partition",
      "name": "current",
      "provider": "provider[\"registry.terraform.io/hashicorp/aws\"]",
      "instances": [
        {
          "schema_version": 0,
          "attributes": {
            "dns_suffix": "amazonaws.com",
            "id": "aws",
            "partition": "aws",
            "reverse_dns_prefix": "com.amazonaws"
          },
          "sensitive_attributes": []
        }
      ]
    },
    {
      "module": "module.cloudfront_log_bucket",
      "mode": "data",
      "type": "aws_region",
      "name": "current",
      "provider": "provider[\"registry.terraform.io/hashicorp/aws\"]",
      "instances": [
        {
          "schema_version": 0,
          "attributes": {
            "description": "US East (Ohio)",
            "endpoint": "ec2.us-east-2.amazonaws.com",
            "id": "us-east-2",
            "name": "us-east-2"
          },
          "sensitive_attributes": []
        }
      ]
    },
    {
      "module": "module.cloudfront_log_bucket",
      "mode": "managed",
      "type": "aws_s3_bucket",
      "name": "this",
      "provider": "provider[\"registry.terraform.io/hashicorp/aws\"]",
      "instances": [
        {
          "index_key": 0,
          "schema_version": 0,
          "attributes": {
            "acceleration_status": "",
            "acl": null,
            "arn": "arn:aws:s3:::cloudfront-logs-chat-with-docs-ui-bucket",
            "bucket": "cloudfront-logs-chat-with-docs-ui-bucket",
            "bucket_domain_name": "cloudfront-logs-chat-with-docs-ui-bucket.s3.amazonaws.com",
            "bucket_prefix": "",
            "bucket_regional_domain_name": "cloudfront-logs-chat-with-docs-ui-bucket.s3.us-east-2.amazonaws.com",
            "cors_rule": [],
            "force_destroy": true,
            "grant": [
              {
                "id": "c4c1ede66af53448b93c283ce9448c4ba468c9432aa01d700d3878632f77d2d0",
                "permissions": [
                  "FULL_CONTROL"
                ],
                "type": "CanonicalUser",
                "uri": ""
              },
              {
                "id": "f9fbc04e22cffff67ea7798c8f645088db893c8597ad25be3293143ff382de00",
                "permissions": [
                  "FULL_CONTROL"
                ],
                "type": "CanonicalUser",
                "uri": ""
              }
            ],
            "hosted_zone_id": "Z2O1EMRO9K5GLX",
            "id": "cloudfront-logs-chat-with-docs-ui-bucket",
            "lifecycle_rule": [],
            "logging": [],
            "object_lock_configuration": [],
            "object_lock_enabled": false,
            "policy": "",
            "region": "us-east-2",
            "replication_configuration": [],
            "request_payer": "BucketOwner",
            "server_side_encryption_configuration": [
              {
                "rule": [
                  {
                    "apply_server_side_encryption_by_default": [
                      {
                        "kms_master_key_id": "",
                        "sse_algorithm": "AES256"
                      }
                    ],
                    "bucket_key_enabled": false
                  }
                ]
              }
            ],
            "tags": {},
            "tags_all": {},
            "timeouts": null,
            "versioning": [
              {
                "enabled": false,
                "mfa_delete": false
              }
            ],
            "website": [],
            "website_domain": null,
            "website_endpoint": null
          },
          "sensitive_attributes": [],
          "private": "eyJlMmJmYjczMC1lY2FhLTExZTYtOGY4OC0zNDM2M2JjN2M0YzAiOnsiY3JlYXRlIjoxMjAwMDAwMDAwMDAwLCJkZWxldGUiOjM2MDAwMDAwMDAwMDAsInJlYWQiOjEyMDAwMDAwMDAwMDAsInVwZGF0ZSI6MTIwMDAwMDAwMDAwMH19"
        }
      ]
    },
    {
      "module": "module.cloudfront_log_bucket",
      "mode": "managed",
      "type": "aws_s3_bucket_acl",
      "name": "this",
      "provider": "provider[\"registry.terraform.io/hashicorp/aws\"]",
      "instances": [
        {
          "index_key": 0,
          "schema_version": 0,
          "attributes": {
            "access_control_policy": [
              {
                "grant": [
                  {
                    "grantee": [
                      {
                        "display_name": "",
                        "email_address": "",
                        "id": "c4c1ede66af53448b93c283ce9448c4ba468c9432aa01d700d3878632f77d2d0",
                        "type": "CanonicalUser",
                        "uri": ""
                      }
                    ],
                    "permission": "FULL_CONTROL"
                  },
                  {
                    "grantee": [
                      {
                        "display_name": "",
                        "email_address": "",
                        "id": "f9fbc04e22cffff67ea7798c8f645088db893c8597ad25be3293143ff382de00",
                        "type": "CanonicalUser",
                        "uri": ""
                      }
                    ],
                    "permission": "FULL_CONTROL"
                  }
                ],
                "owner": [
                  {
                    "display_name": "",
                    "id": "f9fbc04e22cffff67ea7798c8f645088db893c8597ad25be3293143ff382de00"
                  }
                ]
              }
            ],
            "acl": "",
            "bucket": "cloudfront-logs-chat-with-docs-ui-bucket",
            "expected_bucket_owner": "",
            "id": "cloudfront-logs-chat-with-docs-ui-bucket"
          },
          "sensitive_attributes": [],
          "private": "bnVsbA==",
          "dependencies": [
            "data.aws_canonical_user_id.current",
            "data.aws_cloudfront_log_delivery_canonical_user_id.cloudfront",
            "module.cloudfront_log_bucket.aws_s3_bucket.this",
            "module.cloudfront_log_bucket.aws_s3_bucket_ownership_controls.this",
            "module.cloudfront_log_bucket.aws_s3_bucket_policy.this",
            "module.cloudfront_log_bucket.aws_s3_bucket_public_access_block.this",
            "module.cloudfront_log_bucket.data.aws_caller_identity.current",
            "module.cloudfront_log_bucket.data.aws_canonical_user_id.this",
            "module.cloudfront_log_bucket.data.aws_iam_policy_document.access_log_delivery",
            "module.cloudfront_log_bucket.data.aws_iam_policy_document.combined",
            "module.cloudfront_log_bucket.data.aws_iam_policy_document.deny_incorrect_encryption_headers",
            "module.cloudfront_log_bucket.data.aws_iam_policy_document.deny_incorrect_kms_key_sse",
            "module.cloudfront_log_bucket.data.aws_iam_policy_document.deny_insecure_transport",
            "module.cloudfront_log_bucket.data.aws_iam_policy_document.deny_unencrypted_object_uploads",
            "module.cloudfront_log_bucket.data.aws_iam_policy_document.elb_log_delivery",
            "module.cloudfront_log_bucket.data.aws_iam_policy_document.inventory_and_analytics_destination_policy",
            "module.cloudfront_log_bucket.data.aws_iam_policy_document.lb_log_delivery",
            "module.cloudfront_log_bucket.data.aws_iam_policy_document.require_latest_tls",
            "module.cloudfront_log_bucket.data.aws_partition.current",
            "module.cloudfront_log_bucket.data.aws_region.current"
          ]
        }
      ]
    },
    {
      "module": "module.cloudfront_log_bucket",
      "mode": "managed",
      "type": "aws_s3_bucket_ownership_controls",
      "name": "this",
      "provider": "provider[\"registry.terraform.io/hashicorp/aws\"]",
      "instances": [
        {
          "index_key": 0,
          "schema_version": 0,
          "attributes": {
            "bucket": "cloudfront-logs-chat-with-docs-ui-bucket",
            "id": "cloudfront-logs-chat-with-docs-ui-bucket",
            "rule": [
              {
                "object_ownership": "ObjectWriter"
              }
            ]
          },
          "sensitive_attributes": [],
          "private": "bnVsbA==",
          "dependencies": [
            "module.cloudfront_log_bucket.aws_s3_bucket.this",
            "module.cloudfront_log_bucket.aws_s3_bucket_policy.this",
            "module.cloudfront_log_bucket.aws_s3_bucket_public_access_block.this",
            "module.cloudfront_log_bucket.data.aws_caller_identity.current",
            "module.cloudfront_log_bucket.data.aws_iam_policy_document.access_log_delivery",
            "module.cloudfront_log_bucket.data.aws_iam_policy_document.combined",
            "module.cloudfront_log_bucket.data.aws_iam_policy_document.deny_incorrect_encryption_headers",
            "module.cloudfront_log_bucket.data.aws_iam_policy_document.deny_incorrect_kms_key_sse",
            "module.cloudfront_log_bucket.data.aws_iam_policy_document.deny_insecure_transport",
            "module.cloudfront_log_bucket.data.aws_iam_policy_document.deny_unencrypted_object_uploads",
            "module.cloudfront_log_bucket.data.aws_iam_policy_document.elb_log_delivery",
            "module.cloudfront_log_bucket.data.aws_iam_policy_document.inventory_and_analytics_destination_policy",
            "module.cloudfront_log_bucket.data.aws_iam_policy_document.lb_log_delivery",
            "module.cloudfront_log_bucket.data.aws_iam_policy_document.require_latest_tls",
            "module.cloudfront_log_bucket.data.aws_partition.current",
            "module.cloudfront_log_bucket.data.aws_region.current"
          ]
        }
      ]
    },
    {
      "module": "module.cloudfront_log_bucket",
      "mode": "managed",
      "type": "aws_s3_bucket_public_access_block",
      "name": "this",
      "provider": "provider[\"registry.terraform.io/hashicorp/aws\"]",
      "instances": [
        {
          "index_key": 0,
          "schema_version": 0,
          "attributes": {
            "block_public_acls": true,
            "block_public_policy": true,
            "bucket": "cloudfront-logs-chat-with-docs-ui-bucket",
            "id": "cloudfront-logs-chat-with-docs-ui-bucket",
            "ignore_public_acls": true,
            "restrict_public_buckets": true
          },
          "sensitive_attributes": [],
          "private": "bnVsbA==",
          "dependencies": [
            "module.cloudfront_log_bucket.aws_s3_bucket.this"
          ]
        }
      ]
    },
    {
      "module": "module.eks",
      "mode": "data",
      "type": "aws_caller_identity",
      "name": "current",
      "provider": "provider[\"registry.terraform.io/hashicorp/aws\"]",
      "instances": [
        {
          "schema_version": 0,
          "attributes": {
            "account_id": "145880140878",
            "arn": "arn:aws:iam::145880140878:user/andrew-link",
            "id": "145880140878",
            "user_id": "AIDASD5ZCJRHDJEOTUKZF"
          },
          "sensitive_attributes": []
        }
      ]
    },
    {
      "module": "module.eks",
      "mode": "data",
      "type": "aws_iam_policy_document",
      "name": "assume_role_policy",
      "provider": "provider[\"registry.terraform.io/hashicorp/aws\"]",
      "instances": [
        {
          "index_key": 0,
          "schema_version": 0,
          "attributes": {
            "id": "2764486067",
            "json": "{\n  \"Version\": \"2012-10-17\",\n  \"Statement\": [\n    {\n      \"Sid\": \"EKSClusterAssumeRole\",\n      \"Effect\": \"Allow\",\n      \"Action\": \"sts:AssumeRole\",\n      \"Principal\": {\n        \"Service\": \"eks.amazonaws.com\"\n      }\n    }\n  ]\n}",
            "override_policy_documents": null,
            "policy_id": null,
            "source_policy_documents": null,
            "statement": [
              {
                "actions": [
                  "sts:AssumeRole"
                ],
                "condition": [],
                "effect": "Allow",
                "not_actions": [],
                "not_principals": [],
                "not_resources": [],
                "principals": [
                  {
                    "identifiers": [
                      "eks.amazonaws.com"
                    ],
                    "type": "Service"
                  }
                ],
                "resources": [],
                "sid": "EKSClusterAssumeRole"
              }
            ],
            "version": "2012-10-17"
          },
          "sensitive_attributes": []
        }
      ]
    },
    {
      "module": "module.eks",
      "mode": "data",
      "type": "aws_iam_session_context",
      "name": "current",
      "provider": "provider[\"registry.terraform.io/hashicorp/aws\"]",
      "instances": [
        {
          "schema_version": 0,
          "attributes": {
            "arn": "arn:aws:iam::145880140878:user/andrew-link",
            "id": "arn:aws:iam::145880140878:user/andrew-link",
            "issuer_arn": "arn:aws:iam::145880140878:user/andrew-link",
            "issuer_id": "",
            "issuer_name": "",
            "session_name": ""
          },
          "sensitive_attributes": []
        }
      ]
    },
    {
      "module": "module.eks",
      "mode": "data",
      "type": "aws_partition",
      "name": "current",
      "provider": "provider[\"registry.terraform.io/hashicorp/aws\"]",
      "instances": [
        {
          "schema_version": 0,
          "attributes": {
            "dns_suffix": "amazonaws.com",
            "id": "aws",
            "partition": "aws",
            "reverse_dns_prefix": "com.amazonaws"
          },
          "sensitive_attributes": []
        }
      ]
    },
    {
      "module": "module.eks",
      "mode": "data",
      "type": "tls_certificate",
      "name": "this",
      "provider": "provider[\"registry.terraform.io/hashicorp/tls\"]",
      "instances": [
        {
          "index_key": 0,
          "schema_version": 0,
          "attributes": {
            "certificates": [
              {
                "cert_pem": "-----BEGIN CERTIFICATE-----\nMIIEdTCCA12gAwIBAgIJAKcOSkw0grd/MA0GCSqGSIb3DQEBCwUAMGgxCzAJBgNV\nBAYTAlVTMSUwIwYDVQQKExxTdGFyZmllbGQgVGVjaG5vbG9naWVzLCBJbmMuMTIw\nMAYDVQQLEylTdGFyZmllbGQgQ2xhc3MgMiBDZXJ0aWZpY2F0aW9uIEF1dGhvcml0\neTAeFw0wOTA5MDIwMDAwMDBaFw0zNDA2MjgxNzM5MTZaMIGYMQswCQYDVQQGEwJV\nUzEQMA4GA1UECBMHQXJpem9uYTETMBEGA1UEBxMKU2NvdHRzZGFsZTElMCMGA1UE\nChMcU3RhcmZpZWxkIFRlY2hub2xvZ2llcywgSW5jLjE7MDkGA1UEAxMyU3RhcmZp\nZWxkIFNlcnZpY2VzIFJvb3QgQ2VydGlmaWNhdGUgQXV0aG9yaXR5IC0gRzIwggEi\nMA0GCSqGSIb3DQEBAQUAA4IBDwAwggEKAoIBAQDVDDrEKvlO4vW+GZdfjohTsR8/\ny8+fIBNtKTrID30892t2OGPZNmCom15cAICyL1l/9of5JUOG52kbUpqQ4XHj2C0N\nTm/2yEnZtvMaVq4rtnQU68/7JuMauh2WLmo7WJSJR1b/JaCTcFOD2oR0FMNnngRo\nOt+OQFodSk7PQ5E751bWAHDLUu57fa4657wx+UX2wmDPE1kCK4DMNEffud6QZW0C\nzyyRpqbn3oUYSXxmTqM6bam17jQuug0DuDPfR+uxa40l2ZvOgdFFRjKWcIfeAg5J\nQ4W2bHO7ZOphQazJ1FTfhy/HIrImzJ9ZVGif/L4qL8RVHHVAYBeFAlU5i38FAgMB\nAAGjgfAwge0wDwYDVR0TAQH/BAUwAwEB/zAOBgNVHQ8BAf8EBAMCAYYwHQYDVR0O\nBBYEFJxfAN+qAdcwKziIorhtSpzyEZGDMB8GA1UdIwQYMBaAFL9ft9HO3R+G9FtV\nrNzXEMIOqYjnME8GCCsGAQUFBwEBBEMwQTAcBggrBgEFBQcwAYYQaHR0cDovL28u\nc3MyLnVzLzAhBggrBgEFBQcwAoYVaHR0cDovL3guc3MyLnVzL3guY2VyMCYGA1Ud\nHwQfMB0wG6AZoBeGFWh0dHA6Ly9zLnNzMi51cy9yLmNybDARBgNVHSAECjAIMAYG\nBFUdIAAwDQYJKoZIhvcNAQELBQADggEBACMd44pXyn3pF3lM8R5V/cxTbj5HD9/G\nVfKyBDbtgB9TxF00KGu+x1X8Z+rLP3+QsjPNG1gQggL4+C/1E2DUBc7xgQjB3ad1\nl08YuW3e95ORCLp+QCztweq7dp4zBncdDQh/U90bZKuCJ/Fp1U1ervShw3WnWEQt\n8jxwmKy6abaVd38PMV4s/KCHOkdp8Hlf9BRUpJVeEXgSYCfOn8J3/yNTd126/+pZ\n59vPr5KW7ySaNRB6nJHGDn2Z9j8Z3/VyVOEVqQdZe4O/Ui5GjLIAZHYcSNPYeehu\nVsyuLAOQ1xk4meTKCRlb/weWsKh/NEnfVqn3sF/tM+2MR7cwA130A4w=\n-----END CERTIFICATE-----\n",
                "is_ca": true,
                "issuer": "OU=Starfield Class 2 Certification Authority,O=Starfield Technologies\\, Inc.,C=US",
                "not_after": "2034-06-28T17:39:16Z",
                "not_before": "2009-09-02T00:00:00Z",
                "public_key_algorithm": "RSA",
                "serial_number": "12037640545166866303",
                "sha1_fingerprint": "9e99a48a9960b14926bb7f3b02e22da2b0ab7280",
                "signature_algorithm": "SHA256-RSA",
                "subject": "CN=Starfield Services Root Certificate Authority - G2,O=Starfield Technologies\\, Inc.,L=Scottsdale,ST=Arizona,C=US",
                "version": 3
              },
              {
                "cert_pem": "-----BEGIN CERTIFICATE-----\nMIIEkjCCA3qgAwIBAgITBn+USionzfP6wq4rAfkI7rnExjANBgkqhkiG9w0BAQsF\nADCBmDELMAkGA1UEBhMCVVMxEDAOBgNVBAgTB0FyaXpvbmExEzARBgNVBAcTClNj\nb3R0c2RhbGUxJTAjBgNVBAoTHFN0YXJmaWVsZCBUZWNobm9sb2dpZXMsIEluYy4x\nOzA5BgNVBAMTMlN0YXJmaWVsZCBTZXJ2aWNlcyBSb290IENlcnRpZmljYXRlIEF1\ndGhvcml0eSAtIEcyMB4XDTE1MDUyNTEyMDAwMFoXDTM3MTIzMTAxMDAwMFowOTEL\nMAkGA1UEBhMCVVMxDzANBgNVBAoTBkFtYXpvbjEZMBcGA1UEAxMQQW1hem9uIFJv\nb3QgQ0EgMTCCASIwDQYJKoZIhvcNAQEBBQADggEPADCCAQoCggEBALJ4gHHKeNXj\nca9HgFB0fW7Y14h29Jlo91ghYPl0hAEvrAIthtOgQ3pOsqTQNroBvo3bSMgHFzZM\n9O6II8c+6zf1tRn4SWiw3te5djgdYZ6k/oI2peVKVuRF4fn9tBb6dNqcmzU5L/qw\nIFAGbHrQgLKm+a/sRxmPUDgH3KKHOVj4utWp+UhnMJbulHheb4mjUcAwhmahRWa6\nVOujw5H5SNz/0egwLX0tdHA114gk957EWW67c4cX8jJGKLhD+rcdqsq08p8kDi1L\n93FcXmn/6pUCyziKrlA4b9v7LWIbxcceVOF34GfID5yHI9Y/QCB/IIDEgEw+OyQm\njgSubJrIqg0CAwEAAaOCATEwggEtMA8GA1UdEwEB/wQFMAMBAf8wDgYDVR0PAQH/\nBAQDAgGGMB0GA1UdDgQWBBSEGMyFNOy8DJSULghZnMeyEE4KCDAfBgNVHSMEGDAW\ngBScXwDfqgHXMCs4iKK4bUqc8hGRgzB4BggrBgEFBQcBAQRsMGowLgYIKwYBBQUH\nMAGGImh0dHA6Ly9vY3NwLnJvb3RnMi5hbWF6b250cnVzdC5jb20wOAYIKwYBBQUH\nMAKGLGh0dHA6Ly9jcnQucm9vdGcyLmFtYXpvbnRydXN0LmNvbS9yb290ZzIuY2Vy\nMD0GA1UdHwQ2MDQwMqAwoC6GLGh0dHA6Ly9jcmwucm9vdGcyLmFtYXpvbnRydXN0\nLmNvbS9yb290ZzIuY3JsMBEGA1UdIAQKMAgwBgYEVR0gADANBgkqhkiG9w0BAQsF\nAAOCAQEAYjdCXLwQtT6LLOkMm2xF4gcAevnFWAu5CIw+7bMlPLVvUOTNNWqnkzSW\nMiGpSESrnO09tKpzbeR/FoCJbM8oAxiDR3mjEH4wW6w7sGDgd9QIpuEdfF7Au/ma\neyKdpwAJfqxGF4PcnCZXmTA5YpaP7dreqsXMGz7KQ2hsVxa81Q4gLv7/wmpdLqBK\nbRRYh5TmOTFffHPLkIhqhBGWJ6bt2YFGpn6jcgAKUj6DiAdjd4lpFw85hdKrCEVN\n0FE6/V1dN2RMfjCyVSRCnTawXZwXgWHxyvkQAiSr6w10kY17RSlQOYiypok1JR4U\nakcjMS9cmvqtmg5iUaQqqcT5NJ0hGA==\n-----END CERTIFICATE-----\n",
                "is_ca": true,
                "issuer": "CN=Starfield Services Root Certificate Authority - G2,O=Starfield Technologies\\, Inc.,L=Scottsdale,ST=Arizona,C=US",
                "not_after": "2037-12-31T01:00:00Z",
                "not_before": "2015-05-25T12:00:00Z",
                "public_key_algorithm": "RSA",
                "serial_number": "144918191876577076464031512351042010504348870",
                "sha1_fingerprint": "06b25927c42a721631c1efd9431e648fa62e1e39",
                "signature_algorithm": "SHA256-RSA",
                "subject": "CN=Amazon Root CA 1,O=Amazon,C=US",
                "version": 3
              },
              {
                "cert_pem": "-----BEGIN CERTIFICATE-----\nMIIEXjCCA0agAwIBAgITB3MSSkvL1E7HtTvq8ZSELToPoTANBgkqhkiG9w0BAQsF\nADA5MQswCQYDVQQGEwJVUzEPMA0GA1UEChMGQW1hem9uMRkwFwYDVQQDExBBbWF6\nb24gUm9vdCBDQSAxMB4XDTIyMDgyMzIyMjUzMFoXDTMwMDgyMzIyMjUzMFowPDEL\nMAkGA1UEBhMCVVMxDzANBgNVBAoTBkFtYXpvbjEcMBoGA1UEAxMTQW1hem9uIFJT\nQSAyMDQ4IE0wMjCCASIwDQYJKoZIhvcNAQEBBQADggEPADCCAQoCggEBALtDGMZa\nqHneKei1by6+pUPPLljTB143Si6VpEWPc6mSkFhZb/6qrkZyoHlQLbDYnI2D7hD0\nsdzEqfnuAjIsuXQLG3A8TvX6V3oFNBFVe8NlLJHvBseKY88saLwufxkZVwk74g4n\nWlNMXzla9Y5F3wwRHwMVH443xGz6UtGSZSqQ94eFx5X7Tlqt8whi8qCaKdZ5rNak\n+r9nUThOeClqFd4oXych//Rc7Y0eX1KNWHYSI1Nk31mYgiK3JvH063g+K9tHA63Z\neTgKgndlh+WI+zv7i44HepRZjA1FYwYZ9Vv/9UkC5Yz8/yU65fgjaE+wVHM4e/Yy\nC2osrPWE7gJ+dXMCAwEAAaOCAVowggFWMBIGA1UdEwEB/wQIMAYBAf8CAQAwDgYD\nVR0PAQH/BAQDAgGGMB0GA1UdJQQWMBQGCCsGAQUFBwMBBggrBgEFBQcDAjAdBgNV\nHQ4EFgQUwDFSzVpQw4J8dHHOy+mc+XrrguIwHwYDVR0jBBgwFoAUhBjMhTTsvAyU\nlC4IWZzHshBOCggwewYIKwYBBQUHAQEEbzBtMC8GCCsGAQUFBzABhiNodHRwOi8v\nb2NzcC5yb290Y2ExLmFtYXpvbnRydXN0LmNvbTA6BggrBgEFBQcwAoYuaHR0cDov\nL2NydC5yb290Y2ExLmFtYXpvbnRydXN0LmNvbS9yb290Y2ExLmNlcjA/BgNVHR8E\nODA2MDSgMqAwhi5odHRwOi8vY3JsLnJvb3RjYTEuYW1hem9udHJ1c3QuY29tL3Jv\nb3RjYTEuY3JsMBMGA1UdIAQMMAowCAYGZ4EMAQIBMA0GCSqGSIb3DQEBCwUAA4IB\nAQAtTi6Fs0Azfi+iwm7jrz+CSxHH+uHl7Law3MQSXVtR8RV53PtR6r/6gNpqlzdo\nZq4FKbADi1v9Bun8RY8D51uedRfjsbeodizeBB8nXmeyD33Ep7VATj4ozcd31YFV\nfgRhvTSxNrrTlNpWkUk0m3BMPv8sg381HhA6uEYokE5q9uws/3YkKqRiEz3TsaWm\nJqIRZhMbgAfp7O7FUwFIb7UIspogZSKxPIWJpxiPo3TcBambbVtQOcNRWz5qCQdD\nslI2yayq0n2TXoHyNCLEH8rpsJRVILFsg0jc7BaFrMnF462+ajSehgj12IidNeRN\n4zl+EoNaWdpnWndvSpAEkq2P\n-----END CERTIFICATE-----\n",
                "is_ca": true,
                "issuer": "CN=Amazon Root CA 1,O=Amazon,C=US",
                "not_after": "2030-08-23T22:25:30Z",
                "not_before": "2022-08-23T22:25:30Z",
                "public_key_algorithm": "RSA",
                "serial_number": "166129353110899469622597955040406457904926625",
                "sha1_fingerprint": "414a2060b738c635cc7fc243e052615592830c53",
                "signature_algorithm": "SHA256-RSA",
                "subject": "CN=Amazon RSA 2048 M02,O=Amazon,C=US",
                "version": 3
              },
              {
                "cert_pem": "-----BEGIN CERTIFICATE-----\nMIIF6zCCBNOgAwIBAgIQCW0HKsD5GyURhyXex/rJlDANBgkqhkiG9w0BAQsFADA8\nMQswCQYDVQQGEwJVUzEPMA0GA1UEChMGQW1hem9uMRwwGgYDVQQDExNBbWF6b24g\nUlNBIDIwNDggTTAyMB4XDTIzMDQxMzAwMDAwMFoXDTI0MDUxMTIzNTk1OVowKzEp\nMCcGA1UEAxMgb2lkYy5la3MudXMtZWFzdC0yLmFtYXpvbmF3cy5jb20wggEiMA0G\nCSqGSIb3DQEBAQUAA4IBDwAwggEKAoIBAQDFjpgGGZXhdQjDyOrcdG5smK5hX+5G\ngfT1SmaI+ttfDfYOl6k6SNApnXIKaYTAS6SZkbX14Ikp6/xpdiOIMZnuU08tEihb\nbmRTbBEWvRQtLSW+6QqyGdQYbkMC+S5q5hS8nnQIZXmYG0hldZIOfGE37jj/TKM9\nKisasWNxrIIsDlrmtHbeEoEOBaAOWPU/DWG8jWxbme8JNdEqnFNT76vvZIsY28AH\n8khP9vHpUSW635UgyGJNspd3u8svAN7Mv+vje8cJfaI+K+YtTrMmv49vMjpciu80\ngrjoBvBotIw1ZLsO1XFElIodcC4i2rWJ22xwJwlplFR9ud+X3xLYwSlzAgMBAAGj\nggL4MIIC9DAfBgNVHSMEGDAWgBTAMVLNWlDDgnx0cc7L6Zz5euuC4jAdBgNVHQ4E\nFgQU1DecnBH1rlrQI8PdHaTE45L5DncwKwYDVR0RBCQwIoIgb2lkYy5la3MudXMt\nZWFzdC0yLmFtYXpvbmF3cy5jb20wDgYDVR0PAQH/BAQDAgWgMB0GA1UdJQQWMBQG\nCCsGAQUFBwMBBggrBgEFBQcDAjA7BgNVHR8ENDAyMDCgLqAshipodHRwOi8vY3Js\nLnIybTAyLmFtYXpvbnRydXN0LmNvbS9yMm0wMi5jcmwwEwYDVR0gBAwwCjAIBgZn\ngQwBAgEwdQYIKwYBBQUHAQEEaTBnMC0GCCsGAQUFBzABhiFodHRwOi8vb2NzcC5y\nMm0wMi5hbWF6b250cnVzdC5jb20wNgYIKwYBBQUHMAKGKmh0dHA6Ly9jcnQucjJt\nMDIuYW1hem9udHJ1c3QuY29tL3IybTAyLmNlcjAMBgNVHRMBAf8EAjAAMIIBfQYK\nKwYBBAHWeQIEAgSCAW0EggFpAWcAdgDuzdBk1dsazsVct520zROiModGfLzs3sNR\nSFlGcR+1mwAAAYd3+NcOAAAEAwBHMEUCIQCHlY1qn7DzoNygWAqzugUh3g8dQz1K\nsP7VJmC7KhFkJQIgVhwGTwHSZiGLzOX5CzjcJpyFmyIqUyb3/+XiX3vfQlAAdgBz\n2Z6JG0yWeKAgfUed5rLGHNBRXnEZKoxrgBB6wXdytQAAAYd3+Nd1AAAEAwBHMEUC\nIFHrqAO8h/PdQOJk5qIf1akhiStvW69TTF/aJj6C0UJyAiEAuA22o6QXSrPh5rql\nVoCHsge+mKYDzwJg29+Fy6cpeKAAdQBIsONr2qZHNA/lagL6nTDrHFIBy1bdLIHZ\nu7+rOdiEcwAAAYd3+NdEAAAEAwBGMEQCIAaaInHj+uB4m5+kAMHYOt2+sJE1eZwX\nz4WxsIDzbUUEAiBOFyx457aAais5MtZjTqbykHXcG9W53sTJZL53Cy+P6zANBgkq\nhkiG9w0BAQsFAAOCAQEAN2+1CFNDLKW98g93twLkdqsVtUmJ3vXEw8owl4rjc/V+\nRuBI09tvC3MF1MVB9kT/xXWR2QZuBySV9b5+OcdKyqMVBjIWOgHXHcz4BKqJkANZ\nS09ZZoQMBsh06C3Yk5KsoBxACzE5ckYKlPiWjAwo8TAV6gmcZNictd/EkmsXyouE\nUD8sCokEMwCCpuSXcSlphq4L1DFKLrKGzADJUu0wdRkgYTMGBotGc6MKbO02nHK8\nGB7IVWYcnDGqLCNozwvm3a0UXefvEveEYPd007obW1Ey9QBeP7k7HZbVUJ9atSBq\nftsPG6h15OEALUVj6KfPperD32nSQ0ptbKVQR/9ybQ==\n-----END CERTIFICATE-----\n",
                "is_ca": false,
                "issuer": "CN=Amazon RSA 2048 M02,O=Amazon,C=US",
                "not_after": "2024-05-11T23:59:59Z",
                "not_before": "2023-04-13T00:00:00Z",
                "public_key_algorithm": "RSA",
                "serial_number": "12529157683816862830909118128615770516",
                "sha1_fingerprint": "50879ea7f7c29dd615269e559fb061b46bdd3dbe",
                "signature_algorithm": "SHA256-RSA",
                "subject": "CN=oidc.eks.us-east-2.amazonaws.com",
                "version": 3
              }
            ],
            "content": null,
            "id": "7c72bb110518075cbb071e57d125fc3aa17238d9",
            "url": "https://oidc.eks.us-east-2.amazonaws.com/id/02A0ACF69406A6D168A5C10385C69D28",
            "verify_chain": true
          },
          "sensitive_attributes": []
        }
      ]
    },
    {
      "module": "module.eks",
      "mode": "managed",
      "type": "aws_cloudwatch_log_group",
      "name": "this",
      "provider": "provider[\"registry.terraform.io/hashicorp/aws\"]",
      "instances": [
        {
          "index_key": 0,
          "schema_version": 0,
          "attributes": {
            "arn": "arn:aws:logs:us-east-2:145880140878:log-group:/aws/eks/qdrant-kubernetes/cluster",
            "id": "/aws/eks/qdrant-kubernetes/cluster",
            "kms_key_id": "",
            "name": "/aws/eks/qdrant-kubernetes/cluster",
            "name_prefix": "",
            "retention_in_days": 90,
            "skip_destroy": false,
            "tags": {
              "Name": "/aws/eks/qdrant-kubernetes/cluster"
            },
            "tags_all": {
              "Name": "/aws/eks/qdrant-kubernetes/cluster"
            }
          },
          "sensitive_attributes": [],
          "private": "bnVsbA==",
          "create_before_destroy": true
        }
      ]
    },
    {
      "module": "module.eks",
      "mode": "managed",
      "type": "aws_eks_cluster",
      "name": "this",
      "provider": "provider[\"registry.terraform.io/hashicorp/aws\"]",
      "instances": [
        {
          "index_key": 0,
          "schema_version": 0,
          "attributes": {
            "arn": "arn:aws:eks:us-east-2:145880140878:cluster/qdrant-kubernetes",
            "certificate_authority": [
              {
                "data": "LS0tLS1CRUdJTiBDRVJUSUZJQ0FURS0tLS0tCk1JSURCVENDQWUyZ0F3SUJBZ0lJUDhod1VETjJ2NFl3RFFZSktvWklodmNOQVFFTEJRQXdGVEVUTUJFR0ExVUUKQXhNS2EzVmlaWEp1WlhSbGN6QWVGdzB5TXpBNE1qRXdOVEV6TlROYUZ3MHpNekE0TVRnd05URXpOVE5hTUJVeApFekFSQmdOVkJBTVRDbXQxWW1WeWJtVjBaWE13Z2dFaU1BMEdDU3FHU0liM0RRRUJBUVVBQTRJQkR3QXdnZ0VLCkFvSUJBUURwZXBtc1ZjbkZmM2dPS3krWDlSMHhlbnhvb0RGalB0ejliUEhmdVBVNzF1bitaSTBabVVOLzIxcVgKUzJjTnNxSEd4TmdxNENrcVFQY0NsOW5PWjZPaUNCeG9UYk5ZNWNPYVBFNU1ndkVjUWpwNjh5YlErbVJBL0VINwo2YS9sSCtMd1V6dE1OOEVSUFlieTBRQ1h2QnRnTlJrcUovMnlRbk9ISTg2MW9SMXdFbytkNXBJOCszWG8wOVRtCnhLNCtZZnRqM3cvenVucHlPM1RaSTlmbVV0MExaNHNOY2xIbWREKzJMUExoMkFHTW81MjBFS3JXd1czSjFISFYKcUpHbWpxWlJwblNJRVVZSXJSb0ovSTc4c3NyaEFHb2ZIWExGT21RVzQ2QUVseDhSRC9VNFF5MDMwSS80cXF5VwpweGlab0xhZ0hWeVBub2dtRFQ1VnlBdys1VnhuQWdNQkFBR2pXVEJYTUE0R0ExVWREd0VCL3dRRUF3SUNwREFQCkJnTlZIUk1CQWY4RUJUQURBUUgvTUIwR0ExVWREZ1FXQkJTZi9leTd3VnJoR2pzeUw0SG5XTjVlcjNGV2tUQVYKQmdOVkhSRUVEakFNZ2dwcmRXSmxjbTVsZEdWek1BMEdDU3FHU0liM0RRRUJDd1VBQTRJQkFRQlBDTUFRMFdCVAowNFdDNXNOOXYvNGpGUjhRU25zTjg5Q1RSd3B0dWlSUDdGTUxwSWJrRmo0NllOWHh3RzVEckFoazN1VDdSWEFICjhRTkhPZENlNDZHck1RRE42Q09sTEFHSXFjdXRQc1ZKN01kK2tIZVl3ZUdZcEIwZGdxOTBKdDlGVjdacWNuUFgKZXIrQjdYUnRBSXRWQlh0eGlORENKeDA5c2d6MXlsbUZqOGlsUTRTMmhBdWVZY3BGZWdFR0pBK2pNUHFKQ2hBKwoxMVhkbHJUS0hycTRkRnNCUms0elBXb3IvV2daZlhvdDlhbEVHNWdKRUJhTk9UMEp0M2g4a0dqTWc5MWpvVVU5Ckd4ZDl6cGdyN05uaEZYUVlTVVpJTTArT2JUbFpPQWNpWTRhVW5jSUNXSndEWmRtV3lHeFVSaFBJb25hWHBmd00KVWhheU5TUXlueWQ3Ci0tLS0tRU5EIENFUlRJRklDQVRFLS0tLS0K"
              }
            ],
            "cluster_id": null,
            "created_at": "2023-08-21 05:09:00.453 +0000 UTC",
            "enabled_cluster_log_types": [
              "api",
              "audit",
              "authenticator"
            ],
            "encryption_config": [
              {
                "provider": [
                  {
                    "key_arn": "arn:aws:kms:us-east-2:145880140878:key/b872f25f-c591-4493-ab48-ed72d369e802"
                  }
                ],
                "resources": [
                  "secrets"
                ]
              }
            ],
            "endpoint": "https://02A0ACF69406A6D168A5C10385C69D28.gr7.us-east-2.eks.amazonaws.com",
            "id": "qdrant-kubernetes",
            "identity": [
              {
                "oidc": [
                  {
                    "issuer": "https://oidc.eks.us-east-2.amazonaws.com/id/02A0ACF69406A6D168A5C10385C69D28"
                  }
                ]
              }
            ],
            "kubernetes_network_config": [
              {
                "ip_family": "ipv4",
                "service_ipv4_cidr": "172.20.0.0/16",
                "service_ipv6_cidr": ""
              }
            ],
            "name": "qdrant-kubernetes",
            "outpost_config": [],
            "platform_version": "eks.4",
            "role_arn": "arn:aws:iam::145880140878:role/qdrant-kubernetes-cluster-20230821050835295000000002",
            "status": "ACTIVE",
            "tags": {},
            "tags_all": {},
            "timeouts": {
              "create": null,
              "delete": null,
              "update": null
            },
            "version": "1.27",
            "vpc_config": [
              {
                "cluster_security_group_id": "sg-0830b9c927ae47723",
                "endpoint_private_access": true,
                "endpoint_public_access": true,
                "public_access_cidrs": [
                  "0.0.0.0/0"
                ],
                "security_group_ids": [
                  "sg-0eb07acc9bf1a277a"
                ],
                "subnet_ids": [
                  "subnet-03d01e199d6a01283",
                  "subnet-06af0b70f492189bc",
                  "subnet-0c57fc595c0734979"
                ],
                "vpc_id": "vpc-0b968d9da5930aecd"
              }
            ]
          },
          "sensitive_attributes": [],
          "private": "eyJlMmJmYjczMC1lY2FhLTExZTYtOGY4OC0zNDM2M2JjN2M0YzAiOnsiY3JlYXRlIjoxODAwMDAwMDAwMDAwLCJkZWxldGUiOjkwMDAwMDAwMDAwMCwidXBkYXRlIjozNjAwMDAwMDAwMDAwfX0=",
          "dependencies": [
            "data.aws_availability_zones.available",
            "module.eks.aws_cloudwatch_log_group.this",
            "module.eks.aws_iam_policy.cni_ipv6_policy",
            "module.eks.aws_iam_role.this",
            "module.eks.aws_iam_role_policy_attachment.this",
            "module.eks.aws_security_group.cluster",
            "module.eks.aws_security_group.node",
            "module.eks.aws_security_group_rule.cluster",
            "module.eks.aws_security_group_rule.node",
            "module.eks.data.aws_caller_identity.current",
            "module.eks.data.aws_iam_policy_document.assume_role_policy",
            "module.eks.data.aws_iam_policy_document.cni_ipv6_policy",
            "module.eks.data.aws_iam_session_context.current",
            "module.eks.data.aws_partition.current",
            "module.eks.module.kms.aws_kms_external_key.this",
            "module.eks.module.kms.aws_kms_key.this",
            "module.eks.module.kms.data.aws_caller_identity.current",
            "module.eks.module.kms.data.aws_iam_policy_document.this",
            "module.eks.module.kms.data.aws_partition.current",
            "module.vpc.aws_subnet.private",
            "module.vpc.aws_vpc.this",
            "module.vpc.aws_vpc_ipv4_cidr_block_association.this"
          ],
          "create_before_destroy": true
        }
      ]
    },
    {
      "module": "module.eks",
      "mode": "managed",
      "type": "aws_iam_openid_connect_provider",
      "name": "oidc_provider",
      "provider": "provider[\"registry.terraform.io/hashicorp/aws\"]",
      "instances": [
        {
          "index_key": 0,
          "schema_version": 0,
          "attributes": {
            "arn": "arn:aws:iam::145880140878:oidc-provider/oidc.eks.us-east-2.amazonaws.com/id/02A0ACF69406A6D168A5C10385C69D28",
            "client_id_list": [
              "sts.amazonaws.com"
            ],
            "id": "arn:aws:iam::145880140878:oidc-provider/oidc.eks.us-east-2.amazonaws.com/id/02A0ACF69406A6D168A5C10385C69D28",
            "tags": {
              "Name": "qdrant-kubernetes-eks-irsa"
            },
            "tags_all": {
              "Name": "qdrant-kubernetes-eks-irsa"
            },
            "thumbprint_list": [
              "9e99a48a9960b14926bb7f3b02e22da2b0ab7280",
              "06b25927c42a721631c1efd9431e648fa62e1e39",
              "414a2060b738c635cc7fc243e052615592830c53",
              "50879ea7f7c29dd615269e559fb061b46bdd3dbe"
            ],
            "url": "oidc.eks.us-east-2.amazonaws.com/id/02A0ACF69406A6D168A5C10385C69D28"
          },
          "sensitive_attributes": [],
          "private": "bnVsbA==",
          "dependencies": [
            "data.aws_availability_zones.available",
            "module.eks.aws_cloudwatch_log_group.this",
            "module.eks.aws_eks_cluster.this",
            "module.eks.aws_iam_policy.cni_ipv6_policy",
            "module.eks.aws_iam_role.this",
            "module.eks.aws_iam_role_policy_attachment.this",
            "module.eks.aws_security_group.cluster",
            "module.eks.aws_security_group.node",
            "module.eks.aws_security_group_rule.cluster",
            "module.eks.aws_security_group_rule.node",
            "module.eks.data.aws_caller_identity.current",
            "module.eks.data.aws_iam_policy_document.assume_role_policy",
            "module.eks.data.aws_iam_policy_document.cni_ipv6_policy",
            "module.eks.data.aws_iam_session_context.current",
            "module.eks.data.aws_partition.current",
            "module.eks.data.tls_certificate.this",
            "module.eks.module.kms.aws_kms_external_key.this",
            "module.eks.module.kms.aws_kms_key.this",
            "module.eks.module.kms.data.aws_caller_identity.current",
            "module.eks.module.kms.data.aws_iam_policy_document.this",
            "module.eks.module.kms.data.aws_partition.current",
            "module.vpc.aws_subnet.private",
            "module.vpc.aws_vpc.this",
            "module.vpc.aws_vpc_ipv4_cidr_block_association.this"
          ]
        }
      ]
    },
    {
      "module": "module.eks",
      "mode": "managed",
      "type": "aws_iam_policy",
      "name": "cluster_encryption",
      "provider": "provider[\"registry.terraform.io/hashicorp/aws\"]",
      "instances": [
        {
          "index_key": 0,
          "schema_version": 0,
          "attributes": {
            "arn": "arn:aws:iam::145880140878:policy/qdrant-kubernetes-cluster-ClusterEncryption2023082105085457030000000f",
            "description": "Cluster encryption policy to allow cluster role to utilize CMK provided",
            "id": "arn:aws:iam::145880140878:policy/qdrant-kubernetes-cluster-ClusterEncryption2023082105085457030000000f",
            "name": "qdrant-kubernetes-cluster-ClusterEncryption2023082105085457030000000f",
            "name_prefix": "qdrant-kubernetes-cluster-ClusterEncryption",
            "path": "/",
            "policy": "{\"Statement\":[{\"Action\":[\"kms:Encrypt\",\"kms:Decrypt\",\"kms:ListGrants\",\"kms:DescribeKey\"],\"Effect\":\"Allow\",\"Resource\":\"arn:aws:kms:us-east-2:145880140878:key/b872f25f-c591-4493-ab48-ed72d369e802\"}],\"Version\":\"2012-10-17\"}",
            "policy_id": "ANPASD5ZCJRHJZAWNEUJZ",
            "tags": {},
            "tags_all": {}
          },
          "sensitive_attributes": [],
          "private": "bnVsbA==",
          "dependencies": [
            "module.eks.aws_iam_role.this",
            "module.eks.data.aws_caller_identity.current",
            "module.eks.data.aws_iam_policy_document.assume_role_policy",
            "module.eks.data.aws_iam_session_context.current",
            "module.eks.data.aws_partition.current",
            "module.eks.module.kms.aws_kms_external_key.this",
            "module.eks.module.kms.aws_kms_key.this",
            "module.eks.module.kms.data.aws_caller_identity.current",
            "module.eks.module.kms.data.aws_iam_policy_document.this",
            "module.eks.module.kms.data.aws_partition.current"
          ]
        }
      ]
    },
    {
      "module": "module.eks",
      "mode": "managed",
      "type": "aws_iam_role",
      "name": "this",
      "provider": "provider[\"registry.terraform.io/hashicorp/aws\"]",
      "instances": [
        {
          "index_key": 0,
          "schema_version": 0,
          "attributes": {
            "arn": "arn:aws:iam::145880140878:role/qdrant-kubernetes-cluster-20230821050835295000000002",
            "assume_role_policy": "{\"Statement\":[{\"Action\":\"sts:AssumeRole\",\"Effect\":\"Allow\",\"Principal\":{\"Service\":\"eks.amazonaws.com\"},\"Sid\":\"EKSClusterAssumeRole\"}],\"Version\":\"2012-10-17\"}",
            "create_date": "2023-08-21T05:08:35Z",
            "description": "",
            "force_detach_policies": true,
            "id": "qdrant-kubernetes-cluster-20230821050835295000000002",
            "inline_policy": [
              {
                "name": "qdrant-kubernetes-cluster",
                "policy": "{\"Version\":\"2012-10-17\",\"Statement\":[{\"Action\":[\"logs:CreateLogGroup\"],\"Effect\":\"Deny\",\"Resource\":\"*\"}]}"
              }
            ],
            "managed_policy_arns": [
              "arn:aws:iam::145880140878:policy/qdrant-kubernetes-cluster-ClusterEncryption2023082105085457030000000f",
              "arn:aws:iam::aws:policy/AmazonEKSClusterPolicy",
              "arn:aws:iam::aws:policy/AmazonEKSVPCResourceController"
            ],
            "max_session_duration": 3600,
            "name": "qdrant-kubernetes-cluster-20230821050835295000000002",
            "name_prefix": "qdrant-kubernetes-cluster-",
            "path": "/",
            "permissions_boundary": null,
            "tags": {},
            "tags_all": {},
            "unique_id": "AROASD5ZCJRHNBTA77SEI"
          },
          "sensitive_attributes": [],
          "private": "bnVsbA==",
          "dependencies": [
            "module.eks.data.aws_iam_policy_document.assume_role_policy",
            "module.eks.data.aws_partition.current"
          ],
          "create_before_destroy": true
        }
      ]
    },
    {
      "module": "module.eks",
      "mode": "managed",
      "type": "aws_iam_role_policy_attachment",
      "name": "cluster_encryption",
      "provider": "provider[\"registry.terraform.io/hashicorp/aws\"]",
      "instances": [
        {
          "index_key": 0,
          "schema_version": 0,
          "attributes": {
            "id": "qdrant-kubernetes-cluster-20230821050835295000000002-20230821050855119900000010",
            "policy_arn": "arn:aws:iam::145880140878:policy/qdrant-kubernetes-cluster-ClusterEncryption2023082105085457030000000f",
            "role": "qdrant-kubernetes-cluster-20230821050835295000000002"
          },
          "sensitive_attributes": [],
          "private": "bnVsbA==",
          "dependencies": [
            "module.eks.aws_iam_policy.cluster_encryption",
            "module.eks.aws_iam_role.this",
            "module.eks.data.aws_caller_identity.current",
            "module.eks.data.aws_iam_policy_document.assume_role_policy",
            "module.eks.data.aws_iam_session_context.current",
            "module.eks.data.aws_partition.current",
            "module.eks.module.kms.aws_kms_external_key.this",
            "module.eks.module.kms.aws_kms_key.this",
            "module.eks.module.kms.data.aws_caller_identity.current",
            "module.eks.module.kms.data.aws_iam_policy_document.this",
            "module.eks.module.kms.data.aws_partition.current"
          ]
        }
      ]
    },
    {
      "module": "module.eks",
      "mode": "managed",
      "type": "aws_iam_role_policy_attachment",
      "name": "this",
      "provider": "provider[\"registry.terraform.io/hashicorp/aws\"]",
      "instances": [
        {
          "index_key": "AmazonEKSClusterPolicy",
          "schema_version": 0,
          "attributes": {
            "id": "qdrant-kubernetes-cluster-20230821050835295000000002-2023082105083681720000000b",
            "policy_arn": "arn:aws:iam::aws:policy/AmazonEKSClusterPolicy",
            "role": "qdrant-kubernetes-cluster-20230821050835295000000002"
          },
          "sensitive_attributes": [],
          "private": "bnVsbA==",
          "dependencies": [
            "module.eks.aws_iam_role.this",
            "module.eks.data.aws_iam_policy_document.assume_role_policy",
            "module.eks.data.aws_partition.current"
          ],
          "create_before_destroy": true
        },
        {
          "index_key": "AmazonEKSVPCResourceController",
          "schema_version": 0,
          "attributes": {
            "id": "qdrant-kubernetes-cluster-20230821050835295000000002-2023082105083679910000000a",
            "policy_arn": "arn:aws:iam::aws:policy/AmazonEKSVPCResourceController",
            "role": "qdrant-kubernetes-cluster-20230821050835295000000002"
          },
          "sensitive_attributes": [],
          "private": "bnVsbA==",
          "dependencies": [
            "module.eks.aws_iam_role.this",
            "module.eks.data.aws_iam_policy_document.assume_role_policy",
            "module.eks.data.aws_partition.current"
          ],
          "create_before_destroy": true
        }
      ]
    },
    {
      "module": "module.eks",
      "mode": "managed",
      "type": "aws_security_group",
      "name": "cluster",
      "provider": "provider[\"registry.terraform.io/hashicorp/aws\"]",
      "instances": [
        {
          "index_key": 0,
          "schema_version": 1,
          "attributes": {
            "arn": "arn:aws:ec2:us-east-2:145880140878:security-group/sg-0eb07acc9bf1a277a",
            "description": "EKS cluster security group",
            "egress": [],
            "id": "sg-0eb07acc9bf1a277a",
            "ingress": [
              {
                "cidr_blocks": [],
                "description": "Node groups to cluster API",
                "from_port": 443,
                "ipv6_cidr_blocks": [],
                "prefix_list_ids": [],
                "protocol": "tcp",
                "security_groups": [
                  "sg-01579c62173904621"
                ],
                "self": false,
                "to_port": 443
              }
            ],
            "name": "qdrant-kubernetes-cluster-2023082105084910000000000c",
            "name_prefix": "qdrant-kubernetes-cluster-",
            "owner_id": "145880140878",
            "revoke_rules_on_delete": false,
            "tags": {
              "Name": "qdrant-kubernetes-cluster"
            },
            "tags_all": {
              "Name": "qdrant-kubernetes-cluster"
            },
            "timeouts": null,
            "vpc_id": "vpc-0b968d9da5930aecd"
          },
          "sensitive_attributes": [],
          "private": "eyJlMmJmYjczMC1lY2FhLTExZTYtOGY4OC0zNDM2M2JjN2M0YzAiOnsiY3JlYXRlIjo2MDAwMDAwMDAwMDAsImRlbGV0ZSI6OTAwMDAwMDAwMDAwfSwic2NoZW1hX3ZlcnNpb24iOiIxIn0=",
          "dependencies": [
            "module.vpc.aws_vpc.this"
          ],
          "create_before_destroy": true
        }
      ]
    },
    {
      "module": "module.eks",
      "mode": "managed",
      "type": "aws_security_group",
      "name": "node",
      "provider": "provider[\"registry.terraform.io/hashicorp/aws\"]",
      "instances": [
        {
          "index_key": 0,
          "schema_version": 1,
          "attributes": {
            "arn": "arn:aws:ec2:us-east-2:145880140878:security-group/sg-01579c62173904621",
            "description": "EKS node shared security group",
            "egress": [
              {
                "cidr_blocks": [
                  "0.0.0.0/0"
                ],
                "description": "Allow all egress",
                "from_port": 0,
                "ipv6_cidr_blocks": [],
                "prefix_list_ids": [],
                "protocol": "-1",
                "security_groups": [],
                "self": false,
                "to_port": 0
              }
            ],
            "id": "sg-01579c62173904621",
            "ingress": [
              {
                "cidr_blocks": [],
                "description": "Cluster API to node 4443/tcp webhook",
                "from_port": 4443,
                "ipv6_cidr_blocks": [],
                "prefix_list_ids": [],
                "protocol": "tcp",
                "security_groups": [
                  "sg-0eb07acc9bf1a277a"
                ],
                "self": false,
                "to_port": 4443
              },
              {
                "cidr_blocks": [],
                "description": "Cluster API to node 6443/tcp webhook",
                "from_port": 6443,
                "ipv6_cidr_blocks": [],
                "prefix_list_ids": [],
                "protocol": "tcp",
                "security_groups": [
                  "sg-0eb07acc9bf1a277a"
                ],
                "self": false,
                "to_port": 6443
              },
              {
                "cidr_blocks": [],
                "description": "Cluster API to node 8443/tcp webhook",
                "from_port": 8443,
                "ipv6_cidr_blocks": [],
                "prefix_list_ids": [],
                "protocol": "tcp",
                "security_groups": [
                  "sg-0eb07acc9bf1a277a"
                ],
                "self": false,
                "to_port": 8443
              },
              {
                "cidr_blocks": [],
                "description": "Cluster API to node 9443/tcp webhook",
                "from_port": 9443,
                "ipv6_cidr_blocks": [],
                "prefix_list_ids": [],
                "protocol": "tcp",
                "security_groups": [
                  "sg-0eb07acc9bf1a277a"
                ],
                "self": false,
                "to_port": 9443
              },
              {
                "cidr_blocks": [],
                "description": "Cluster API to node groups",
                "from_port": 443,
                "ipv6_cidr_blocks": [],
                "prefix_list_ids": [],
                "protocol": "tcp",
                "security_groups": [
                  "sg-0eb07acc9bf1a277a"
                ],
                "self": false,
                "to_port": 443
              },
              {
                "cidr_blocks": [],
                "description": "Cluster API to node kubelets",
                "from_port": 10250,
                "ipv6_cidr_blocks": [],
                "prefix_list_ids": [],
                "protocol": "tcp",
                "security_groups": [
                  "sg-0eb07acc9bf1a277a"
                ],
                "self": false,
                "to_port": 10250
              },
              {
                "cidr_blocks": [],
                "description": "Node to node CoreDNS UDP",
                "from_port": 53,
                "ipv6_cidr_blocks": [],
                "prefix_list_ids": [],
                "protocol": "udp",
                "security_groups": [],
                "self": true,
                "to_port": 53
              },
              {
                "cidr_blocks": [],
                "description": "Node to node CoreDNS",
                "from_port": 53,
                "ipv6_cidr_blocks": [],
                "prefix_list_ids": [],
                "protocol": "tcp",
                "security_groups": [],
                "self": true,
                "to_port": 53
              },
              {
                "cidr_blocks": [],
                "description": "Node to node ingress on ephemeral ports",
                "from_port": 1025,
                "ipv6_cidr_blocks": [],
                "prefix_list_ids": [],
                "protocol": "tcp",
                "security_groups": [],
                "self": true,
                "to_port": 65535
              }
            ],
            "name": "qdrant-kubernetes-node-2023082105084910020000000d",
            "name_prefix": "qdrant-kubernetes-node-",
            "owner_id": "145880140878",
            "revoke_rules_on_delete": false,
            "tags": {
              "Name": "qdrant-kubernetes-node",
              "kubernetes.io/cluster/qdrant-kubernetes": "owned"
            },
            "tags_all": {
              "Name": "qdrant-kubernetes-node",
              "kubernetes.io/cluster/qdrant-kubernetes": "owned"
            },
            "timeouts": null,
            "vpc_id": "vpc-0b968d9da5930aecd"
          },
          "sensitive_attributes": [],
          "private": "eyJlMmJmYjczMC1lY2FhLTExZTYtOGY4OC0zNDM2M2JjN2M0YzAiOnsiY3JlYXRlIjo2MDAwMDAwMDAwMDAsImRlbGV0ZSI6OTAwMDAwMDAwMDAwfSwic2NoZW1hX3ZlcnNpb24iOiIxIn0=",
          "dependencies": [
            "module.vpc.aws_vpc.this"
          ],
          "create_before_destroy": true
        }
      ]
    },
    {
      "module": "module.eks",
      "mode": "managed",
      "type": "aws_security_group_rule",
      "name": "cluster",
      "provider": "provider[\"registry.terraform.io/hashicorp/aws\"]",
      "instances": [
        {
          "index_key": "ingress_nodes_443",
          "schema_version": 2,
          "attributes": {
            "cidr_blocks": null,
            "description": "Node groups to cluster API",
            "from_port": 443,
            "id": "sgrule-4280397602",
            "ipv6_cidr_blocks": null,
            "prefix_list_ids": null,
            "protocol": "tcp",
            "security_group_id": "sg-0eb07acc9bf1a277a",
            "security_group_rule_id": "sgr-06b44683bcc5ed6fc",
            "self": false,
            "source_security_group_id": "sg-01579c62173904621",
            "timeouts": null,
            "to_port": 443,
            "type": "ingress"
          },
          "sensitive_attributes": [],
          "private": "eyJlMmJmYjczMC1lY2FhLTExZTYtOGY4OC0zNDM2M2JjN2M0YzAiOnsiY3JlYXRlIjozMDAwMDAwMDAwMDB9LCJzY2hlbWFfdmVyc2lvbiI6IjIifQ==",
          "dependencies": [
            "module.eks.aws_security_group.cluster",
            "module.eks.aws_security_group.node",
            "module.vpc.aws_vpc.this"
          ],
          "create_before_destroy": true
        }
      ]
    },
    {
      "module": "module.eks",
      "mode": "managed",
      "type": "aws_security_group_rule",
      "name": "node",
      "provider": "provider[\"registry.terraform.io/hashicorp/aws\"]",
      "instances": [
        {
          "index_key": "egress_all",
          "schema_version": 2,
          "attributes": {
            "cidr_blocks": [
              "0.0.0.0/0"
            ],
            "description": "Allow all egress",
            "from_port": 0,
            "id": "sgrule-1337279948",
            "ipv6_cidr_blocks": null,
            "prefix_list_ids": [],
            "protocol": "-1",
            "security_group_id": "sg-01579c62173904621",
            "security_group_rule_id": "sgr-0b74cdb4389a287cb",
            "self": false,
            "source_security_group_id": null,
            "timeouts": null,
            "to_port": 0,
            "type": "egress"
          },
          "sensitive_attributes": [],
          "private": "eyJlMmJmYjczMC1lY2FhLTExZTYtOGY4OC0zNDM2M2JjN2M0YzAiOnsiY3JlYXRlIjozMDAwMDAwMDAwMDB9LCJzY2hlbWFfdmVyc2lvbiI6IjIifQ==",
          "dependencies": [
            "module.eks.aws_security_group.cluster",
            "module.eks.aws_security_group.node",
            "module.vpc.aws_vpc.this"
          ],
          "create_before_destroy": true
        },
        {
          "index_key": "ingress_cluster_443",
          "schema_version": 2,
          "attributes": {
            "cidr_blocks": null,
            "description": "Cluster API to node groups",
            "from_port": 443,
            "id": "sgrule-2055766974",
            "ipv6_cidr_blocks": null,
            "prefix_list_ids": [],
            "protocol": "tcp",
            "security_group_id": "sg-01579c62173904621",
            "security_group_rule_id": "sgr-0b57b82154a2888fd",
            "self": false,
            "source_security_group_id": "sg-0eb07acc9bf1a277a",
            "timeouts": null,
            "to_port": 443,
            "type": "ingress"
          },
          "sensitive_attributes": [],
          "private": "eyJlMmJmYjczMC1lY2FhLTExZTYtOGY4OC0zNDM2M2JjN2M0YzAiOnsiY3JlYXRlIjozMDAwMDAwMDAwMDB9LCJzY2hlbWFfdmVyc2lvbiI6IjIifQ==",
          "dependencies": [
            "module.eks.aws_security_group.cluster",
            "module.eks.aws_security_group.node",
            "module.vpc.aws_vpc.this"
          ],
          "create_before_destroy": true
        },
        {
          "index_key": "ingress_cluster_4443_webhook",
          "schema_version": 2,
          "attributes": {
            "cidr_blocks": null,
            "description": "Cluster API to node 4443/tcp webhook",
            "from_port": 4443,
            "id": "sgrule-1315361843",
            "ipv6_cidr_blocks": null,
            "prefix_list_ids": [],
            "protocol": "tcp",
            "security_group_id": "sg-01579c62173904621",
            "security_group_rule_id": "sgr-039ccfd3424586241",
            "self": false,
            "source_security_group_id": "sg-0eb07acc9bf1a277a",
            "timeouts": null,
            "to_port": 4443,
            "type": "ingress"
          },
          "sensitive_attributes": [],
          "private": "eyJlMmJmYjczMC1lY2FhLTExZTYtOGY4OC0zNDM2M2JjN2M0YzAiOnsiY3JlYXRlIjozMDAwMDAwMDAwMDB9LCJzY2hlbWFfdmVyc2lvbiI6IjIifQ==",
          "dependencies": [
            "module.eks.aws_security_group.cluster",
            "module.eks.aws_security_group.node",
            "module.vpc.aws_vpc.this"
          ],
          "create_before_destroy": true
        },
        {
          "index_key": "ingress_cluster_6443_webhook",
          "schema_version": 2,
          "attributes": {
            "cidr_blocks": null,
            "description": "Cluster API to node 6443/tcp webhook",
            "from_port": 6443,
            "id": "sgrule-2267329445",
            "ipv6_cidr_blocks": null,
            "prefix_list_ids": [],
            "protocol": "tcp",
            "security_group_id": "sg-01579c62173904621",
            "security_group_rule_id": "sgr-0e919b669ef9be9a2",
            "self": false,
            "source_security_group_id": "sg-0eb07acc9bf1a277a",
            "timeouts": null,
            "to_port": 6443,
            "type": "ingress"
          },
          "sensitive_attributes": [],
          "private": "eyJlMmJmYjczMC1lY2FhLTExZTYtOGY4OC0zNDM2M2JjN2M0YzAiOnsiY3JlYXRlIjozMDAwMDAwMDAwMDB9LCJzY2hlbWFfdmVyc2lvbiI6IjIifQ==",
          "dependencies": [
            "module.eks.aws_security_group.cluster",
            "module.eks.aws_security_group.node",
            "module.vpc.aws_vpc.this"
          ],
          "create_before_destroy": true
        },
        {
          "index_key": "ingress_cluster_8443_webhook",
          "schema_version": 2,
          "attributes": {
            "cidr_blocks": null,
            "description": "Cluster API to node 8443/tcp webhook",
            "from_port": 8443,
            "id": "sgrule-2490929028",
            "ipv6_cidr_blocks": null,
            "prefix_list_ids": [],
            "protocol": "tcp",
            "security_group_id": "sg-01579c62173904621",
            "security_group_rule_id": "sgr-00e439f9629b8b3c4",
            "self": false,
            "source_security_group_id": "sg-0eb07acc9bf1a277a",
            "timeouts": null,
            "to_port": 8443,
            "type": "ingress"
          },
          "sensitive_attributes": [],
          "private": "eyJlMmJmYjczMC1lY2FhLTExZTYtOGY4OC0zNDM2M2JjN2M0YzAiOnsiY3JlYXRlIjozMDAwMDAwMDAwMDB9LCJzY2hlbWFfdmVyc2lvbiI6IjIifQ==",
          "dependencies": [
            "module.eks.aws_security_group.cluster",
            "module.eks.aws_security_group.node",
            "module.vpc.aws_vpc.this"
          ],
          "create_before_destroy": true
        },
        {
          "index_key": "ingress_cluster_9443_webhook",
          "schema_version": 2,
          "attributes": {
            "cidr_blocks": null,
            "description": "Cluster API to node 9443/tcp webhook",
            "from_port": 9443,
            "id": "sgrule-4040801359",
            "ipv6_cidr_blocks": null,
            "prefix_list_ids": [],
            "protocol": "tcp",
            "security_group_id": "sg-01579c62173904621",
            "security_group_rule_id": "sgr-0ad631ee0ae0f847a",
            "self": false,
            "source_security_group_id": "sg-0eb07acc9bf1a277a",
            "timeouts": null,
            "to_port": 9443,
            "type": "ingress"
          },
          "sensitive_attributes": [],
          "private": "eyJlMmJmYjczMC1lY2FhLTExZTYtOGY4OC0zNDM2M2JjN2M0YzAiOnsiY3JlYXRlIjozMDAwMDAwMDAwMDB9LCJzY2hlbWFfdmVyc2lvbiI6IjIifQ==",
          "dependencies": [
            "module.eks.aws_security_group.cluster",
            "module.eks.aws_security_group.node",
            "module.vpc.aws_vpc.this"
          ],
          "create_before_destroy": true
        },
        {
          "index_key": "ingress_cluster_kubelet",
          "schema_version": 2,
          "attributes": {
            "cidr_blocks": null,
            "description": "Cluster API to node kubelets",
            "from_port": 10250,
            "id": "sgrule-2384598274",
            "ipv6_cidr_blocks": null,
            "prefix_list_ids": [],
            "protocol": "tcp",
            "security_group_id": "sg-01579c62173904621",
            "security_group_rule_id": "sgr-015074325a2fa14fd",
            "self": false,
            "source_security_group_id": "sg-0eb07acc9bf1a277a",
            "timeouts": null,
            "to_port": 10250,
            "type": "ingress"
          },
          "sensitive_attributes": [],
          "private": "eyJlMmJmYjczMC1lY2FhLTExZTYtOGY4OC0zNDM2M2JjN2M0YzAiOnsiY3JlYXRlIjozMDAwMDAwMDAwMDB9LCJzY2hlbWFfdmVyc2lvbiI6IjIifQ==",
          "dependencies": [
            "module.eks.aws_security_group.cluster",
            "module.eks.aws_security_group.node",
            "module.vpc.aws_vpc.this"
          ],
          "create_before_destroy": true
        },
        {
          "index_key": "ingress_nodes_ephemeral",
          "schema_version": 2,
          "attributes": {
            "cidr_blocks": null,
            "description": "Node to node ingress on ephemeral ports",
            "from_port": 1025,
            "id": "sgrule-4016664642",
            "ipv6_cidr_blocks": null,
            "prefix_list_ids": [],
            "protocol": "tcp",
            "security_group_id": "sg-01579c62173904621",
            "security_group_rule_id": "sgr-0a733f5846f5c1829",
            "self": true,
            "source_security_group_id": null,
            "timeouts": null,
            "to_port": 65535,
            "type": "ingress"
          },
          "sensitive_attributes": [],
          "private": "eyJlMmJmYjczMC1lY2FhLTExZTYtOGY4OC0zNDM2M2JjN2M0YzAiOnsiY3JlYXRlIjozMDAwMDAwMDAwMDB9LCJzY2hlbWFfdmVyc2lvbiI6IjIifQ==",
          "dependencies": [
            "module.eks.aws_security_group.cluster",
            "module.eks.aws_security_group.node",
            "module.vpc.aws_vpc.this"
          ],
          "create_before_destroy": true
        },
        {
          "index_key": "ingress_self_coredns_tcp",
          "schema_version": 2,
          "attributes": {
            "cidr_blocks": null,
            "description": "Node to node CoreDNS",
            "from_port": 53,
            "id": "sgrule-2222602009",
            "ipv6_cidr_blocks": null,
            "prefix_list_ids": [],
            "protocol": "tcp",
            "security_group_id": "sg-01579c62173904621",
            "security_group_rule_id": "sgr-01675af24b878a22d",
            "self": true,
            "source_security_group_id": null,
            "timeouts": null,
            "to_port": 53,
            "type": "ingress"
          },
          "sensitive_attributes": [],
          "private": "eyJlMmJmYjczMC1lY2FhLTExZTYtOGY4OC0zNDM2M2JjN2M0YzAiOnsiY3JlYXRlIjozMDAwMDAwMDAwMDB9LCJzY2hlbWFfdmVyc2lvbiI6IjIifQ==",
          "dependencies": [
            "module.eks.aws_security_group.cluster",
            "module.eks.aws_security_group.node",
            "module.vpc.aws_vpc.this"
          ],
          "create_before_destroy": true
        },
        {
          "index_key": "ingress_self_coredns_udp",
          "schema_version": 2,
          "attributes": {
            "cidr_blocks": null,
            "description": "Node to node CoreDNS UDP",
            "from_port": 53,
            "id": "sgrule-539333878",
            "ipv6_cidr_blocks": null,
            "prefix_list_ids": [],
            "protocol": "udp",
            "security_group_id": "sg-01579c62173904621",
            "security_group_rule_id": "sgr-0f74a2ffcc10b47ae",
            "self": true,
            "source_security_group_id": null,
            "timeouts": null,
            "to_port": 53,
            "type": "ingress"
          },
          "sensitive_attributes": [],
          "private": "eyJlMmJmYjczMC1lY2FhLTExZTYtOGY4OC0zNDM2M2JjN2M0YzAiOnsiY3JlYXRlIjozMDAwMDAwMDAwMDB9LCJzY2hlbWFfdmVyc2lvbiI6IjIifQ==",
          "dependencies": [
            "module.eks.aws_security_group.cluster",
            "module.eks.aws_security_group.node",
            "module.vpc.aws_vpc.this"
          ],
          "create_before_destroy": true
        }
      ]
    },
    {
      "module": "module.eks",
      "mode": "managed",
      "type": "time_sleep",
      "name": "this",
      "provider": "provider[\"registry.terraform.io/hashicorp/time\"]",
      "instances": [
        {
          "index_key": 0,
          "schema_version": 0,
          "attributes": {
            "create_duration": "30s",
            "destroy_duration": null,
            "id": "2023-08-21T05:18:03Z",
            "triggers": {
              "cluster_certificate_authority_data": "LS0tLS1CRUdJTiBDRVJUSUZJQ0FURS0tLS0tCk1JSURCVENDQWUyZ0F3SUJBZ0lJUDhod1VETjJ2NFl3RFFZSktvWklodmNOQVFFTEJRQXdGVEVUTUJFR0ExVUUKQXhNS2EzVmlaWEp1WlhSbGN6QWVGdzB5TXpBNE1qRXdOVEV6TlROYUZ3MHpNekE0TVRnd05URXpOVE5hTUJVeApFekFSQmdOVkJBTVRDbXQxWW1WeWJtVjBaWE13Z2dFaU1BMEdDU3FHU0liM0RRRUJBUVVBQTRJQkR3QXdnZ0VLCkFvSUJBUURwZXBtc1ZjbkZmM2dPS3krWDlSMHhlbnhvb0RGalB0ejliUEhmdVBVNzF1bitaSTBabVVOLzIxcVgKUzJjTnNxSEd4TmdxNENrcVFQY0NsOW5PWjZPaUNCeG9UYk5ZNWNPYVBFNU1ndkVjUWpwNjh5YlErbVJBL0VINwo2YS9sSCtMd1V6dE1OOEVSUFlieTBRQ1h2QnRnTlJrcUovMnlRbk9ISTg2MW9SMXdFbytkNXBJOCszWG8wOVRtCnhLNCtZZnRqM3cvenVucHlPM1RaSTlmbVV0MExaNHNOY2xIbWREKzJMUExoMkFHTW81MjBFS3JXd1czSjFISFYKcUpHbWpxWlJwblNJRVVZSXJSb0ovSTc4c3NyaEFHb2ZIWExGT21RVzQ2QUVseDhSRC9VNFF5MDMwSS80cXF5VwpweGlab0xhZ0hWeVBub2dtRFQ1VnlBdys1VnhuQWdNQkFBR2pXVEJYTUE0R0ExVWREd0VCL3dRRUF3SUNwREFQCkJnTlZIUk1CQWY4RUJUQURBUUgvTUIwR0ExVWREZ1FXQkJTZi9leTd3VnJoR2pzeUw0SG5XTjVlcjNGV2tUQVYKQmdOVkhSRUVEakFNZ2dwcmRXSmxjbTVsZEdWek1BMEdDU3FHU0liM0RRRUJDd1VBQTRJQkFRQlBDTUFRMFdCVAowNFdDNXNOOXYvNGpGUjhRU25zTjg5Q1RSd3B0dWlSUDdGTUxwSWJrRmo0NllOWHh3RzVEckFoazN1VDdSWEFICjhRTkhPZENlNDZHck1RRE42Q09sTEFHSXFjdXRQc1ZKN01kK2tIZVl3ZUdZcEIwZGdxOTBKdDlGVjdacWNuUFgKZXIrQjdYUnRBSXRWQlh0eGlORENKeDA5c2d6MXlsbUZqOGlsUTRTMmhBdWVZY3BGZWdFR0pBK2pNUHFKQ2hBKwoxMVhkbHJUS0hycTRkRnNCUms0elBXb3IvV2daZlhvdDlhbEVHNWdKRUJhTk9UMEp0M2g4a0dqTWc5MWpvVVU5Ckd4ZDl6cGdyN05uaEZYUVlTVVpJTTArT2JUbFpPQWNpWTRhVW5jSUNXSndEWmRtV3lHeFVSaFBJb25hWHBmd00KVWhheU5TUXlueWQ3Ci0tLS0tRU5EIENFUlRJRklDQVRFLS0tLS0K",
              "cluster_endpoint": "https://02A0ACF69406A6D168A5C10385C69D28.gr7.us-east-2.eks.amazonaws.com",
              "cluster_name": "qdrant-kubernetes",
              "cluster_version": "1.27"
            }
          },
          "sensitive_attributes": [],
          "dependencies": [
            "data.aws_availability_zones.available",
            "module.eks.aws_cloudwatch_log_group.this",
            "module.eks.aws_eks_cluster.this",
            "module.eks.aws_iam_policy.cni_ipv6_policy",
            "module.eks.aws_iam_role.this",
            "module.eks.aws_iam_role_policy_attachment.this",
            "module.eks.aws_security_group.cluster",
            "module.eks.aws_security_group.node",
            "module.eks.aws_security_group_rule.cluster",
            "module.eks.aws_security_group_rule.node",
            "module.eks.data.aws_caller_identity.current",
            "module.eks.data.aws_iam_policy_document.assume_role_policy",
            "module.eks.data.aws_iam_policy_document.cni_ipv6_policy",
            "module.eks.data.aws_iam_session_context.current",
            "module.eks.data.aws_partition.current",
            "module.eks.module.kms.aws_kms_external_key.this",
            "module.eks.module.kms.aws_kms_key.this",
            "module.eks.module.kms.data.aws_caller_identity.current",
            "module.eks.module.kms.data.aws_iam_policy_document.this",
            "module.eks.module.kms.data.aws_partition.current",
            "module.vpc.aws_subnet.private",
            "module.vpc.aws_vpc.this",
            "module.vpc.aws_vpc_ipv4_cidr_block_association.this"
          ],
          "create_before_destroy": true
        }
      ]
    },
    {
      "module": "module.eks.module.eks_managed_node_group[\"one\"]",
      "mode": "data",
      "type": "aws_caller_identity",
      "name": "current",
      "provider": "provider[\"registry.terraform.io/hashicorp/aws\"]",
      "instances": [
        {
          "schema_version": 0,
          "attributes": {
            "account_id": "145880140878",
            "arn": "arn:aws:iam::145880140878:user/andrew-link",
            "id": "145880140878",
            "user_id": "AIDASD5ZCJRHDJEOTUKZF"
          },
          "sensitive_attributes": []
        }
      ]
    },
    {
      "module": "module.eks.module.eks_managed_node_group[\"one\"]",
      "mode": "data",
      "type": "aws_iam_policy_document",
      "name": "assume_role_policy",
      "provider": "provider[\"registry.terraform.io/hashicorp/aws\"]",
      "instances": [
        {
          "index_key": 0,
          "schema_version": 0,
          "attributes": {
            "id": "2560088296",
            "json": "{\n  \"Version\": \"2012-10-17\",\n  \"Statement\": [\n    {\n      \"Sid\": \"EKSNodeAssumeRole\",\n      \"Effect\": \"Allow\",\n      \"Action\": \"sts:AssumeRole\",\n      \"Principal\": {\n        \"Service\": \"ec2.amazonaws.com\"\n      }\n    }\n  ]\n}",
            "override_policy_documents": null,
            "policy_id": null,
            "source_policy_documents": null,
            "statement": [
              {
                "actions": [
                  "sts:AssumeRole"
                ],
                "condition": [],
                "effect": "Allow",
                "not_actions": [],
                "not_principals": [],
                "not_resources": [],
                "principals": [
                  {
                    "identifiers": [
                      "ec2.amazonaws.com"
                    ],
                    "type": "Service"
                  }
                ],
                "resources": [],
                "sid": "EKSNodeAssumeRole"
              }
            ],
            "version": "2012-10-17"
          },
          "sensitive_attributes": []
        }
      ]
    },
    {
      "module": "module.eks.module.eks_managed_node_group[\"one\"]",
      "mode": "data",
      "type": "aws_partition",
      "name": "current",
      "provider": "provider[\"registry.terraform.io/hashicorp/aws\"]",
      "instances": [
        {
          "schema_version": 0,
          "attributes": {
            "dns_suffix": "amazonaws.com",
            "id": "aws",
            "partition": "aws",
            "reverse_dns_prefix": "com.amazonaws"
          },
          "sensitive_attributes": []
        }
      ]
    },
    {
      "module": "module.eks.module.eks_managed_node_group[\"one\"]",
      "mode": "managed",
      "type": "aws_eks_node_group",
      "name": "this",
      "provider": "provider[\"registry.terraform.io/hashicorp/aws\"]",
      "instances": [
        {
          "index_key": 0,
          "schema_version": 0,
          "attributes": {
            "ami_type": "AL2_x86_64",
            "arn": "arn:aws:eks:us-east-2:145880140878:nodegroup/qdrant-kubernetes/node-group-1-20230821051804718800000017/dcc50b43-af02-718e-9c58-4948d9bd45a9",
            "capacity_type": "ON_DEMAND",
            "cluster_name": "qdrant-kubernetes",
            "disk_size": 0,
            "force_update_version": null,
            "id": "qdrant-kubernetes:node-group-1-20230821051804718800000017",
            "instance_types": [
              "t3.small"
            ],
            "labels": {},
            "launch_template": [
              {
                "id": "lt-086ae13f36fd57a64",
                "name": "one-20230821051803897100000013",
                "version": "1"
              }
            ],
            "node_group_name": "node-group-1-20230821051804718800000017",
            "node_group_name_prefix": "node-group-1-",
            "node_role_arn": "arn:aws:iam::145880140878:role/node-group-1-eks-node-group-20230821050835294800000001",
            "release_version": "1.27.3-20230816",
            "remote_access": [],
            "resources": [
              {
                "autoscaling_groups": [
                  {
                    "name": "eks-node-group-1-20230821051804718800000017-dcc50b43-af02-718e-9c58-4948d9bd45a9"
                  }
                ],
                "remote_access_security_group_id": ""
              }
            ],
            "scaling_config": [
              {
                "desired_size": 2,
                "max_size": 3,
                "min_size": 1
              }
            ],
            "status": "ACTIVE",
            "subnet_ids": [
              "subnet-03d01e199d6a01283",
              "subnet-06af0b70f492189bc",
              "subnet-0c57fc595c0734979"
            ],
            "tags": {
              "Name": "node-group-1"
            },
            "tags_all": {
              "Name": "node-group-1"
            },
            "taint": [],
            "timeouts": {
              "create": null,
              "delete": null,
              "update": null
            },
            "update_config": [
              {
                "max_unavailable": 0,
                "max_unavailable_percentage": 33
              }
            ],
            "version": "1.27"
          },
          "sensitive_attributes": [],
          "private": "eyJlMmJmYjczMC1lY2FhLTExZTYtOGY4OC0zNDM2M2JjN2M0YzAiOnsiY3JlYXRlIjozNjAwMDAwMDAwMDAwLCJkZWxldGUiOjM2MDAwMDAwMDAwMDAsInVwZGF0ZSI6MzYwMDAwMDAwMDAwMH19",
          "dependencies": [
            "data.aws_availability_zones.available",
            "module.eks.aws_cloudwatch_log_group.this",
            "module.eks.aws_eks_cluster.this",
            "module.eks.aws_iam_policy.cni_ipv6_policy",
            "module.eks.aws_iam_role.this",
            "module.eks.aws_iam_role_policy_attachment.this",
            "module.eks.aws_security_group.cluster",
            "module.eks.aws_security_group.node",
            "module.eks.aws_security_group_rule.cluster",
            "module.eks.aws_security_group_rule.node",
            "module.eks.data.aws_caller_identity.current",
            "module.eks.data.aws_iam_policy_document.assume_role_policy",
            "module.eks.data.aws_iam_policy_document.cni_ipv6_policy",
            "module.eks.data.aws_iam_session_context.current",
            "module.eks.data.aws_partition.current",
            "module.eks.module.eks_managed_node_group.aws_iam_role.this",
            "module.eks.module.eks_managed_node_group.aws_iam_role_policy_attachment.this",
            "module.eks.module.eks_managed_node_group.aws_launch_template.this",
            "module.eks.module.eks_managed_node_group.data.aws_caller_identity.current",
            "module.eks.module.eks_managed_node_group.data.aws_iam_policy_document.assume_role_policy",
            "module.eks.module.eks_managed_node_group.data.aws_partition.current",
            "module.eks.module.eks_managed_node_group.module.user_data.data.cloudinit_config.linux_eks_managed_node_group",
            "module.eks.module.kms.aws_kms_external_key.this",
            "module.eks.module.kms.aws_kms_key.this",
            "module.eks.module.kms.data.aws_caller_identity.current",
            "module.eks.module.kms.data.aws_iam_policy_document.this",
            "module.eks.module.kms.data.aws_partition.current",
            "module.eks.time_sleep.this",
            "module.vpc.aws_subnet.private",
            "module.vpc.aws_vpc.this",
            "module.vpc.aws_vpc_ipv4_cidr_block_association.this"
          ],
          "create_before_destroy": true
        }
      ]
    },
    {
      "module": "module.eks.module.eks_managed_node_group[\"one\"]",
      "mode": "managed",
      "type": "aws_iam_role",
      "name": "this",
      "provider": "provider[\"registry.terraform.io/hashicorp/aws\"]",
      "instances": [
        {
          "index_key": 0,
          "schema_version": 0,
          "attributes": {
            "arn": "arn:aws:iam::145880140878:role/node-group-1-eks-node-group-20230821050835294800000001",
            "assume_role_policy": "{\"Statement\":[{\"Action\":\"sts:AssumeRole\",\"Effect\":\"Allow\",\"Principal\":{\"Service\":\"ec2.amazonaws.com\"},\"Sid\":\"EKSNodeAssumeRole\"}],\"Version\":\"2012-10-17\"}",
            "create_date": "2023-08-21T05:08:35Z",
            "description": "EKS managed node group IAM role",
            "force_detach_policies": true,
            "id": "node-group-1-eks-node-group-20230821050835294800000001",
            "inline_policy": [],
            "managed_policy_arns": [
              "arn:aws:iam::aws:policy/AmazonEC2ContainerRegistryReadOnly",
              "arn:aws:iam::aws:policy/AmazonEKSWorkerNodePolicy",
              "arn:aws:iam::aws:policy/AmazonEKS_CNI_Policy"
            ],
            "max_session_duration": 3600,
            "name": "node-group-1-eks-node-group-20230821050835294800000001",
            "name_prefix": "node-group-1-eks-node-group-",
            "path": "/",
            "permissions_boundary": null,
            "tags": {},
            "tags_all": {},
            "unique_id": "AROASD5ZCJRHPMWEH4ZKB"
          },
          "sensitive_attributes": [],
          "private": "bnVsbA==",
          "dependencies": [
            "module.eks.module.eks_managed_node_group.data.aws_iam_policy_document.assume_role_policy",
            "module.eks.module.eks_managed_node_group.data.aws_partition.current"
          ],
          "create_before_destroy": true
        }
      ]
    },
    {
      "module": "module.eks.module.eks_managed_node_group[\"one\"]",
      "mode": "managed",
      "type": "aws_iam_role_policy_attachment",
      "name": "this",
      "provider": "provider[\"registry.terraform.io/hashicorp/aws\"]",
      "instances": [
        {
          "index_key": "arn:aws:iam::aws:policy/AmazonEC2ContainerRegistryReadOnly",
          "schema_version": 0,
          "attributes": {
            "id": "node-group-1-eks-node-group-20230821050835294800000001-20230821050836333800000005",
            "policy_arn": "arn:aws:iam::aws:policy/AmazonEC2ContainerRegistryReadOnly",
            "role": "node-group-1-eks-node-group-20230821050835294800000001"
          },
          "sensitive_attributes": [],
          "private": "bnVsbA==",
          "dependencies": [
            "module.eks.module.eks_managed_node_group.aws_iam_role.this",
            "module.eks.module.eks_managed_node_group.data.aws_caller_identity.current",
            "module.eks.module.eks_managed_node_group.data.aws_iam_policy_document.assume_role_policy",
            "module.eks.module.eks_managed_node_group.data.aws_partition.current"
          ],
          "create_before_destroy": true
        },
        {
          "index_key": "arn:aws:iam::aws:policy/AmazonEKSWorkerNodePolicy",
          "schema_version": 0,
          "attributes": {
            "id": "node-group-1-eks-node-group-20230821050835294800000001-20230821050836493300000009",
            "policy_arn": "arn:aws:iam::aws:policy/AmazonEKSWorkerNodePolicy",
            "role": "node-group-1-eks-node-group-20230821050835294800000001"
          },
          "sensitive_attributes": [],
          "private": "bnVsbA==",
          "dependencies": [
            "module.eks.module.eks_managed_node_group.aws_iam_role.this",
            "module.eks.module.eks_managed_node_group.data.aws_caller_identity.current",
            "module.eks.module.eks_managed_node_group.data.aws_iam_policy_document.assume_role_policy",
            "module.eks.module.eks_managed_node_group.data.aws_partition.current"
          ],
          "create_before_destroy": true
        },
        {
          "index_key": "arn:aws:iam::aws:policy/AmazonEKS_CNI_Policy",
          "schema_version": 0,
          "attributes": {
            "id": "node-group-1-eks-node-group-20230821050835294800000001-20230821050836357000000006",
            "policy_arn": "arn:aws:iam::aws:policy/AmazonEKS_CNI_Policy",
            "role": "node-group-1-eks-node-group-20230821050835294800000001"
          },
          "sensitive_attributes": [],
          "private": "bnVsbA==",
          "dependencies": [
            "module.eks.module.eks_managed_node_group.aws_iam_role.this",
            "module.eks.module.eks_managed_node_group.data.aws_caller_identity.current",
            "module.eks.module.eks_managed_node_group.data.aws_iam_policy_document.assume_role_policy",
            "module.eks.module.eks_managed_node_group.data.aws_partition.current"
          ],
          "create_before_destroy": true
        }
      ]
    },
    {
      "module": "module.eks.module.eks_managed_node_group[\"one\"]",
      "mode": "managed",
      "type": "aws_launch_template",
      "name": "this",
      "provider": "provider[\"registry.terraform.io/hashicorp/aws\"]",
      "instances": [
        {
          "index_key": 0,
          "schema_version": 0,
          "attributes": {
            "arn": "arn:aws:ec2:us-east-2::launch-template/lt-086ae13f36fd57a64",
            "block_device_mappings": [],
            "capacity_reservation_specification": [],
            "cpu_options": [],
            "credit_specification": [],
            "default_version": 1,
            "description": "Custom launch template for node-group-1 EKS managed node group",
            "disable_api_stop": false,
            "disable_api_termination": false,
            "ebs_optimized": "",
            "elastic_gpu_specifications": [],
            "elastic_inference_accelerator": [],
            "enclave_options": [],
            "hibernation_options": [],
            "iam_instance_profile": [],
            "id": "lt-086ae13f36fd57a64",
            "image_id": "",
            "instance_initiated_shutdown_behavior": "",
            "instance_market_options": [],
            "instance_requirements": [],
            "instance_type": "",
            "kernel_id": "",
            "key_name": "",
            "latest_version": 1,
            "license_specification": [],
            "maintenance_options": [],
            "metadata_options": [
              {
                "http_endpoint": "enabled",
                "http_protocol_ipv6": "",
                "http_put_response_hop_limit": 2,
                "http_tokens": "required",
                "instance_metadata_tags": ""
              }
            ],
            "monitoring": [
              {
                "enabled": true
              }
            ],
            "name": "one-20230821051803897100000013",
            "name_prefix": "one-",
            "network_interfaces": [],
            "placement": [],
            "private_dns_name_options": [],
            "ram_disk_id": "",
            "security_group_names": [],
            "tag_specifications": [
              {
                "resource_type": "instance",
                "tags": {
                  "Name": "node-group-1"
                }
              },
              {
                "resource_type": "network-interface",
                "tags": {
                  "Name": "node-group-1"
                }
              },
              {
                "resource_type": "volume",
                "tags": {
                  "Name": "node-group-1"
                }
              }
            ],
            "tags": {},
            "tags_all": {},
            "update_default_version": true,
            "user_data": "",
            "vpc_security_group_ids": [
              "sg-01579c62173904621"
            ]
          },
          "sensitive_attributes": [],
          "private": "bnVsbA==",
          "dependencies": [
            "data.aws_availability_zones.available",
            "module.eks.aws_cloudwatch_log_group.this",
            "module.eks.aws_eks_cluster.this",
            "module.eks.aws_iam_policy.cni_ipv6_policy",
            "module.eks.aws_iam_role.this",
            "module.eks.aws_iam_role_policy_attachment.this",
            "module.eks.aws_security_group.cluster",
            "module.eks.aws_security_group.node",
            "module.eks.aws_security_group_rule.cluster",
            "module.eks.aws_security_group_rule.node",
            "module.eks.data.aws_caller_identity.current",
            "module.eks.data.aws_iam_policy_document.assume_role_policy",
            "module.eks.data.aws_iam_policy_document.cni_ipv6_policy",
            "module.eks.data.aws_iam_session_context.current",
            "module.eks.data.aws_partition.current",
            "module.eks.module.eks_managed_node_group.aws_iam_role.this",
            "module.eks.module.eks_managed_node_group.aws_iam_role_policy_attachment.this",
            "module.eks.module.eks_managed_node_group.data.aws_caller_identity.current",
            "module.eks.module.eks_managed_node_group.data.aws_iam_policy_document.assume_role_policy",
            "module.eks.module.eks_managed_node_group.data.aws_partition.current",
            "module.eks.module.eks_managed_node_group.module.user_data.data.cloudinit_config.linux_eks_managed_node_group",
            "module.eks.module.kms.aws_kms_external_key.this",
            "module.eks.module.kms.aws_kms_key.this",
            "module.eks.module.kms.data.aws_caller_identity.current",
            "module.eks.module.kms.data.aws_iam_policy_document.this",
            "module.eks.module.kms.data.aws_partition.current",
            "module.eks.time_sleep.this",
            "module.vpc.aws_subnet.private",
            "module.vpc.aws_vpc.this",
            "module.vpc.aws_vpc_ipv4_cidr_block_association.this"
          ],
          "create_before_destroy": true
        }
      ]
    },
    {
      "module": "module.eks.module.eks_managed_node_group[\"two\"]",
      "mode": "data",
      "type": "aws_caller_identity",
      "name": "current",
      "provider": "provider[\"registry.terraform.io/hashicorp/aws\"]",
      "instances": [
        {
          "schema_version": 0,
          "attributes": {
            "account_id": "145880140878",
            "arn": "arn:aws:iam::145880140878:user/andrew-link",
            "id": "145880140878",
            "user_id": "AIDASD5ZCJRHDJEOTUKZF"
          },
          "sensitive_attributes": []
        }
      ]
    },
    {
      "module": "module.eks.module.eks_managed_node_group[\"two\"]",
      "mode": "data",
      "type": "aws_iam_policy_document",
      "name": "assume_role_policy",
      "provider": "provider[\"registry.terraform.io/hashicorp/aws\"]",
      "instances": [
        {
          "index_key": 0,
          "schema_version": 0,
          "attributes": {
            "id": "2560088296",
            "json": "{\n  \"Version\": \"2012-10-17\",\n  \"Statement\": [\n    {\n      \"Sid\": \"EKSNodeAssumeRole\",\n      \"Effect\": \"Allow\",\n      \"Action\": \"sts:AssumeRole\",\n      \"Principal\": {\n        \"Service\": \"ec2.amazonaws.com\"\n      }\n    }\n  ]\n}",
            "override_policy_documents": null,
            "policy_id": null,
            "source_policy_documents": null,
            "statement": [
              {
                "actions": [
                  "sts:AssumeRole"
                ],
                "condition": [],
                "effect": "Allow",
                "not_actions": [],
                "not_principals": [],
                "not_resources": [],
                "principals": [
                  {
                    "identifiers": [
                      "ec2.amazonaws.com"
                    ],
                    "type": "Service"
                  }
                ],
                "resources": [],
                "sid": "EKSNodeAssumeRole"
              }
            ],
            "version": "2012-10-17"
          },
          "sensitive_attributes": []
        }
      ]
    },
    {
      "module": "module.eks.module.eks_managed_node_group[\"two\"]",
      "mode": "data",
      "type": "aws_partition",
      "name": "current",
      "provider": "provider[\"registry.terraform.io/hashicorp/aws\"]",
      "instances": [
        {
          "schema_version": 0,
          "attributes": {
            "dns_suffix": "amazonaws.com",
            "id": "aws",
            "partition": "aws",
            "reverse_dns_prefix": "com.amazonaws"
          },
          "sensitive_attributes": []
        }
      ]
    },
    {
      "module": "module.eks.module.eks_managed_node_group[\"two\"]",
      "mode": "managed",
      "type": "aws_eks_node_group",
      "name": "this",
      "provider": "provider[\"registry.terraform.io/hashicorp/aws\"]",
      "instances": [
        {
          "index_key": 0,
          "schema_version": 0,
          "attributes": {
            "ami_type": "AL2_x86_64",
            "arn": "arn:aws:eks:us-east-2:145880140878:nodegroup/qdrant-kubernetes/node-group-2-20230821051804718900000019/acc50b43-af03-5d51-8c9a-a708e839a541",
            "capacity_type": "ON_DEMAND",
            "cluster_name": "qdrant-kubernetes",
            "disk_size": 0,
            "force_update_version": null,
            "id": "qdrant-kubernetes:node-group-2-20230821051804718900000019",
            "instance_types": [
              "t3.small"
            ],
            "labels": {},
            "launch_template": [
              {
                "id": "lt-04b9ae1a35f48ec5c",
                "name": "two-20230821051803897100000015",
                "version": "1"
              }
            ],
            "node_group_name": "node-group-2-20230821051804718900000019",
            "node_group_name_prefix": "node-group-2-",
            "node_role_arn": "arn:aws:iam::145880140878:role/node-group-2-eks-node-group-20230821050835295000000003",
            "release_version": "1.27.3-20230816",
            "remote_access": [],
            "resources": [
              {
                "autoscaling_groups": [
                  {
                    "name": "eks-node-group-2-20230821051804718900000019-acc50b43-af03-5d51-8c9a-a708e839a541"
                  }
                ],
                "remote_access_security_group_id": ""
              }
            ],
            "scaling_config": [
              {
                "desired_size": 1,
                "max_size": 2,
                "min_size": 1
              }
            ],
            "status": "ACTIVE",
            "subnet_ids": [
              "subnet-03d01e199d6a01283",
              "subnet-06af0b70f492189bc",
              "subnet-0c57fc595c0734979"
            ],
            "tags": {
              "Name": "node-group-2"
            },
            "tags_all": {
              "Name": "node-group-2"
            },
            "taint": [],
            "timeouts": {
              "create": null,
              "delete": null,
              "update": null
            },
            "update_config": [
              {
                "max_unavailable": 0,
                "max_unavailable_percentage": 33
              }
            ],
            "version": "1.27"
          },
          "sensitive_attributes": [],
          "private": "eyJlMmJmYjczMC1lY2FhLTExZTYtOGY4OC0zNDM2M2JjN2M0YzAiOnsiY3JlYXRlIjozNjAwMDAwMDAwMDAwLCJkZWxldGUiOjM2MDAwMDAwMDAwMDAsInVwZGF0ZSI6MzYwMDAwMDAwMDAwMH19",
          "dependencies": [
            "data.aws_availability_zones.available",
            "module.eks.aws_cloudwatch_log_group.this",
            "module.eks.aws_eks_cluster.this",
            "module.eks.aws_iam_policy.cni_ipv6_policy",
            "module.eks.aws_iam_role.this",
            "module.eks.aws_iam_role_policy_attachment.this",
            "module.eks.aws_security_group.cluster",
            "module.eks.aws_security_group.node",
            "module.eks.aws_security_group_rule.cluster",
            "module.eks.aws_security_group_rule.node",
            "module.eks.data.aws_caller_identity.current",
            "module.eks.data.aws_iam_policy_document.assume_role_policy",
            "module.eks.data.aws_iam_policy_document.cni_ipv6_policy",
            "module.eks.data.aws_iam_session_context.current",
            "module.eks.data.aws_partition.current",
            "module.eks.module.eks_managed_node_group.aws_iam_role.this",
            "module.eks.module.eks_managed_node_group.aws_iam_role_policy_attachment.this",
            "module.eks.module.eks_managed_node_group.aws_launch_template.this",
            "module.eks.module.eks_managed_node_group.data.aws_caller_identity.current",
            "module.eks.module.eks_managed_node_group.data.aws_iam_policy_document.assume_role_policy",
            "module.eks.module.eks_managed_node_group.data.aws_partition.current",
            "module.eks.module.eks_managed_node_group.module.user_data.data.cloudinit_config.linux_eks_managed_node_group",
            "module.eks.module.kms.aws_kms_external_key.this",
            "module.eks.module.kms.aws_kms_key.this",
            "module.eks.module.kms.data.aws_caller_identity.current",
            "module.eks.module.kms.data.aws_iam_policy_document.this",
            "module.eks.module.kms.data.aws_partition.current",
            "module.eks.time_sleep.this",
            "module.vpc.aws_subnet.private",
            "module.vpc.aws_vpc.this",
            "module.vpc.aws_vpc_ipv4_cidr_block_association.this"
          ],
          "create_before_destroy": true
        }
      ]
    },
    {
      "module": "module.eks.module.eks_managed_node_group[\"two\"]",
      "mode": "managed",
      "type": "aws_iam_role",
      "name": "this",
      "provider": "provider[\"registry.terraform.io/hashicorp/aws\"]",
      "instances": [
        {
          "index_key": 0,
          "schema_version": 0,
          "attributes": {
            "arn": "arn:aws:iam::145880140878:role/node-group-2-eks-node-group-20230821050835295000000003",
            "assume_role_policy": "{\"Statement\":[{\"Action\":\"sts:AssumeRole\",\"Effect\":\"Allow\",\"Principal\":{\"Service\":\"ec2.amazonaws.com\"},\"Sid\":\"EKSNodeAssumeRole\"}],\"Version\":\"2012-10-17\"}",
            "create_date": "2023-08-21T05:08:35Z",
            "description": "EKS managed node group IAM role",
            "force_detach_policies": true,
            "id": "node-group-2-eks-node-group-20230821050835295000000003",
            "inline_policy": [],
            "managed_policy_arns": [
              "arn:aws:iam::aws:policy/AmazonEC2ContainerRegistryReadOnly",
              "arn:aws:iam::aws:policy/AmazonEKSWorkerNodePolicy",
              "arn:aws:iam::aws:policy/AmazonEKS_CNI_Policy"
            ],
            "max_session_duration": 3600,
            "name": "node-group-2-eks-node-group-20230821050835295000000003",
            "name_prefix": "node-group-2-eks-node-group-",
            "path": "/",
            "permissions_boundary": null,
            "tags": {},
            "tags_all": {},
            "unique_id": "AROASD5ZCJRHG5U5O7QX7"
          },
          "sensitive_attributes": [],
          "private": "bnVsbA==",
          "dependencies": [
            "module.eks.module.eks_managed_node_group.data.aws_iam_policy_document.assume_role_policy",
            "module.eks.module.eks_managed_node_group.data.aws_partition.current"
          ],
          "create_before_destroy": true
        }
      ]
    },
    {
      "module": "module.eks.module.eks_managed_node_group[\"two\"]",
      "mode": "managed",
      "type": "aws_iam_role_policy_attachment",
      "name": "this",
      "provider": "provider[\"registry.terraform.io/hashicorp/aws\"]",
      "instances": [
        {
          "index_key": "arn:aws:iam::aws:policy/AmazonEC2ContainerRegistryReadOnly",
          "schema_version": 0,
          "attributes": {
            "id": "node-group-2-eks-node-group-20230821050835295000000003-20230821050836420600000007",
            "policy_arn": "arn:aws:iam::aws:policy/AmazonEC2ContainerRegistryReadOnly",
            "role": "node-group-2-eks-node-group-20230821050835295000000003"
          },
          "sensitive_attributes": [],
          "private": "bnVsbA==",
          "dependencies": [
            "module.eks.module.eks_managed_node_group.aws_iam_role.this",
            "module.eks.module.eks_managed_node_group.data.aws_caller_identity.current",
            "module.eks.module.eks_managed_node_group.data.aws_iam_policy_document.assume_role_policy",
            "module.eks.module.eks_managed_node_group.data.aws_partition.current"
          ],
          "create_before_destroy": true
        },
        {
          "index_key": "arn:aws:iam::aws:policy/AmazonEKSWorkerNodePolicy",
          "schema_version": 0,
          "attributes": {
            "id": "node-group-2-eks-node-group-20230821050835295000000003-20230821050836272900000004",
            "policy_arn": "arn:aws:iam::aws:policy/AmazonEKSWorkerNodePolicy",
            "role": "node-group-2-eks-node-group-20230821050835295000000003"
          },
          "sensitive_attributes": [],
          "private": "bnVsbA==",
          "dependencies": [
            "module.eks.module.eks_managed_node_group.aws_iam_role.this",
            "module.eks.module.eks_managed_node_group.data.aws_caller_identity.current",
            "module.eks.module.eks_managed_node_group.data.aws_iam_policy_document.assume_role_policy",
            "module.eks.module.eks_managed_node_group.data.aws_partition.current"
          ],
          "create_before_destroy": true
        },
        {
          "index_key": "arn:aws:iam::aws:policy/AmazonEKS_CNI_Policy",
          "schema_version": 0,
          "attributes": {
            "id": "node-group-2-eks-node-group-20230821050835295000000003-20230821050836475500000008",
            "policy_arn": "arn:aws:iam::aws:policy/AmazonEKS_CNI_Policy",
            "role": "node-group-2-eks-node-group-20230821050835295000000003"
          },
          "sensitive_attributes": [],
          "private": "bnVsbA==",
          "dependencies": [
            "module.eks.module.eks_managed_node_group.aws_iam_role.this",
            "module.eks.module.eks_managed_node_group.data.aws_caller_identity.current",
            "module.eks.module.eks_managed_node_group.data.aws_iam_policy_document.assume_role_policy",
            "module.eks.module.eks_managed_node_group.data.aws_partition.current"
          ],
          "create_before_destroy": true
        }
      ]
    },
    {
      "module": "module.eks.module.eks_managed_node_group[\"two\"]",
      "mode": "managed",
      "type": "aws_launch_template",
      "name": "this",
      "provider": "provider[\"registry.terraform.io/hashicorp/aws\"]",
      "instances": [
        {
          "index_key": 0,
          "schema_version": 0,
          "attributes": {
            "arn": "arn:aws:ec2:us-east-2::launch-template/lt-04b9ae1a35f48ec5c",
            "block_device_mappings": [],
            "capacity_reservation_specification": [],
            "cpu_options": [],
            "credit_specification": [],
            "default_version": 1,
            "description": "Custom launch template for node-group-2 EKS managed node group",
            "disable_api_stop": false,
            "disable_api_termination": false,
            "ebs_optimized": "",
            "elastic_gpu_specifications": [],
            "elastic_inference_accelerator": [],
            "enclave_options": [],
            "hibernation_options": [],
            "iam_instance_profile": [],
            "id": "lt-04b9ae1a35f48ec5c",
            "image_id": "",
            "instance_initiated_shutdown_behavior": "",
            "instance_market_options": [],
            "instance_requirements": [],
            "instance_type": "",
            "kernel_id": "",
            "key_name": "",
            "latest_version": 1,
            "license_specification": [],
            "maintenance_options": [],
            "metadata_options": [
              {
                "http_endpoint": "enabled",
                "http_protocol_ipv6": "",
                "http_put_response_hop_limit": 2,
                "http_tokens": "required",
                "instance_metadata_tags": ""
              }
            ],
            "monitoring": [
              {
                "enabled": true
              }
            ],
            "name": "two-20230821051803897100000015",
            "name_prefix": "two-",
            "network_interfaces": [],
            "placement": [],
            "private_dns_name_options": [],
            "ram_disk_id": "",
            "security_group_names": [],
            "tag_specifications": [
              {
                "resource_type": "instance",
                "tags": {
                  "Name": "node-group-2"
                }
              },
              {
                "resource_type": "network-interface",
                "tags": {
                  "Name": "node-group-2"
                }
              },
              {
                "resource_type": "volume",
                "tags": {
                  "Name": "node-group-2"
                }
              }
            ],
            "tags": {},
            "tags_all": {},
            "update_default_version": true,
            "user_data": "",
            "vpc_security_group_ids": [
              "sg-01579c62173904621"
            ]
          },
          "sensitive_attributes": [],
          "private": "bnVsbA==",
          "dependencies": [
            "data.aws_availability_zones.available",
            "module.eks.aws_cloudwatch_log_group.this",
            "module.eks.aws_eks_cluster.this",
            "module.eks.aws_iam_policy.cni_ipv6_policy",
            "module.eks.aws_iam_role.this",
            "module.eks.aws_iam_role_policy_attachment.this",
            "module.eks.aws_security_group.cluster",
            "module.eks.aws_security_group.node",
            "module.eks.aws_security_group_rule.cluster",
            "module.eks.aws_security_group_rule.node",
            "module.eks.data.aws_caller_identity.current",
            "module.eks.data.aws_iam_policy_document.assume_role_policy",
            "module.eks.data.aws_iam_policy_document.cni_ipv6_policy",
            "module.eks.data.aws_iam_session_context.current",
            "module.eks.data.aws_partition.current",
            "module.eks.module.eks_managed_node_group.aws_iam_role.this",
            "module.eks.module.eks_managed_node_group.aws_iam_role_policy_attachment.this",
            "module.eks.module.eks_managed_node_group.data.aws_caller_identity.current",
            "module.eks.module.eks_managed_node_group.data.aws_iam_policy_document.assume_role_policy",
            "module.eks.module.eks_managed_node_group.data.aws_partition.current",
            "module.eks.module.eks_managed_node_group.module.user_data.data.cloudinit_config.linux_eks_managed_node_group",
            "module.eks.module.kms.aws_kms_external_key.this",
            "module.eks.module.kms.aws_kms_key.this",
            "module.eks.module.kms.data.aws_caller_identity.current",
            "module.eks.module.kms.data.aws_iam_policy_document.this",
            "module.eks.module.kms.data.aws_partition.current",
            "module.eks.time_sleep.this",
            "module.vpc.aws_subnet.private",
            "module.vpc.aws_vpc.this",
            "module.vpc.aws_vpc_ipv4_cidr_block_association.this"
          ],
          "create_before_destroy": true
        }
      ]
    },
    {
      "module": "module.eks.module.kms",
      "mode": "data",
      "type": "aws_caller_identity",
      "name": "current",
      "provider": "provider[\"registry.terraform.io/hashicorp/aws\"]",
      "instances": [
        {
          "schema_version": 0,
          "attributes": {
            "account_id": "145880140878",
            "arn": "arn:aws:iam::145880140878:user/andrew-link",
            "id": "145880140878",
            "user_id": "AIDASD5ZCJRHDJEOTUKZF"
          },
          "sensitive_attributes": []
        }
      ]
    },
    {
      "module": "module.eks.module.kms",
      "mode": "data",
      "type": "aws_iam_policy_document",
      "name": "this",
      "provider": "provider[\"registry.terraform.io/hashicorp/aws\"]",
      "instances": [
        {
          "index_key": 0,
          "schema_version": 0,
          "attributes": {
            "id": "2771908383",
            "json": "{\n  \"Version\": \"2012-10-17\",\n  \"Statement\": [\n    {\n      \"Sid\": \"KeyAdministration\",\n      \"Effect\": \"Allow\",\n      \"Action\": [\n        \"kms:Update*\",\n        \"kms:UntagResource\",\n        \"kms:TagResource\",\n        \"kms:ScheduleKeyDeletion\",\n        \"kms:Revoke*\",\n        \"kms:Put*\",\n        \"kms:List*\",\n        \"kms:Get*\",\n        \"kms:Enable*\",\n        \"kms:Disable*\",\n        \"kms:Describe*\",\n        \"kms:Delete*\",\n        \"kms:Create*\",\n        \"kms:CancelKeyDeletion\"\n      ],\n      \"Resource\": \"*\",\n      \"Principal\": {\n        \"AWS\": \"arn:aws:iam::145880140878:user/andrew-link\"\n      }\n    },\n    {\n      \"Sid\": \"KeyUsage\",\n      \"Effect\": \"Allow\",\n      \"Action\": [\n        \"kms:ReEncrypt*\",\n        \"kms:GenerateDataKey*\",\n        \"kms:Encrypt\",\n        \"kms:DescribeKey\",\n        \"kms:Decrypt\"\n      ],\n      \"Resource\": \"*\",\n      \"Principal\": {\n        \"AWS\": \"arn:aws:iam::145880140878:role/qdrant-kubernetes-cluster-20230821050835295000000002\"\n      }\n    }\n  ]\n}",
            "override_policy_documents": null,
            "policy_id": null,
            "source_policy_documents": null,
            "statement": [
              {
                "actions": [
                  "kms:CancelKeyDeletion",
                  "kms:Create*",
                  "kms:Delete*",
                  "kms:Describe*",
                  "kms:Disable*",
                  "kms:Enable*",
                  "kms:Get*",
                  "kms:List*",
                  "kms:Put*",
                  "kms:Revoke*",
                  "kms:ScheduleKeyDeletion",
                  "kms:TagResource",
                  "kms:UntagResource",
                  "kms:Update*"
                ],
                "condition": [],
                "effect": "Allow",
                "not_actions": [],
                "not_principals": [],
                "not_resources": [],
                "principals": [
                  {
                    "identifiers": [
                      "arn:aws:iam::145880140878:user/andrew-link"
                    ],
                    "type": "AWS"
                  }
                ],
                "resources": [
                  "*"
                ],
                "sid": "KeyAdministration"
              },
              {
                "actions": [
                  "kms:Decrypt",
                  "kms:DescribeKey",
                  "kms:Encrypt",
                  "kms:GenerateDataKey*",
                  "kms:ReEncrypt*"
                ],
                "condition": [],
                "effect": "Allow",
                "not_actions": [],
                "not_principals": [],
                "not_resources": [],
                "principals": [
                  {
                    "identifiers": [
                      "arn:aws:iam::145880140878:role/qdrant-kubernetes-cluster-20230821050835295000000002"
                    ],
                    "type": "AWS"
                  }
                ],
                "resources": [
                  "*"
                ],
                "sid": "KeyUsage"
              }
            ],
            "version": "2012-10-17"
          },
          "sensitive_attributes": []
        }
      ]
    },
    {
      "module": "module.eks.module.kms",
      "mode": "data",
      "type": "aws_partition",
      "name": "current",
      "provider": "provider[\"registry.terraform.io/hashicorp/aws\"]",
      "instances": [
        {
          "schema_version": 0,
          "attributes": {
            "dns_suffix": "amazonaws.com",
            "id": "aws",
            "partition": "aws",
            "reverse_dns_prefix": "com.amazonaws"
          },
          "sensitive_attributes": []
        }
      ]
    },
    {
      "module": "module.eks.module.kms",
      "mode": "managed",
      "type": "aws_kms_alias",
      "name": "this",
      "provider": "provider[\"registry.terraform.io/hashicorp/aws\"]",
      "instances": [
        {
          "index_key": "cluster",
          "schema_version": 0,
          "attributes": {
            "arn": "arn:aws:kms:us-east-2:145880140878:alias/eks/qdrant-kubernetes",
            "id": "alias/eks/qdrant-kubernetes",
            "name": "alias/eks/qdrant-kubernetes",
            "name_prefix": "",
            "target_key_arn": "arn:aws:kms:us-east-2:145880140878:key/b872f25f-c591-4493-ab48-ed72d369e802",
            "target_key_id": "b872f25f-c591-4493-ab48-ed72d369e802"
          },
          "sensitive_attributes": [],
          "private": "bnVsbA==",
          "dependencies": [
            "module.eks.aws_iam_role.this",
            "module.eks.data.aws_caller_identity.current",
            "module.eks.data.aws_iam_policy_document.assume_role_policy",
            "module.eks.data.aws_iam_session_context.current",
            "module.eks.data.aws_partition.current",
            "module.eks.module.kms.aws_kms_external_key.this",
            "module.eks.module.kms.aws_kms_key.this",
            "module.eks.module.kms.data.aws_caller_identity.current",
            "module.eks.module.kms.data.aws_iam_policy_document.this",
            "module.eks.module.kms.data.aws_partition.current"
          ]
        }
      ]
    },
    {
      "module": "module.eks.module.kms",
      "mode": "managed",
      "type": "aws_kms_key",
      "name": "this",
      "provider": "provider[\"registry.terraform.io/hashicorp/aws\"]",
      "instances": [
        {
          "index_key": 0,
          "schema_version": 0,
          "attributes": {
            "arn": "arn:aws:kms:us-east-2:145880140878:key/b872f25f-c591-4493-ab48-ed72d369e802",
            "bypass_policy_lockout_safety_check": false,
            "custom_key_store_id": "",
            "customer_master_key_spec": "SYMMETRIC_DEFAULT",
            "deletion_window_in_days": null,
            "description": "qdrant-kubernetes cluster encryption key",
            "enable_key_rotation": true,
            "id": "b872f25f-c591-4493-ab48-ed72d369e802",
            "is_enabled": true,
            "key_id": "b872f25f-c591-4493-ab48-ed72d369e802",
            "key_usage": "ENCRYPT_DECRYPT",
            "multi_region": false,
            "policy": "{\"Statement\":[{\"Action\":[\"kms:Update*\",\"kms:UntagResource\",\"kms:TagResource\",\"kms:ScheduleKeyDeletion\",\"kms:Revoke*\",\"kms:Put*\",\"kms:List*\",\"kms:Get*\",\"kms:Enable*\",\"kms:Disable*\",\"kms:Describe*\",\"kms:Delete*\",\"kms:Create*\",\"kms:CancelKeyDeletion\"],\"Effect\":\"Allow\",\"Principal\":{\"AWS\":\"arn:aws:iam::145880140878:user/andrew-link\"},\"Resource\":\"*\",\"Sid\":\"KeyAdministration\"},{\"Action\":[\"kms:ReEncrypt*\",\"kms:GenerateDataKey*\",\"kms:Encrypt\",\"kms:DescribeKey\",\"kms:Decrypt\"],\"Effect\":\"Allow\",\"Principal\":{\"AWS\":\"arn:aws:iam::145880140878:role/qdrant-kubernetes-cluster-20230821050835295000000002\"},\"Resource\":\"*\",\"Sid\":\"KeyUsage\"}],\"Version\":\"2012-10-17\"}",
            "tags": {},
            "tags_all": {}
          },
          "sensitive_attributes": [],
          "private": "bnVsbA==",
          "dependencies": [
            "module.eks.aws_iam_role.this",
            "module.eks.data.aws_caller_identity.current",
            "module.eks.data.aws_iam_policy_document.assume_role_policy",
            "module.eks.data.aws_iam_session_context.current",
            "module.eks.data.aws_partition.current",
            "module.eks.module.kms.data.aws_caller_identity.current",
            "module.eks.module.kms.data.aws_iam_policy_document.this",
            "module.eks.module.kms.data.aws_partition.current"
          ],
          "create_before_destroy": true
        }
      ]
    },
    {
      "module": "module.irsa-ebs-csi",
      "mode": "data",
      "type": "aws_caller_identity",
      "name": "current",
      "provider": "provider[\"registry.terraform.io/hashicorp/aws\"]",
      "instances": [
        {
          "schema_version": 0,
          "attributes": {
            "account_id": "145880140878",
            "arn": "arn:aws:iam::145880140878:user/andrew-link",
            "id": "145880140878",
            "user_id": "AIDASD5ZCJRHDJEOTUKZF"
          },
          "sensitive_attributes": []
        }
      ]
    },
    {
      "module": "module.irsa-ebs-csi",
      "mode": "data",
      "type": "aws_iam_policy_document",
      "name": "assume_role_with_oidc",
      "provider": "provider[\"registry.terraform.io/hashicorp/aws\"]",
      "instances": [
        {
          "index_key": 0,
          "schema_version": 0,
          "attributes": {
            "id": "1553388994",
            "json": "{\n  \"Version\": \"2012-10-17\",\n  \"Statement\": [\n    {\n      \"Effect\": \"Allow\",\n      \"Action\": \"sts:AssumeRoleWithWebIdentity\",\n      \"Principal\": {\n        \"Federated\": \"arn:aws:iam::145880140878:oidc-provider/oidc.eks.us-east-2.amazonaws.com/id/02A0ACF69406A6D168A5C10385C69D28\"\n      },\n      \"Condition\": {\n        \"StringEquals\": {\n          \"oidc.eks.us-east-2.amazonaws.com/id/02A0ACF69406A6D168A5C10385C69D28:sub\": \"system:serviceaccount:kube-system:ebs-csi-controller-sa\"\n        }\n      }\n    }\n  ]\n}",
            "override_policy_documents": null,
            "policy_id": null,
            "source_policy_documents": null,
            "statement": [
              {
                "actions": [
                  "sts:AssumeRoleWithWebIdentity"
                ],
                "condition": [
                  {
                    "test": "StringEquals",
                    "values": [
                      "system:serviceaccount:kube-system:ebs-csi-controller-sa"
                    ],
                    "variable": "oidc.eks.us-east-2.amazonaws.com/id/02A0ACF69406A6D168A5C10385C69D28:sub"
                  }
                ],
                "effect": "Allow",
                "not_actions": [],
                "not_principals": [],
                "not_resources": [],
                "principals": [
                  {
                    "identifiers": [
                      "arn:aws:iam::145880140878:oidc-provider/oidc.eks.us-east-2.amazonaws.com/id/02A0ACF69406A6D168A5C10385C69D28"
                    ],
                    "type": "Federated"
                  }
                ],
                "resources": [],
                "sid": ""
              }
            ],
            "version": "2012-10-17"
          },
          "sensitive_attributes": []
        }
      ]
    },
    {
      "module": "module.irsa-ebs-csi",
      "mode": "data",
      "type": "aws_partition",
      "name": "current",
      "provider": "provider[\"registry.terraform.io/hashicorp/aws\"]",
      "instances": [
        {
          "schema_version": 0,
          "attributes": {
            "dns_suffix": "amazonaws.com",
            "id": "aws",
            "partition": "aws",
            "reverse_dns_prefix": "com.amazonaws"
          },
          "sensitive_attributes": []
        }
      ]
    },
    {
      "module": "module.irsa-ebs-csi",
      "mode": "managed",
      "type": "aws_iam_role",
      "name": "this",
      "provider": "provider[\"registry.terraform.io/hashicorp/aws\"]",
      "instances": [
        {
          "index_key": 0,
          "schema_version": 0,
          "attributes": {
            "arn": "arn:aws:iam::145880140878:role/AmazonEKSTFEBSCSIRole-qdrant-kubernetes",
            "assume_role_policy": "{\"Statement\":[{\"Action\":\"sts:AssumeRoleWithWebIdentity\",\"Condition\":{\"StringEquals\":{\"oidc.eks.us-east-2.amazonaws.com/id/02A0ACF69406A6D168A5C10385C69D28:sub\":\"system:serviceaccount:kube-system:ebs-csi-controller-sa\"}},\"Effect\":\"Allow\",\"Principal\":{\"Federated\":\"arn:aws:iam::145880140878:oidc-provider/oidc.eks.us-east-2.amazonaws.com/id/02A0ACF69406A6D168A5C10385C69D28\"}}],\"Version\":\"2012-10-17\"}",
            "create_date": "2023-08-21T05:17:34Z",
            "description": "",
            "force_detach_policies": false,
            "id": "AmazonEKSTFEBSCSIRole-qdrant-kubernetes",
            "inline_policy": [],
            "managed_policy_arns": [
              "arn:aws:iam::aws:policy/service-role/AmazonEBSCSIDriverPolicy"
            ],
            "max_session_duration": 3600,
            "name": "AmazonEKSTFEBSCSIRole-qdrant-kubernetes",
            "name_prefix": "",
            "path": "/",
            "permissions_boundary": "",
            "tags": {},
            "tags_all": {},
            "unique_id": "AROASD5ZCJRHHRG72D4N6"
          },
          "sensitive_attributes": [],
          "private": "bnVsbA==",
          "dependencies": [
            "data.aws_availability_zones.available",
            "module.eks.aws_cloudwatch_log_group.this",
            "module.eks.aws_eks_cluster.this",
            "module.eks.aws_iam_policy.cni_ipv6_policy",
            "module.eks.aws_iam_role.this",
            "module.eks.aws_iam_role_policy_attachment.this",
            "module.eks.aws_security_group.cluster",
            "module.eks.aws_security_group.node",
            "module.eks.aws_security_group_rule.cluster",
            "module.eks.aws_security_group_rule.node",
            "module.eks.data.aws_caller_identity.current",
            "module.eks.data.aws_iam_policy_document.assume_role_policy",
            "module.eks.data.aws_iam_policy_document.cni_ipv6_policy",
            "module.eks.data.aws_iam_session_context.current",
            "module.eks.data.aws_partition.current",
            "module.eks.module.kms.aws_kms_external_key.this",
            "module.eks.module.kms.aws_kms_key.this",
            "module.eks.module.kms.data.aws_caller_identity.current",
            "module.eks.module.kms.data.aws_iam_policy_document.this",
            "module.eks.module.kms.data.aws_partition.current",
            "module.irsa-ebs-csi.data.aws_caller_identity.current",
            "module.irsa-ebs-csi.data.aws_iam_policy_document.assume_role_with_oidc",
            "module.irsa-ebs-csi.data.aws_partition.current",
            "module.vpc.aws_subnet.private",
            "module.vpc.aws_vpc.this",
            "module.vpc.aws_vpc_ipv4_cidr_block_association.this"
          ]
        }
      ]
    },
    {
      "module": "module.irsa-ebs-csi",
      "mode": "managed",
      "type": "aws_iam_role_policy_attachment",
      "name": "custom",
      "provider": "provider[\"registry.terraform.io/hashicorp/aws\"]",
      "instances": [
        {
          "index_key": 0,
          "schema_version": 0,
          "attributes": {
            "id": "AmazonEKSTFEBSCSIRole-qdrant-kubernetes-20230821051734949600000012",
            "policy_arn": "arn:aws:iam::aws:policy/service-role/AmazonEBSCSIDriverPolicy",
            "role": "AmazonEKSTFEBSCSIRole-qdrant-kubernetes"
          },
          "sensitive_attributes": [],
          "private": "bnVsbA==",
          "dependencies": [
            "data.aws_availability_zones.available",
            "data.aws_iam_policy.ebs_csi_policy",
            "module.eks.aws_cloudwatch_log_group.this",
            "module.eks.aws_eks_cluster.this",
            "module.eks.aws_iam_policy.cni_ipv6_policy",
            "module.eks.aws_iam_role.this",
            "module.eks.aws_iam_role_policy_attachment.this",
            "module.eks.aws_security_group.cluster",
            "module.eks.aws_security_group.node",
            "module.eks.aws_security_group_rule.cluster",
            "module.eks.aws_security_group_rule.node",
            "module.eks.data.aws_caller_identity.current",
            "module.eks.data.aws_iam_policy_document.assume_role_policy",
            "module.eks.data.aws_iam_policy_document.cni_ipv6_policy",
            "module.eks.data.aws_iam_session_context.current",
            "module.eks.data.aws_partition.current",
            "module.eks.module.kms.aws_kms_external_key.this",
            "module.eks.module.kms.aws_kms_key.this",
            "module.eks.module.kms.data.aws_caller_identity.current",
            "module.eks.module.kms.data.aws_iam_policy_document.this",
            "module.eks.module.kms.data.aws_partition.current",
            "module.irsa-ebs-csi.aws_iam_role.this",
            "module.irsa-ebs-csi.data.aws_caller_identity.current",
            "module.irsa-ebs-csi.data.aws_iam_policy_document.assume_role_with_oidc",
            "module.irsa-ebs-csi.data.aws_partition.current",
            "module.vpc.aws_subnet.private",
            "module.vpc.aws_vpc.this",
            "module.vpc.aws_vpc_ipv4_cidr_block_association.this"
          ]
        }
      ]
    },
    {
      "module": "module.log_bucket",
      "mode": "data",
      "type": "aws_caller_identity",
      "name": "current",
      "provider": "provider[\"registry.terraform.io/hashicorp/aws\"]",
      "instances": [
        {
          "schema_version": 0,
          "attributes": {
            "account_id": "145880140878",
            "arn": "arn:aws:iam::145880140878:user/andrew-link",
            "id": "145880140878",
            "user_id": "AIDASD5ZCJRHDJEOTUKZF"
          },
          "sensitive_attributes": []
        }
      ]
    },
    {
      "module": "module.log_bucket",
      "mode": "data",
      "type": "aws_canonical_user_id",
      "name": "this",
      "provider": "provider[\"registry.terraform.io/hashicorp/aws\"]",
      "instances": [
        {
          "schema_version": 0,
          "attributes": {
            "display_name": "",
            "id": "f9fbc04e22cffff67ea7798c8f645088db893c8597ad25be3293143ff382de00"
          },
          "sensitive_attributes": []
        }
      ]
    },
    {
      "module": "module.log_bucket",
      "mode": "data",
      "type": "aws_iam_policy_document",
      "name": "access_log_delivery",
      "provider": "provider[\"registry.terraform.io/hashicorp/aws\"]",
      "instances": [
        {
          "index_key": 0,
          "schema_version": 0,
          "attributes": {
            "id": "1081330460",
            "json": "{\n  \"Version\": \"2012-10-17\",\n  \"Statement\": [\n    {\n      \"Sid\": \"AWSAccessLogDeliveryWrite\",\n      \"Effect\": \"Allow\",\n      \"Action\": \"s3:PutObject\",\n      \"Resource\": \"arn:aws:s3:::logs-chat-with-docs-ui-bucket/*\",\n      \"Principal\": {\n        \"Service\": \"logging.s3.amazonaws.com\"\n      },\n      \"Condition\": {\n        \"ForAnyValue:ArnLike\": {\n          \"aws:SourceArn\": \"arn:aws:s3:::chat-with-docs-ui-bucket\"\n        },\n        \"ForAnyValue:StringEquals\": {\n          \"aws:SourceAccount\": \"145880140878\"\n        }\n      }\n    },\n    {\n      \"Sid\": \"AWSAccessLogDeliveryAclCheck\",\n      \"Effect\": \"Allow\",\n      \"Action\": \"s3:GetBucketAcl\",\n      \"Resource\": \"arn:aws:s3:::logs-chat-with-docs-ui-bucket\",\n      \"Principal\": {\n        \"Service\": \"logging.s3.amazonaws.com\"\n      }\n    }\n  ]\n}",
            "override_policy_documents": null,
            "policy_id": null,
            "source_policy_documents": null,
            "statement": [
              {
                "actions": [
                  "s3:PutObject"
                ],
                "condition": [
                  {
                    "test": "ForAnyValue:ArnLike",
                    "values": [
                      "arn:aws:s3:::chat-with-docs-ui-bucket"
                    ],
                    "variable": "aws:SourceArn"
                  },
                  {
                    "test": "ForAnyValue:StringEquals",
                    "values": [
                      "145880140878"
                    ],
                    "variable": "aws:SourceAccount"
                  }
                ],
                "effect": "Allow",
                "not_actions": [],
                "not_principals": [],
                "not_resources": [],
                "principals": [
                  {
                    "identifiers": [
                      "logging.s3.amazonaws.com"
                    ],
                    "type": "Service"
                  }
                ],
                "resources": [
                  "arn:aws:s3:::logs-chat-with-docs-ui-bucket/*"
                ],
                "sid": "AWSAccessLogDeliveryWrite"
              },
              {
                "actions": [
                  "s3:GetBucketAcl"
                ],
                "condition": [],
                "effect": "Allow",
                "not_actions": [],
                "not_principals": [],
                "not_resources": [],
                "principals": [
                  {
                    "identifiers": [
                      "logging.s3.amazonaws.com"
                    ],
                    "type": "Service"
                  }
                ],
                "resources": [
                  "arn:aws:s3:::logs-chat-with-docs-ui-bucket"
                ],
                "sid": "AWSAccessLogDeliveryAclCheck"
              }
            ],
            "version": "2012-10-17"
          },
          "sensitive_attributes": []
        }
      ]
    },
    {
      "module": "module.log_bucket",
      "mode": "data",
      "type": "aws_iam_policy_document",
      "name": "combined",
      "provider": "provider[\"registry.terraform.io/hashicorp/aws\"]",
      "instances": [
        {
          "index_key": 0,
          "schema_version": 0,
          "attributes": {
            "id": "1260760999",
            "json": "{\n  \"Version\": \"2012-10-17\",\n  \"Statement\": [\n    {\n      \"Sid\": \"ELBRegionUs-East-2\",\n      \"Effect\": \"Allow\",\n      \"Action\": \"s3:PutObject\",\n      \"Resource\": \"arn:aws:s3:::logs-chat-with-docs-ui-bucket/*\",\n      \"Principal\": {\n        \"AWS\": \"arn:aws:iam::033677994240:root\"\n      }\n    },\n    {\n      \"Effect\": \"Allow\",\n      \"Action\": \"s3:PutObject\",\n      \"Resource\": \"arn:aws:s3:::logs-chat-with-docs-ui-bucket/*\",\n      \"Principal\": {\n        \"Service\": \"logdelivery.elasticloadbalancing.amazonaws.com\"\n      }\n    },\n    {\n      \"Sid\": \"AWSLogDeliveryWrite\",\n      \"Effect\": \"Allow\",\n      \"Action\": \"s3:PutObject\",\n      \"Resource\": \"arn:aws:s3:::logs-chat-with-docs-ui-bucket/*\",\n      \"Principal\": {\n        \"Service\": \"delivery.logs.amazonaws.com\"\n      },\n      \"Condition\": {\n        \"StringEquals\": {\n          \"s3:x-amz-acl\": [\n            \"bucket-owner-full-control\"\n          ]\n        }\n      }\n    },\n    {\n      \"Sid\": \"AWSLogDeliveryAclCheck\",\n      \"Effect\": \"Allow\",\n      \"Action\": [\n        \"s3:ListBucket\",\n        \"s3:GetBucketAcl\"\n      ],\n      \"Resource\": \"arn:aws:s3:::logs-chat-with-docs-ui-bucket\",\n      \"Principal\": {\n        \"Service\": \"delivery.logs.amazonaws.com\"\n      }\n    },\n    {\n      \"Sid\": \"AWSAccessLogDeliveryWrite\",\n      \"Effect\": \"Allow\",\n      \"Action\": \"s3:PutObject\",\n      \"Resource\": \"arn:aws:s3:::logs-chat-with-docs-ui-bucket/*\",\n      \"Principal\": {\n        \"Service\": \"logging.s3.amazonaws.com\"\n      },\n      \"Condition\": {\n        \"ForAnyValue:ArnLike\": {\n          \"aws:SourceArn\": [\n            \"arn:aws:s3:::chat-with-docs-ui-bucket\"\n          ]\n        },\n        \"ForAnyValue:StringEquals\": {\n          \"aws:SourceAccount\": [\n            \"145880140878\"\n          ]\n        }\n      }\n    },\n    {\n      \"Sid\": \"AWSAccessLogDeliveryAclCheck\",\n      \"Effect\": \"Allow\",\n      \"Action\": \"s3:GetBucketAcl\",\n      \"Resource\": \"arn:aws:s3:::logs-chat-with-docs-ui-bucket\",\n      \"Principal\": {\n        \"Service\": \"logging.s3.amazonaws.com\"\n      }\n    },\n    {\n      \"Sid\": \"denyOutdatedTLS\",\n      \"Effect\": \"Deny\",\n      \"Action\": \"s3:*\",\n      \"Resource\": [\n        \"arn:aws:s3:::logs-chat-with-docs-ui-bucket/*\",\n        \"arn:aws:s3:::logs-chat-with-docs-ui-bucket\"\n      ],\n      \"Principal\": \"*\",\n      \"Condition\": {\n        \"NumericLessThan\": {\n          \"s3:TlsVersion\": [\n            \"1.2\"\n          ]\n        }\n      }\n    },\n    {\n      \"Sid\": \"denyInsecureTransport\",\n      \"Effect\": \"Deny\",\n      \"Action\": \"s3:*\",\n      \"Resource\": [\n        \"arn:aws:s3:::logs-chat-with-docs-ui-bucket/*\",\n        \"arn:aws:s3:::logs-chat-with-docs-ui-bucket\"\n      ],\n      \"Principal\": \"*\",\n      \"Condition\": {\n        \"Bool\": {\n          \"aws:SecureTransport\": [\n            \"false\"\n          ]\n        }\n      }\n    }\n  ]\n}",
            "override_policy_documents": null,
            "policy_id": null,
            "source_policy_documents": [
              "{\n  \"Version\": \"2012-10-17\",\n  \"Statement\": [\n    {\n      \"Sid\": \"ELBRegionUs-East-2\",\n      \"Effect\": \"Allow\",\n      \"Action\": \"s3:PutObject\",\n      \"Resource\": \"arn:aws:s3:::logs-chat-with-docs-ui-bucket/*\",\n      \"Principal\": {\n        \"AWS\": \"arn:aws:iam::033677994240:root\"\n      }\n    },\n    {\n      \"Effect\": \"Allow\",\n      \"Action\": \"s3:PutObject\",\n      \"Resource\": \"arn:aws:s3:::logs-chat-with-docs-ui-bucket/*\",\n      \"Principal\": {\n        \"Service\": \"logdelivery.elasticloadbalancing.amazonaws.com\"\n      }\n    }\n  ]\n}",
              "{\n  \"Version\": \"2012-10-17\",\n  \"Statement\": [\n    {\n      \"Sid\": \"AWSLogDeliveryWrite\",\n      \"Effect\": \"Allow\",\n      \"Action\": \"s3:PutObject\",\n      \"Resource\": \"arn:aws:s3:::logs-chat-with-docs-ui-bucket/*\",\n      \"Principal\": {\n        \"Service\": \"delivery.logs.amazonaws.com\"\n      },\n      \"Condition\": {\n        \"StringEquals\": {\n          \"s3:x-amz-acl\": \"bucket-owner-full-control\"\n        }\n      }\n    },\n    {\n      \"Sid\": \"AWSLogDeliveryAclCheck\",\n      \"Effect\": \"Allow\",\n      \"Action\": [\n        \"s3:ListBucket\",\n        \"s3:GetBucketAcl\"\n      ],\n      \"Resource\": \"arn:aws:s3:::logs-chat-with-docs-ui-bucket\",\n      \"Principal\": {\n        \"Service\": \"delivery.logs.amazonaws.com\"\n      }\n    }\n  ]\n}",
              "{\n  \"Version\": \"2012-10-17\",\n  \"Statement\": [\n    {\n      \"Sid\": \"AWSAccessLogDeliveryWrite\",\n      \"Effect\": \"Allow\",\n      \"Action\": \"s3:PutObject\",\n      \"Resource\": \"arn:aws:s3:::logs-chat-with-docs-ui-bucket/*\",\n      \"Principal\": {\n        \"Service\": \"logging.s3.amazonaws.com\"\n      },\n      \"Condition\": {\n        \"ForAnyValue:ArnLike\": {\n          \"aws:SourceArn\": \"arn:aws:s3:::chat-with-docs-ui-bucket\"\n        },\n        \"ForAnyValue:StringEquals\": {\n          \"aws:SourceAccount\": \"145880140878\"\n        }\n      }\n    },\n    {\n      \"Sid\": \"AWSAccessLogDeliveryAclCheck\",\n      \"Effect\": \"Allow\",\n      \"Action\": \"s3:GetBucketAcl\",\n      \"Resource\": \"arn:aws:s3:::logs-chat-with-docs-ui-bucket\",\n      \"Principal\": {\n        \"Service\": \"logging.s3.amazonaws.com\"\n      }\n    }\n  ]\n}",
              "{\n  \"Version\": \"2012-10-17\",\n  \"Statement\": [\n    {\n      \"Sid\": \"denyOutdatedTLS\",\n      \"Effect\": \"Deny\",\n      \"Action\": \"s3:*\",\n      \"Resource\": [\n        \"arn:aws:s3:::logs-chat-with-docs-ui-bucket/*\",\n        \"arn:aws:s3:::logs-chat-with-docs-ui-bucket\"\n      ],\n      \"Principal\": \"*\",\n      \"Condition\": {\n        \"NumericLessThan\": {\n          \"s3:TlsVersion\": \"1.2\"\n        }\n      }\n    }\n  ]\n}",
              "{\n  \"Version\": \"2012-10-17\",\n  \"Statement\": [\n    {\n      \"Sid\": \"denyInsecureTransport\",\n      \"Effect\": \"Deny\",\n      \"Action\": \"s3:*\",\n      \"Resource\": [\n        \"arn:aws:s3:::logs-chat-with-docs-ui-bucket/*\",\n        \"arn:aws:s3:::logs-chat-with-docs-ui-bucket\"\n      ],\n      \"Principal\": \"*\",\n      \"Condition\": {\n        \"Bool\": {\n          \"aws:SecureTransport\": \"false\"\n        }\n      }\n    }\n  ]\n}"
            ],
            "statement": null,
            "version": "2012-10-17"
          },
          "sensitive_attributes": []
        }
      ]
    },
    {
      "module": "module.log_bucket",
      "mode": "data",
      "type": "aws_iam_policy_document",
      "name": "deny_insecure_transport",
      "provider": "provider[\"registry.terraform.io/hashicorp/aws\"]",
      "instances": [
        {
          "index_key": 0,
          "schema_version": 0,
          "attributes": {
            "id": "3286488665",
            "json": "{\n  \"Version\": \"2012-10-17\",\n  \"Statement\": [\n    {\n      \"Sid\": \"denyInsecureTransport\",\n      \"Effect\": \"Deny\",\n      \"Action\": \"s3:*\",\n      \"Resource\": [\n        \"arn:aws:s3:::logs-chat-with-docs-ui-bucket/*\",\n        \"arn:aws:s3:::logs-chat-with-docs-ui-bucket\"\n      ],\n      \"Principal\": \"*\",\n      \"Condition\": {\n        \"Bool\": {\n          \"aws:SecureTransport\": \"false\"\n        }\n      }\n    }\n  ]\n}",
            "override_policy_documents": null,
            "policy_id": null,
            "source_policy_documents": null,
            "statement": [
              {
                "actions": [
                  "s3:*"
                ],
                "condition": [
                  {
                    "test": "Bool",
                    "values": [
                      "false"
                    ],
                    "variable": "aws:SecureTransport"
                  }
                ],
                "effect": "Deny",
                "not_actions": [],
                "not_principals": [],
                "not_resources": [],
                "principals": [
                  {
                    "identifiers": [
                      "*"
                    ],
                    "type": "*"
                  }
                ],
                "resources": [
                  "arn:aws:s3:::logs-chat-with-docs-ui-bucket",
                  "arn:aws:s3:::logs-chat-with-docs-ui-bucket/*"
                ],
                "sid": "denyInsecureTransport"
              }
            ],
            "version": "2012-10-17"
          },
          "sensitive_attributes": []
        }
      ]
    },
    {
      "module": "module.log_bucket",
      "mode": "data",
      "type": "aws_iam_policy_document",
      "name": "elb_log_delivery",
      "provider": "provider[\"registry.terraform.io/hashicorp/aws\"]",
      "instances": [
        {
          "index_key": 0,
          "schema_version": 0,
          "attributes": {
            "id": "89041682",
            "json": "{\n  \"Version\": \"2012-10-17\",\n  \"Statement\": [\n    {\n      \"Sid\": \"ELBRegionUs-East-2\",\n      \"Effect\": \"Allow\",\n      \"Action\": \"s3:PutObject\",\n      \"Resource\": \"arn:aws:s3:::logs-chat-with-docs-ui-bucket/*\",\n      \"Principal\": {\n        \"AWS\": \"arn:aws:iam::033677994240:root\"\n      }\n    },\n    {\n      \"Effect\": \"Allow\",\n      \"Action\": \"s3:PutObject\",\n      \"Resource\": \"arn:aws:s3:::logs-chat-with-docs-ui-bucket/*\",\n      \"Principal\": {\n        \"Service\": \"logdelivery.elasticloadbalancing.amazonaws.com\"\n      }\n    }\n  ]\n}",
            "override_policy_documents": null,
            "policy_id": null,
            "source_policy_documents": null,
            "statement": [
              {
                "actions": [
                  "s3:PutObject"
                ],
                "condition": [],
                "effect": "Allow",
                "not_actions": [],
                "not_principals": [],
                "not_resources": [],
                "principals": [
                  {
                    "identifiers": [
                      "arn:aws:iam::033677994240:root"
                    ],
                    "type": "AWS"
                  }
                ],
                "resources": [
                  "arn:aws:s3:::logs-chat-with-docs-ui-bucket/*"
                ],
                "sid": "ELBRegionUs-East-2"
              },
              {
                "actions": [
                  "s3:PutObject"
                ],
                "condition": [],
                "effect": "Allow",
                "not_actions": [],
                "not_principals": [],
                "not_resources": [],
                "principals": [
                  {
                    "identifiers": [
                      "logdelivery.elasticloadbalancing.amazonaws.com"
                    ],
                    "type": "Service"
                  }
                ],
                "resources": [
                  "arn:aws:s3:::logs-chat-with-docs-ui-bucket/*"
                ],
                "sid": ""
              }
            ],
            "version": "2012-10-17"
          },
          "sensitive_attributes": []
        }
      ]
    },
    {
      "module": "module.log_bucket",
      "mode": "data",
      "type": "aws_iam_policy_document",
      "name": "lb_log_delivery",
      "provider": "provider[\"registry.terraform.io/hashicorp/aws\"]",
      "instances": [
        {
          "index_key": 0,
          "schema_version": 0,
          "attributes": {
            "id": "439877496",
            "json": "{\n  \"Version\": \"2012-10-17\",\n  \"Statement\": [\n    {\n      \"Sid\": \"AWSLogDeliveryWrite\",\n      \"Effect\": \"Allow\",\n      \"Action\": \"s3:PutObject\",\n      \"Resource\": \"arn:aws:s3:::logs-chat-with-docs-ui-bucket/*\",\n      \"Principal\": {\n        \"Service\": \"delivery.logs.amazonaws.com\"\n      },\n      \"Condition\": {\n        \"StringEquals\": {\n          \"s3:x-amz-acl\": \"bucket-owner-full-control\"\n        }\n      }\n    },\n    {\n      \"Sid\": \"AWSLogDeliveryAclCheck\",\n      \"Effect\": \"Allow\",\n      \"Action\": [\n        \"s3:ListBucket\",\n        \"s3:GetBucketAcl\"\n      ],\n      \"Resource\": \"arn:aws:s3:::logs-chat-with-docs-ui-bucket\",\n      \"Principal\": {\n        \"Service\": \"delivery.logs.amazonaws.com\"\n      }\n    }\n  ]\n}",
            "override_policy_documents": null,
            "policy_id": null,
            "source_policy_documents": null,
            "statement": [
              {
                "actions": [
                  "s3:PutObject"
                ],
                "condition": [
                  {
                    "test": "StringEquals",
                    "values": [
                      "bucket-owner-full-control"
                    ],
                    "variable": "s3:x-amz-acl"
                  }
                ],
                "effect": "Allow",
                "not_actions": [],
                "not_principals": [],
                "not_resources": [],
                "principals": [
                  {
                    "identifiers": [
                      "delivery.logs.amazonaws.com"
                    ],
                    "type": "Service"
                  }
                ],
                "resources": [
                  "arn:aws:s3:::logs-chat-with-docs-ui-bucket/*"
                ],
                "sid": "AWSLogDeliveryWrite"
              },
              {
                "actions": [
                  "s3:GetBucketAcl",
                  "s3:ListBucket"
                ],
                "condition": [],
                "effect": "Allow",
                "not_actions": [],
                "not_principals": [],
                "not_resources": [],
                "principals": [
                  {
                    "identifiers": [
                      "delivery.logs.amazonaws.com"
                    ],
                    "type": "Service"
                  }
                ],
                "resources": [
                  "arn:aws:s3:::logs-chat-with-docs-ui-bucket"
                ],
                "sid": "AWSLogDeliveryAclCheck"
              }
            ],
            "version": "2012-10-17"
          },
          "sensitive_attributes": []
        }
      ]
    },
    {
      "module": "module.log_bucket",
      "mode": "data",
      "type": "aws_iam_policy_document",
      "name": "require_latest_tls",
      "provider": "provider[\"registry.terraform.io/hashicorp/aws\"]",
      "instances": [
        {
          "index_key": 0,
          "schema_version": 0,
          "attributes": {
            "id": "4182188694",
            "json": "{\n  \"Version\": \"2012-10-17\",\n  \"Statement\": [\n    {\n      \"Sid\": \"denyOutdatedTLS\",\n      \"Effect\": \"Deny\",\n      \"Action\": \"s3:*\",\n      \"Resource\": [\n        \"arn:aws:s3:::logs-chat-with-docs-ui-bucket/*\",\n        \"arn:aws:s3:::logs-chat-with-docs-ui-bucket\"\n      ],\n      \"Principal\": \"*\",\n      \"Condition\": {\n        \"NumericLessThan\": {\n          \"s3:TlsVersion\": \"1.2\"\n        }\n      }\n    }\n  ]\n}",
            "override_policy_documents": null,
            "policy_id": null,
            "source_policy_documents": null,
            "statement": [
              {
                "actions": [
                  "s3:*"
                ],
                "condition": [
                  {
                    "test": "NumericLessThan",
                    "values": [
                      "1.2"
                    ],
                    "variable": "s3:TlsVersion"
                  }
                ],
                "effect": "Deny",
                "not_actions": [],
                "not_principals": [],
                "not_resources": [],
                "principals": [
                  {
                    "identifiers": [
                      "*"
                    ],
                    "type": "*"
                  }
                ],
                "resources": [
                  "arn:aws:s3:::logs-chat-with-docs-ui-bucket",
                  "arn:aws:s3:::logs-chat-with-docs-ui-bucket/*"
                ],
                "sid": "denyOutdatedTLS"
              }
            ],
            "version": "2012-10-17"
          },
          "sensitive_attributes": []
        }
      ]
    },
    {
      "module": "module.log_bucket",
      "mode": "data",
      "type": "aws_partition",
      "name": "current",
      "provider": "provider[\"registry.terraform.io/hashicorp/aws\"]",
      "instances": [
        {
          "schema_version": 0,
          "attributes": {
            "dns_suffix": "amazonaws.com",
            "id": "aws",
            "partition": "aws",
            "reverse_dns_prefix": "com.amazonaws"
          },
          "sensitive_attributes": []
        }
      ]
    },
    {
      "module": "module.log_bucket",
      "mode": "data",
      "type": "aws_region",
      "name": "current",
      "provider": "provider[\"registry.terraform.io/hashicorp/aws\"]",
      "instances": [
        {
          "schema_version": 0,
          "attributes": {
            "description": "US East (Ohio)",
            "endpoint": "ec2.us-east-2.amazonaws.com",
            "id": "us-east-2",
            "name": "us-east-2"
          },
          "sensitive_attributes": []
        }
      ]
    },
    {
      "module": "module.log_bucket",
      "mode": "managed",
      "type": "aws_s3_bucket",
      "name": "this",
      "provider": "provider[\"registry.terraform.io/hashicorp/aws\"]",
      "instances": [
        {
          "index_key": 0,
          "schema_version": 0,
          "attributes": {
            "acceleration_status": "",
            "acl": null,
            "arn": "arn:aws:s3:::logs-chat-with-docs-ui-bucket",
            "bucket": "logs-chat-with-docs-ui-bucket",
            "bucket_domain_name": "logs-chat-with-docs-ui-bucket.s3.amazonaws.com",
            "bucket_prefix": "",
            "bucket_regional_domain_name": "logs-chat-with-docs-ui-bucket.s3.us-east-2.amazonaws.com",
            "cors_rule": [],
            "force_destroy": true,
            "grant": [
              {
                "id": "f9fbc04e22cffff67ea7798c8f645088db893c8597ad25be3293143ff382de00",
                "permissions": [
                  "FULL_CONTROL"
                ],
                "type": "CanonicalUser",
                "uri": ""
              }
            ],
            "hosted_zone_id": "Z2O1EMRO9K5GLX",
            "id": "logs-chat-with-docs-ui-bucket",
            "lifecycle_rule": [],
            "logging": [],
            "object_lock_configuration": [],
            "object_lock_enabled": false,
            "policy": "{\"Statement\":[{\"Action\":\"s3:PutObject\",\"Effect\":\"Allow\",\"Principal\":{\"AWS\":\"arn:aws:iam::033677994240:root\"},\"Resource\":\"arn:aws:s3:::logs-chat-with-docs-ui-bucket/*\",\"Sid\":\"ELBRegionUs-East-2\"},{\"Action\":\"s3:PutObject\",\"Effect\":\"Allow\",\"Principal\":{\"Service\":\"logdelivery.elasticloadbalancing.amazonaws.com\"},\"Resource\":\"arn:aws:s3:::logs-chat-with-docs-ui-bucket/*\"},{\"Action\":\"s3:PutObject\",\"Condition\":{\"StringEquals\":{\"s3:x-amz-acl\":\"bucket-owner-full-control\"}},\"Effect\":\"Allow\",\"Principal\":{\"Service\":\"delivery.logs.amazonaws.com\"},\"Resource\":\"arn:aws:s3:::logs-chat-with-docs-ui-bucket/*\",\"Sid\":\"AWSLogDeliveryWrite\"},{\"Action\":[\"s3:ListBucket\",\"s3:GetBucketAcl\"],\"Effect\":\"Allow\",\"Principal\":{\"Service\":\"delivery.logs.amazonaws.com\"},\"Resource\":\"arn:aws:s3:::logs-chat-with-docs-ui-bucket\",\"Sid\":\"AWSLogDeliveryAclCheck\"},{\"Action\":\"s3:PutObject\",\"Condition\":{\"ForAnyValue:ArnLike\":{\"aws:SourceArn\":\"arn:aws:s3:::chat-with-docs-ui-bucket\"},\"ForAnyValue:StringEquals\":{\"aws:SourceAccount\":\"145880140878\"}},\"Effect\":\"Allow\",\"Principal\":{\"Service\":\"logging.s3.amazonaws.com\"},\"Resource\":\"arn:aws:s3:::logs-chat-with-docs-ui-bucket/*\",\"Sid\":\"AWSAccessLogDeliveryWrite\"},{\"Action\":\"s3:GetBucketAcl\",\"Effect\":\"Allow\",\"Principal\":{\"Service\":\"logging.s3.amazonaws.com\"},\"Resource\":\"arn:aws:s3:::logs-chat-with-docs-ui-bucket\",\"Sid\":\"AWSAccessLogDeliveryAclCheck\"},{\"Action\":\"s3:*\",\"Condition\":{\"NumericLessThan\":{\"s3:TlsVersion\":\"1.2\"}},\"Effect\":\"Deny\",\"Principal\":\"*\",\"Resource\":[\"arn:aws:s3:::logs-chat-with-docs-ui-bucket/*\",\"arn:aws:s3:::logs-chat-with-docs-ui-bucket\"],\"Sid\":\"denyOutdatedTLS\"},{\"Action\":\"s3:*\",\"Condition\":{\"Bool\":{\"aws:SecureTransport\":\"false\"}},\"Effect\":\"Deny\",\"Principal\":\"*\",\"Resource\":[\"arn:aws:s3:::logs-chat-with-docs-ui-bucket/*\",\"arn:aws:s3:::logs-chat-with-docs-ui-bucket\"],\"Sid\":\"denyInsecureTransport\"}],\"Version\":\"2012-10-17\"}",
            "region": "us-east-2",
            "replication_configuration": [],
            "request_payer": "BucketOwner",
            "server_side_encryption_configuration": [
              {
                "rule": [
                  {
                    "apply_server_side_encryption_by_default": [
                      {
                        "kms_master_key_id": "",
                        "sse_algorithm": "AES256"
                      }
                    ],
                    "bucket_key_enabled": false
                  }
                ]
              }
            ],
            "tags": {},
            "tags_all": {},
            "timeouts": null,
            "versioning": [
              {
                "enabled": false,
                "mfa_delete": false
              }
            ],
            "website": [],
            "website_domain": null,
            "website_endpoint": null
          },
          "sensitive_attributes": [],
          "private": "eyJlMmJmYjczMC1lY2FhLTExZTYtOGY4OC0zNDM2M2JjN2M0YzAiOnsiY3JlYXRlIjoxMjAwMDAwMDAwMDAwLCJkZWxldGUiOjM2MDAwMDAwMDAwMDAsInJlYWQiOjEyMDAwMDAwMDAwMDAsInVwZGF0ZSI6MTIwMDAwMDAwMDAwMH19"
        }
      ]
    },
    {
      "module": "module.log_bucket",
      "mode": "managed",
      "type": "aws_s3_bucket_ownership_controls",
      "name": "this",
      "provider": "provider[\"registry.terraform.io/hashicorp/aws\"]",
      "instances": [
        {
          "index_key": 0,
          "schema_version": 0,
          "attributes": {
            "bucket": "logs-chat-with-docs-ui-bucket",
            "id": "logs-chat-with-docs-ui-bucket",
            "rule": [
              {
                "object_ownership": "BucketOwnerEnforced"
              }
            ]
          },
          "sensitive_attributes": [],
          "private": "bnVsbA==",
          "dependencies": [
            "data.aws_caller_identity.current",
            "module.log_bucket.aws_s3_bucket.this",
            "module.log_bucket.aws_s3_bucket_policy.this",
            "module.log_bucket.aws_s3_bucket_public_access_block.this",
            "module.log_bucket.data.aws_caller_identity.current",
            "module.log_bucket.data.aws_iam_policy_document.access_log_delivery",
            "module.log_bucket.data.aws_iam_policy_document.combined",
            "module.log_bucket.data.aws_iam_policy_document.deny_incorrect_encryption_headers",
            "module.log_bucket.data.aws_iam_policy_document.deny_incorrect_kms_key_sse",
            "module.log_bucket.data.aws_iam_policy_document.deny_insecure_transport",
            "module.log_bucket.data.aws_iam_policy_document.deny_unencrypted_object_uploads",
            "module.log_bucket.data.aws_iam_policy_document.elb_log_delivery",
            "module.log_bucket.data.aws_iam_policy_document.inventory_and_analytics_destination_policy",
            "module.log_bucket.data.aws_iam_policy_document.lb_log_delivery",
            "module.log_bucket.data.aws_iam_policy_document.require_latest_tls",
            "module.log_bucket.data.aws_partition.current",
            "module.log_bucket.data.aws_region.current"
          ]
        }
      ]
    },
    {
      "module": "module.log_bucket",
      "mode": "managed",
      "type": "aws_s3_bucket_policy",
      "name": "this",
      "provider": "provider[\"registry.terraform.io/hashicorp/aws\"]",
      "instances": [
        {
          "index_key": 0,
          "schema_version": 0,
          "attributes": {
            "bucket": "logs-chat-with-docs-ui-bucket",
            "id": "logs-chat-with-docs-ui-bucket",
            "policy": "{\"Statement\":[{\"Action\":\"s3:PutObject\",\"Effect\":\"Allow\",\"Principal\":{\"AWS\":\"arn:aws:iam::033677994240:root\"},\"Resource\":\"arn:aws:s3:::logs-chat-with-docs-ui-bucket/*\",\"Sid\":\"ELBRegionUs-East-2\"},{\"Action\":\"s3:PutObject\",\"Effect\":\"Allow\",\"Principal\":{\"Service\":\"logdelivery.elasticloadbalancing.amazonaws.com\"},\"Resource\":\"arn:aws:s3:::logs-chat-with-docs-ui-bucket/*\"},{\"Action\":\"s3:PutObject\",\"Condition\":{\"StringEquals\":{\"s3:x-amz-acl\":[\"bucket-owner-full-control\"]}},\"Effect\":\"Allow\",\"Principal\":{\"Service\":\"delivery.logs.amazonaws.com\"},\"Resource\":\"arn:aws:s3:::logs-chat-with-docs-ui-bucket/*\",\"Sid\":\"AWSLogDeliveryWrite\"},{\"Action\":[\"s3:ListBucket\",\"s3:GetBucketAcl\"],\"Effect\":\"Allow\",\"Principal\":{\"Service\":\"delivery.logs.amazonaws.com\"},\"Resource\":\"arn:aws:s3:::logs-chat-with-docs-ui-bucket\",\"Sid\":\"AWSLogDeliveryAclCheck\"},{\"Action\":\"s3:PutObject\",\"Condition\":{\"ForAnyValue:ArnLike\":{\"aws:SourceArn\":[\"arn:aws:s3:::chat-with-docs-ui-bucket\"]},\"ForAnyValue:StringEquals\":{\"aws:SourceAccount\":[\"145880140878\"]}},\"Effect\":\"Allow\",\"Principal\":{\"Service\":\"logging.s3.amazonaws.com\"},\"Resource\":\"arn:aws:s3:::logs-chat-with-docs-ui-bucket/*\",\"Sid\":\"AWSAccessLogDeliveryWrite\"},{\"Action\":\"s3:GetBucketAcl\",\"Effect\":\"Allow\",\"Principal\":{\"Service\":\"logging.s3.amazonaws.com\"},\"Resource\":\"arn:aws:s3:::logs-chat-with-docs-ui-bucket\",\"Sid\":\"AWSAccessLogDeliveryAclCheck\"},{\"Action\":\"s3:*\",\"Condition\":{\"NumericLessThan\":{\"s3:TlsVersion\":[\"1.2\"]}},\"Effect\":\"Deny\",\"Principal\":\"*\",\"Resource\":[\"arn:aws:s3:::logs-chat-with-docs-ui-bucket/*\",\"arn:aws:s3:::logs-chat-with-docs-ui-bucket\"],\"Sid\":\"denyOutdatedTLS\"},{\"Action\":\"s3:*\",\"Condition\":{\"Bool\":{\"aws:SecureTransport\":[\"false\"]}},\"Effect\":\"Deny\",\"Principal\":\"*\",\"Resource\":[\"arn:aws:s3:::logs-chat-with-docs-ui-bucket/*\",\"arn:aws:s3:::logs-chat-with-docs-ui-bucket\"],\"Sid\":\"denyInsecureTransport\"}],\"Version\":\"2012-10-17\"}"
          },
          "sensitive_attributes": [],
          "private": "bnVsbA==",
          "dependencies": [
            "data.aws_caller_identity.current",
            "module.log_bucket.aws_s3_bucket.this",
            "module.log_bucket.aws_s3_bucket_public_access_block.this",
            "module.log_bucket.data.aws_caller_identity.current",
            "module.log_bucket.data.aws_iam_policy_document.access_log_delivery",
            "module.log_bucket.data.aws_iam_policy_document.combined",
            "module.log_bucket.data.aws_iam_policy_document.deny_incorrect_encryption_headers",
            "module.log_bucket.data.aws_iam_policy_document.deny_incorrect_kms_key_sse",
            "module.log_bucket.data.aws_iam_policy_document.deny_insecure_transport",
            "module.log_bucket.data.aws_iam_policy_document.deny_unencrypted_object_uploads",
            "module.log_bucket.data.aws_iam_policy_document.elb_log_delivery",
            "module.log_bucket.data.aws_iam_policy_document.inventory_and_analytics_destination_policy",
            "module.log_bucket.data.aws_iam_policy_document.lb_log_delivery",
            "module.log_bucket.data.aws_iam_policy_document.require_latest_tls",
            "module.log_bucket.data.aws_partition.current",
            "module.log_bucket.data.aws_region.current"
          ]
        }
      ]
    },
    {
      "module": "module.log_bucket",
      "mode": "managed",
      "type": "aws_s3_bucket_public_access_block",
      "name": "this",
      "provider": "provider[\"registry.terraform.io/hashicorp/aws\"]",
      "instances": [
        {
          "index_key": 0,
          "schema_version": 0,
          "attributes": {
            "block_public_acls": true,
            "block_public_policy": true,
            "bucket": "logs-chat-with-docs-ui-bucket",
            "id": "logs-chat-with-docs-ui-bucket",
            "ignore_public_acls": true,
            "restrict_public_buckets": true
          },
          "sensitive_attributes": [],
          "private": "bnVsbA==",
          "dependencies": [
            "module.log_bucket.aws_s3_bucket.this"
          ]
        }
      ]
    },
    {
      "module": "module.s3_bucket",
      "mode": "data",
      "type": "aws_caller_identity",
      "name": "current",
      "provider": "provider[\"registry.terraform.io/hashicorp/aws\"]",
      "instances": [
        {
          "schema_version": 0,
          "attributes": {
            "account_id": "145880140878",
            "arn": "arn:aws:iam::145880140878:user/andrew-link",
            "id": "145880140878",
            "user_id": "AIDASD5ZCJRHDJEOTUKZF"
          },
          "sensitive_attributes": []
        }
      ]
    },
    {
      "module": "module.s3_bucket",
      "mode": "data",
      "type": "aws_canonical_user_id",
      "name": "this",
      "provider": "provider[\"registry.terraform.io/hashicorp/aws\"]",
      "instances": [
        {
          "schema_version": 0,
          "attributes": {
            "display_name": "",
            "id": "f9fbc04e22cffff67ea7798c8f645088db893c8597ad25be3293143ff382de00"
          },
          "sensitive_attributes": []
        }
      ]
    },
    {
      "module": "module.s3_bucket",
      "mode": "data",
      "type": "aws_iam_policy_document",
      "name": "combined",
      "provider": "provider[\"registry.terraform.io/hashicorp/aws\"]",
      "instances": [
        {
          "index_key": 0,
          "schema_version": 0,
          "attributes": {
            "id": "1713609842",
            "json": "{\n  \"Version\": \"2012-10-17\",\n  \"Statement\": [\n    {\n      \"Effect\": \"Allow\",\n      \"Action\": \"s3:ListBucket\",\n      \"Resource\": \"arn:aws:s3:::chat-with-docs-ui-bucket\",\n      \"Principal\": {\n        \"AWS\": \"arn:aws:iam::145880140878:role/terraform-20230820022511548800000001\"\n      }\n    }\n  ]\n}",
            "override_policy_documents": null,
            "policy_id": null,
            "source_policy_documents": [
              "{\n  \"Version\": \"2012-10-17\",\n  \"Statement\": [\n    {\n      \"Effect\": \"Allow\",\n      \"Action\": \"s3:ListBucket\",\n      \"Resource\": \"arn:aws:s3:::chat-with-docs-ui-bucket\",\n      \"Principal\": {\n        \"AWS\": \"arn:aws:iam::145880140878:role/terraform-20230820022511548800000001\"\n      }\n    }\n  ]\n}"
            ],
            "statement": null,
            "version": "2012-10-17"
          },
          "sensitive_attributes": []
        }
      ]
    },
    {
      "module": "module.s3_bucket",
      "mode": "data",
      "type": "aws_partition",
      "name": "current",
      "provider": "provider[\"registry.terraform.io/hashicorp/aws\"]",
      "instances": [
        {
          "schema_version": 0,
          "attributes": {
            "dns_suffix": "amazonaws.com",
            "id": "aws",
            "partition": "aws",
            "reverse_dns_prefix": "com.amazonaws"
          },
          "sensitive_attributes": []
        }
      ]
    },
    {
      "module": "module.s3_bucket",
      "mode": "data",
      "type": "aws_region",
      "name": "current",
      "provider": "provider[\"registry.terraform.io/hashicorp/aws\"]",
      "instances": [
        {
          "schema_version": 0,
          "attributes": {
            "description": "US East (Ohio)",
            "endpoint": "ec2.us-east-2.amazonaws.com",
            "id": "us-east-2",
            "name": "us-east-2"
          },
          "sensitive_attributes": []
        }
      ]
    },
    {
      "module": "module.s3_bucket",
      "mode": "managed",
      "type": "aws_s3_bucket",
      "name": "this",
      "provider": "provider[\"registry.terraform.io/hashicorp/aws\"]",
      "instances": [
        {
          "index_key": 0,
          "schema_version": 0,
          "attributes": {
            "acceleration_status": "Suspended",
            "acl": null,
            "arn": "arn:aws:s3:::chat-with-docs-ui-bucket",
            "bucket": "chat-with-docs-ui-bucket",
            "bucket_domain_name": "chat-with-docs-ui-bucket.s3.amazonaws.com",
            "bucket_prefix": "",
            "bucket_regional_domain_name": "chat-with-docs-ui-bucket.s3.us-east-2.amazonaws.com",
            "cors_rule": [
              {
                "allowed_headers": [
                  "*"
                ],
                "allowed_methods": [
                  "POST",
                  "GET",
                  "DELETE",
                  "PUT"
                ],
                "allowed_origins": [
                  "*"
                ],
                "expose_headers": [
                  "ETag"
                ],
                "max_age_seconds": 3000
              }
            ],
            "force_destroy": true,
            "grant": [
              {
                "id": "f9fbc04e22cffff67ea7798c8f645088db893c8597ad25be3293143ff382de00",
                "permissions": [
                  "FULL_CONTROL"
                ],
                "type": "CanonicalUser",
                "uri": ""
              }
            ],
            "hosted_zone_id": "Z2O1EMRO9K5GLX",
            "id": "chat-with-docs-ui-bucket",
            "lifecycle_rule": [
              {
                "abort_incomplete_multipart_upload_days": 0,
                "enabled": true,
                "expiration": [],
                "id": "log",
                "noncurrent_version_expiration": [],
                "noncurrent_version_transition": [],
                "prefix": "",
                "tags": {
                  "another": "value2",
                  "some": "value"
                },
                "transition": [
                  {
                    "date": "",
                    "days": 30,
                    "storage_class": "ONEZONE_IA"
                  },
                  {
                    "date": "",
                    "days": 60,
                    "storage_class": "GLACIER"
                  }
                ]
              },
              {
                "abort_incomplete_multipart_upload_days": 7,
                "enabled": true,
                "expiration": [],
                "id": "log1",
                "noncurrent_version_expiration": [
                  {
                    "days": 300
                  }
                ],
                "noncurrent_version_transition": [
                  {
                    "days": 30,
                    "storage_class": "STANDARD_IA"
                  },
                  {
                    "days": 60,
                    "storage_class": "ONEZONE_IA"
                  },
                  {
                    "days": 90,
                    "storage_class": "GLACIER"
                  }
                ],
                "prefix": "",
                "tags": {},
                "transition": []
              },
              {
                "abort_incomplete_multipart_upload_days": 0,
                "enabled": true,
                "expiration": [],
                "id": "log2",
                "noncurrent_version_expiration": [
                  {
                    "days": 300
                  }
                ],
                "noncurrent_version_transition": [
                  {
                    "days": 30,
                    "storage_class": "STANDARD_IA"
                  }
                ],
                "prefix": "log1/",
                "tags": {
                  "another": "value2",
                  "some": "value"
                },
                "transition": []
              }
            ],
            "logging": [
              {
                "target_bucket": "logs-chat-with-docs-ui-bucket",
                "target_prefix": "log/"
              }
            ],
            "object_lock_configuration": [
              {
                "object_lock_enabled": "Enabled",
                "rule": [
                  {
                    "default_retention": [
                      {
                        "days": 1,
                        "mode": "GOVERNANCE",
                        "years": 0
                      }
                    ]
                  }
                ]
              }
            ],
            "object_lock_enabled": true,
            "policy": "{\"Statement\":[{\"Action\":\"s3:ListBucket\",\"Effect\":\"Allow\",\"Principal\":{\"AWS\":\"arn:aws:iam::145880140878:role/terraform-20230820022511548800000001\"},\"Resource\":\"arn:aws:s3:::chat-with-docs-ui-bucket\"}],\"Version\":\"2012-10-17\"}",
            "region": "us-east-2",
            "replication_configuration": [],
            "request_payer": "BucketOwner",
            "server_side_encryption_configuration": [
              {
                "rule": [
                  {
                    "apply_server_side_encryption_by_default": [
                      {
                        "kms_master_key_id": "arn:aws:kms:us-east-2:145880140878:key/0f78b4ab-3187-4b1c-a531-513c6c984192",
                        "sse_algorithm": "aws:kms"
                      }
                    ],
                    "bucket_key_enabled": false
                  }
                ]
              }
            ],
            "tags": {
              "Owner": "Andrew"
            },
            "tags_all": {
              "Owner": "Andrew"
            },
            "timeouts": null,
            "versioning": [
              {
                "enabled": true,
                "mfa_delete": false
              }
            ],
            "website": [
              {
                "error_document": "error.html",
                "index_document": "index.html",
                "redirect_all_requests_to": "",
                "routing_rules": "[{\"Condition\":{\"KeyPrefixEquals\":\"docs/\"},\"Redirect\":{\"ReplaceKeyPrefixWith\":\"documents/\"}},{\"Condition\":{\"HttpErrorCodeReturnedEquals\":\"404\",\"KeyPrefixEquals\":\"archive/\"},\"Redirect\":{\"HostName\":\"archive.myhost.com\",\"HttpRedirectCode\":\"301\",\"Protocol\":\"https\",\"ReplaceKeyWith\":\"not_found.html\"}}]"
              }
            ],
            "website_domain": "s3-website.us-east-2.amazonaws.com",
            "website_endpoint": "chat-with-docs-ui-bucket.s3-website.us-east-2.amazonaws.com"
          },
          "sensitive_attributes": [],
          "private": "eyJlMmJmYjczMC1lY2FhLTExZTYtOGY4OC0zNDM2M2JjN2M0YzAiOnsiY3JlYXRlIjoxMjAwMDAwMDAwMDAwLCJkZWxldGUiOjM2MDAwMDAwMDAwMDAsInJlYWQiOjEyMDAwMDAwMDAwMDAsInVwZGF0ZSI6MTIwMDAwMDAwMDAwMH19"
        }
      ]
    },
    {
      "module": "module.s3_bucket",
      "mode": "managed",
      "type": "aws_s3_bucket_accelerate_configuration",
      "name": "this",
      "provider": "provider[\"registry.terraform.io/hashicorp/aws\"]",
      "instances": [
        {
          "index_key": 0,
          "schema_version": 0,
          "attributes": {
            "bucket": "chat-with-docs-ui-bucket",
            "expected_bucket_owner": "145880140878",
            "id": "chat-with-docs-ui-bucket,145880140878",
            "status": "Suspended"
          },
          "sensitive_attributes": [],
          "private": "bnVsbA==",
          "dependencies": [
            "data.aws_caller_identity.current",
            "module.s3_bucket.aws_s3_bucket.this"
          ]
        }
      ]
    },
    {
      "module": "module.s3_bucket",
      "mode": "managed",
      "type": "aws_s3_bucket_acl",
      "name": "this",
      "provider": "provider[\"registry.terraform.io/hashicorp/aws\"]",
      "instances": [
        {
          "index_key": 0,
          "schema_version": 0,
          "attributes": {
            "access_control_policy": [
              {
                "grant": [
                  {
                    "grantee": [
                      {
                        "display_name": "",
                        "email_address": "",
                        "id": "f9fbc04e22cffff67ea7798c8f645088db893c8597ad25be3293143ff382de00",
                        "type": "CanonicalUser",
                        "uri": ""
                      }
                    ],
                    "permission": "FULL_CONTROL"
                  }
                ],
                "owner": [
                  {
                    "display_name": "",
                    "id": "f9fbc04e22cffff67ea7798c8f645088db893c8597ad25be3293143ff382de00"
                  }
                ]
              }
            ],
            "acl": "private",
            "bucket": "chat-with-docs-ui-bucket",
            "expected_bucket_owner": "145880140878",
            "id": "chat-with-docs-ui-bucket,145880140878,private"
          },
          "sensitive_attributes": [],
          "private": "bnVsbA==",
          "dependencies": [
            "aws_iam_role.this",
            "aws_kms_key.objects",
            "data.aws_caller_identity.current",
            "data.aws_iam_policy_document.bucket_policy",
            "module.s3_bucket.aws_s3_bucket.this",
            "module.s3_bucket.aws_s3_bucket_ownership_controls.this",
            "module.s3_bucket.aws_s3_bucket_policy.this",
            "module.s3_bucket.aws_s3_bucket_public_access_block.this",
            "module.s3_bucket.data.aws_caller_identity.current",
            "module.s3_bucket.data.aws_canonical_user_id.this",
            "module.s3_bucket.data.aws_iam_policy_document.access_log_delivery",
            "module.s3_bucket.data.aws_iam_policy_document.combined",
            "module.s3_bucket.data.aws_iam_policy_document.deny_incorrect_encryption_headers",
            "module.s3_bucket.data.aws_iam_policy_document.deny_incorrect_kms_key_sse",
            "module.s3_bucket.data.aws_iam_policy_document.deny_insecure_transport",
            "module.s3_bucket.data.aws_iam_policy_document.deny_unencrypted_object_uploads",
            "module.s3_bucket.data.aws_iam_policy_document.elb_log_delivery",
            "module.s3_bucket.data.aws_iam_policy_document.inventory_and_analytics_destination_policy",
            "module.s3_bucket.data.aws_iam_policy_document.lb_log_delivery",
            "module.s3_bucket.data.aws_iam_policy_document.require_latest_tls",
            "module.s3_bucket.data.aws_partition.current",
            "module.s3_bucket.data.aws_region.current"
          ]
        }
      ]
    },
    {
      "module": "module.s3_bucket",
      "mode": "managed",
      "type": "aws_s3_bucket_cors_configuration",
      "name": "this",
      "provider": "provider[\"registry.terraform.io/hashicorp/aws\"]",
      "instances": [
        {
          "index_key": 0,
          "schema_version": 0,
          "attributes": {
            "bucket": "chat-with-docs-ui-bucket",
            "cors_rule": [
              {
                "allowed_headers": [
                  "*"
                ],
                "allowed_methods": [
                  "DELETE",
                  "GET",
                  "POST",
                  "PUT"
                ],
                "allowed_origins": [
                  "*"
                ],
                "expose_headers": [
                  "ETag"
                ],
                "id": "",
                "max_age_seconds": 3000
              }
            ],
            "expected_bucket_owner": "145880140878",
            "id": "chat-with-docs-ui-bucket,145880140878"
          },
          "sensitive_attributes": [],
          "private": "bnVsbA==",
          "dependencies": [
            "data.aws_caller_identity.current",
            "module.s3_bucket.aws_s3_bucket.this"
          ]
        }
      ]
    },
    {
      "module": "module.s3_bucket",
      "mode": "managed",
      "type": "aws_s3_bucket_intelligent_tiering_configuration",
      "name": "this",
      "provider": "provider[\"registry.terraform.io/hashicorp/aws\"]",
      "instances": [
        {
          "index_key": "documents",
          "schema_version": 0,
          "attributes": {
            "bucket": "chat-with-docs-ui-bucket",
            "filter": [
              {
                "prefix": "documents/",
                "tags": {}
              }
            ],
            "id": "chat-with-docs-ui-bucket:documents",
            "name": "documents",
            "status": "Disabled",
            "tiering": [
              {
                "access_tier": "ARCHIVE_ACCESS",
                "days": 125
              },
              {
                "access_tier": "DEEP_ARCHIVE_ACCESS",
                "days": 200
              }
            ]
          },
          "sensitive_attributes": [],
          "private": "bnVsbA==",
          "dependencies": [
            "module.s3_bucket.aws_s3_bucket.this"
          ]
        },
        {
          "index_key": "general",
          "schema_version": 0,
          "attributes": {
            "bucket": "chat-with-docs-ui-bucket",
            "filter": [
              {
                "prefix": "/",
                "tags": {
                  "Environment": "dev"
                }
              }
            ],
            "id": "chat-with-docs-ui-bucket:general",
            "name": "general",
            "status": "Enabled",
            "tiering": [
              {
                "access_tier": "ARCHIVE_ACCESS",
                "days": 180
              }
            ]
          },
          "sensitive_attributes": [],
          "private": "bnVsbA==",
          "dependencies": [
            "module.s3_bucket.aws_s3_bucket.this"
          ]
        }
      ]
    },
    {
      "module": "module.s3_bucket",
      "mode": "managed",
      "type": "aws_s3_bucket_lifecycle_configuration",
      "name": "this",
      "provider": "provider[\"registry.terraform.io/hashicorp/aws\"]",
      "instances": [
        {
          "index_key": 0,
          "schema_version": 0,
          "attributes": {
            "bucket": "chat-with-docs-ui-bucket",
            "expected_bucket_owner": "145880140878",
            "id": "chat-with-docs-ui-bucket,145880140878",
            "rule": [
              {
                "abort_incomplete_multipart_upload": [],
                "expiration": [],
                "filter": [
                  {
                    "and": [
                      {
                        "object_size_greater_than": 0,
                        "object_size_less_than": 0,
                        "prefix": "",
                        "tags": {
                          "another": "value2",
                          "some": "value"
                        }
                      }
                    ],
                    "object_size_greater_than": "",
                    "object_size_less_than": "",
                    "prefix": "",
                    "tag": []
                  }
                ],
                "id": "log",
                "noncurrent_version_expiration": [],
                "noncurrent_version_transition": [],
                "prefix": "",
                "status": "Enabled",
                "transition": [
                  {
                    "date": "",
                    "days": 30,
                    "storage_class": "ONEZONE_IA"
                  },
                  {
                    "date": "",
                    "days": 60,
                    "storage_class": "GLACIER"
                  }
                ]
              },
              {
                "abort_incomplete_multipart_upload": [
                  {
                    "days_after_initiation": 7
                  }
                ],
                "expiration": [],
                "filter": [
                  {
                    "and": [],
                    "object_size_greater_than": null,
                    "object_size_less_than": null,
                    "prefix": null,
                    "tag": []
                  }
                ],
                "id": "log1",
                "noncurrent_version_expiration": [
                  {
                    "newer_noncurrent_versions": "",
                    "noncurrent_days": 300
                  }
                ],
                "noncurrent_version_transition": [
                  {
                    "newer_noncurrent_versions": "",
                    "noncurrent_days": 30,
                    "storage_class": "STANDARD_IA"
                  },
                  {
                    "newer_noncurrent_versions": "",
                    "noncurrent_days": 60,
                    "storage_class": "ONEZONE_IA"
                  },
                  {
                    "newer_noncurrent_versions": "",
                    "noncurrent_days": 90,
                    "storage_class": "GLACIER"
                  }
                ],
                "prefix": "",
                "status": "Enabled",
                "transition": []
              },
              {
                "abort_incomplete_multipart_upload": [],
                "expiration": [],
                "filter": [
                  {
                    "and": [
                      {
                        "object_size_greater_than": 200000,
                        "object_size_less_than": 500000,
                        "prefix": "log1/",
                        "tags": {
                          "another": "value2",
                          "some": "value"
                        }
                      }
                    ],
                    "object_size_greater_than": "",
                    "object_size_less_than": "",
                    "prefix": "",
                    "tag": []
                  }
                ],
                "id": "log2",
                "noncurrent_version_expiration": [
                  {
                    "newer_noncurrent_versions": "",
                    "noncurrent_days": 300
                  }
                ],
                "noncurrent_version_transition": [
                  {
                    "newer_noncurrent_versions": "",
                    "noncurrent_days": 30,
                    "storage_class": "STANDARD_IA"
                  }
                ],
                "prefix": "",
                "status": "Enabled",
                "transition": []
              }
            ]
          },
          "sensitive_attributes": [],
          "private": "bnVsbA==",
          "dependencies": [
            "data.aws_caller_identity.current",
            "module.s3_bucket.aws_s3_bucket.this",
            "module.s3_bucket.aws_s3_bucket_versioning.this"
          ]
        }
      ]
    },
    {
      "module": "module.s3_bucket",
      "mode": "managed",
      "type": "aws_s3_bucket_logging",
      "name": "this",
      "provider": "provider[\"registry.terraform.io/hashicorp/aws\"]",
      "instances": [
        {
          "index_key": 0,
          "schema_version": 0,
          "attributes": {
            "bucket": "chat-with-docs-ui-bucket",
            "expected_bucket_owner": "",
            "id": "chat-with-docs-ui-bucket",
            "target_bucket": "logs-chat-with-docs-ui-bucket",
            "target_grant": [],
            "target_prefix": "log/"
          },
          "sensitive_attributes": [],
          "private": "bnVsbA==",
          "dependencies": [
            "data.aws_caller_identity.current",
            "module.log_bucket.aws_s3_bucket.this",
            "module.log_bucket.aws_s3_bucket_policy.this",
            "module.log_bucket.aws_s3_bucket_public_access_block.this",
            "module.log_bucket.data.aws_caller_identity.current",
            "module.log_bucket.data.aws_iam_policy_document.access_log_delivery",
            "module.log_bucket.data.aws_iam_policy_document.combined",
            "module.log_bucket.data.aws_iam_policy_document.deny_incorrect_encryption_headers",
            "module.log_bucket.data.aws_iam_policy_document.deny_incorrect_kms_key_sse",
            "module.log_bucket.data.aws_iam_policy_document.deny_insecure_transport",
            "module.log_bucket.data.aws_iam_policy_document.deny_unencrypted_object_uploads",
            "module.log_bucket.data.aws_iam_policy_document.elb_log_delivery",
            "module.log_bucket.data.aws_iam_policy_document.inventory_and_analytics_destination_policy",
            "module.log_bucket.data.aws_iam_policy_document.lb_log_delivery",
            "module.log_bucket.data.aws_iam_policy_document.require_latest_tls",
            "module.log_bucket.data.aws_partition.current",
            "module.log_bucket.data.aws_region.current",
            "module.s3_bucket.aws_s3_bucket.this"
          ]
        }
      ]
    },
    {
      "module": "module.s3_bucket",
      "mode": "managed",
      "type": "aws_s3_bucket_metric",
      "name": "this",
      "provider": "provider[\"registry.terraform.io/hashicorp/aws\"]",
      "instances": [
        {
          "index_key": "0",
          "schema_version": 0,
          "attributes": {
            "bucket": "chat-with-docs-ui-bucket",
            "filter": [
              {
                "prefix": "documents/",
                "tags": {
                  "priority": "high"
                }
              }
            ],
            "id": "chat-with-docs-ui-bucket:documents",
            "name": "documents"
          },
          "sensitive_attributes": [],
          "private": "bnVsbA==",
          "dependencies": [
            "module.s3_bucket.aws_s3_bucket.this"
          ]
        },
        {
          "index_key": "1",
          "schema_version": 0,
          "attributes": {
            "bucket": "chat-with-docs-ui-bucket",
            "filter": [
              {
                "prefix": "",
                "tags": {
                  "production": "true"
                }
              }
            ],
            "id": "chat-with-docs-ui-bucket:other",
            "name": "other"
          },
          "sensitive_attributes": [],
          "private": "bnVsbA==",
          "dependencies": [
            "module.s3_bucket.aws_s3_bucket.this"
          ]
        },
        {
          "index_key": "2",
          "schema_version": 0,
          "attributes": {
            "bucket": "chat-with-docs-ui-bucket",
            "filter": [],
            "id": "chat-with-docs-ui-bucket:all",
            "name": "all"
          },
          "sensitive_attributes": [],
          "private": "bnVsbA==",
          "dependencies": [
            "module.s3_bucket.aws_s3_bucket.this"
          ]
        }
      ]
    },
    {
      "module": "module.s3_bucket",
      "mode": "managed",
      "type": "aws_s3_bucket_object_lock_configuration",
      "name": "this",
      "provider": "provider[\"registry.terraform.io/hashicorp/aws\"]",
      "instances": [
        {
          "index_key": 0,
          "schema_version": 0,
          "attributes": {
            "bucket": "chat-with-docs-ui-bucket",
            "expected_bucket_owner": "145880140878",
            "id": "chat-with-docs-ui-bucket,145880140878",
            "object_lock_enabled": "Enabled",
            "rule": [
              {
                "default_retention": [
                  {
                    "days": 1,
                    "mode": "GOVERNANCE",
                    "years": 0
                  }
                ]
              }
            ],
            "token": null
          },
          "sensitive_attributes": [],
          "private": "bnVsbA==",
          "dependencies": [
            "data.aws_caller_identity.current",
            "module.s3_bucket.aws_s3_bucket.this"
          ]
        }
      ]
    },
    {
      "module": "module.s3_bucket",
      "mode": "managed",
      "type": "aws_s3_bucket_ownership_controls",
      "name": "this",
      "provider": "provider[\"registry.terraform.io/hashicorp/aws\"]",
      "instances": [
        {
          "index_key": 0,
          "schema_version": 0,
          "attributes": {
            "bucket": "chat-with-docs-ui-bucket",
            "id": "chat-with-docs-ui-bucket",
            "rule": [
              {
                "object_ownership": "BucketOwnerPreferred"
              }
            ]
          },
          "sensitive_attributes": [],
          "private": "bnVsbA==",
          "dependencies": [
            "aws_iam_role.this",
            "aws_kms_key.objects",
            "data.aws_iam_policy_document.bucket_policy",
            "module.s3_bucket.aws_s3_bucket.this",
            "module.s3_bucket.aws_s3_bucket_policy.this",
            "module.s3_bucket.aws_s3_bucket_public_access_block.this",
            "module.s3_bucket.data.aws_caller_identity.current",
            "module.s3_bucket.data.aws_iam_policy_document.access_log_delivery",
            "module.s3_bucket.data.aws_iam_policy_document.combined",
            "module.s3_bucket.data.aws_iam_policy_document.deny_incorrect_encryption_headers",
            "module.s3_bucket.data.aws_iam_policy_document.deny_incorrect_kms_key_sse",
            "module.s3_bucket.data.aws_iam_policy_document.deny_insecure_transport",
            "module.s3_bucket.data.aws_iam_policy_document.deny_unencrypted_object_uploads",
            "module.s3_bucket.data.aws_iam_policy_document.elb_log_delivery",
            "module.s3_bucket.data.aws_iam_policy_document.inventory_and_analytics_destination_policy",
            "module.s3_bucket.data.aws_iam_policy_document.lb_log_delivery",
            "module.s3_bucket.data.aws_iam_policy_document.require_latest_tls",
            "module.s3_bucket.data.aws_partition.current",
            "module.s3_bucket.data.aws_region.current"
          ]
        }
      ]
    },
    {
      "module": "module.s3_bucket",
      "mode": "managed",
      "type": "aws_s3_bucket_policy",
      "name": "this",
      "provider": "provider[\"registry.terraform.io/hashicorp/aws\"]",
      "instances": [
        {
          "index_key": 0,
          "schema_version": 0,
          "attributes": {
            "bucket": "chat-with-docs-ui-bucket",
            "id": "chat-with-docs-ui-bucket",
            "policy": "{\"Statement\":[{\"Action\":\"s3:ListBucket\",\"Effect\":\"Allow\",\"Principal\":{\"AWS\":\"arn:aws:iam::145880140878:role/terraform-20230820022511548800000001\"},\"Resource\":\"arn:aws:s3:::chat-with-docs-ui-bucket\"}],\"Version\":\"2012-10-17\"}"
          },
          "sensitive_attributes": [],
          "private": "bnVsbA==",
          "dependencies": [
            "aws_iam_role.this",
            "aws_kms_key.objects",
            "data.aws_iam_policy_document.bucket_policy",
            "module.s3_bucket.aws_s3_bucket.this",
            "module.s3_bucket.aws_s3_bucket_public_access_block.this",
            "module.s3_bucket.data.aws_caller_identity.current",
            "module.s3_bucket.data.aws_iam_policy_document.access_log_delivery",
            "module.s3_bucket.data.aws_iam_policy_document.combined",
            "module.s3_bucket.data.aws_iam_policy_document.deny_incorrect_encryption_headers",
            "module.s3_bucket.data.aws_iam_policy_document.deny_incorrect_kms_key_sse",
            "module.s3_bucket.data.aws_iam_policy_document.deny_insecure_transport",
            "module.s3_bucket.data.aws_iam_policy_document.deny_unencrypted_object_uploads",
            "module.s3_bucket.data.aws_iam_policy_document.elb_log_delivery",
            "module.s3_bucket.data.aws_iam_policy_document.inventory_and_analytics_destination_policy",
            "module.s3_bucket.data.aws_iam_policy_document.lb_log_delivery",
            "module.s3_bucket.data.aws_iam_policy_document.require_latest_tls",
            "module.s3_bucket.data.aws_partition.current",
            "module.s3_bucket.data.aws_region.current"
          ]
        }
      ]
    },
    {
      "module": "module.s3_bucket",
      "mode": "managed",
      "type": "aws_s3_bucket_public_access_block",
      "name": "this",
      "provider": "provider[\"registry.terraform.io/hashicorp/aws\"]",
      "instances": [
        {
          "index_key": 0,
          "schema_version": 0,
          "attributes": {
            "block_public_acls": false,
            "block_public_policy": false,
            "bucket": "chat-with-docs-ui-bucket",
            "id": "chat-with-docs-ui-bucket",
            "ignore_public_acls": false,
            "restrict_public_buckets": false
          },
          "sensitive_attributes": [],
          "private": "bnVsbA==",
          "dependencies": [
            "module.s3_bucket.aws_s3_bucket.this"
          ]
        }
      ]
    },
    {
      "module": "module.s3_bucket",
      "mode": "managed",
      "type": "aws_s3_bucket_request_payment_configuration",
      "name": "this",
      "provider": "provider[\"registry.terraform.io/hashicorp/aws\"]",
      "instances": [
        {
          "index_key": 0,
          "schema_version": 0,
          "attributes": {
            "bucket": "chat-with-docs-ui-bucket",
            "expected_bucket_owner": "145880140878",
            "id": "chat-with-docs-ui-bucket,145880140878",
            "payer": "BucketOwner"
          },
          "sensitive_attributes": [],
          "private": "bnVsbA==",
          "dependencies": [
            "data.aws_caller_identity.current",
            "module.s3_bucket.aws_s3_bucket.this"
          ]
        }
      ]
    },
    {
      "module": "module.s3_bucket",
      "mode": "managed",
      "type": "aws_s3_bucket_server_side_encryption_configuration",
      "name": "this",
      "provider": "provider[\"registry.terraform.io/hashicorp/aws\"]",
      "instances": [
        {
          "index_key": 0,
          "schema_version": 0,
          "attributes": {
            "bucket": "chat-with-docs-ui-bucket",
            "expected_bucket_owner": "145880140878",
            "id": "chat-with-docs-ui-bucket,145880140878",
            "rule": [
              {
                "apply_server_side_encryption_by_default": [
                  {
                    "kms_master_key_id": "arn:aws:kms:us-east-2:145880140878:key/0f78b4ab-3187-4b1c-a531-513c6c984192",
                    "sse_algorithm": "aws:kms"
                  }
                ],
                "bucket_key_enabled": false
              }
            ]
          },
          "sensitive_attributes": [],
          "private": "bnVsbA==",
          "dependencies": [
            "aws_kms_key.objects",
            "data.aws_caller_identity.current",
            "module.s3_bucket.aws_s3_bucket.this"
          ]
        }
      ]
    },
    {
      "module": "module.s3_bucket",
      "mode": "managed",
      "type": "aws_s3_bucket_versioning",
      "name": "this",
      "provider": "provider[\"registry.terraform.io/hashicorp/aws\"]",
      "instances": [
        {
          "index_key": 0,
          "schema_version": 0,
          "attributes": {
            "bucket": "chat-with-docs-ui-bucket",
            "expected_bucket_owner": "145880140878",
            "id": "chat-with-docs-ui-bucket,145880140878",
            "mfa": null,
            "versioning_configuration": [
              {
                "mfa_delete": "Disabled",
                "status": "Enabled"
              }
            ]
          },
          "sensitive_attributes": [],
          "private": "bnVsbA==",
          "dependencies": [
            "data.aws_caller_identity.current",
            "module.s3_bucket.aws_s3_bucket.this"
          ]
        }
      ]
    },
    {
      "module": "module.s3_bucket",
      "mode": "managed",
      "type": "aws_s3_bucket_website_configuration",
      "name": "this",
      "provider": "provider[\"registry.terraform.io/hashicorp/aws\"]",
      "instances": [
        {
          "index_key": 0,
          "schema_version": 0,
          "attributes": {
            "bucket": "chat-with-docs-ui-bucket",
            "error_document": [
              {
                "key": "error.html"
              }
            ],
            "expected_bucket_owner": "145880140878",
            "id": "chat-with-docs-ui-bucket,145880140878",
            "index_document": [
              {
                "suffix": "index.html"
              }
            ],
            "redirect_all_requests_to": [],
            "routing_rule": [
              {
                "condition": [
                  {
                    "http_error_code_returned_equals": "",
                    "key_prefix_equals": "docs/"
                  }
                ],
                "redirect": [
                  {
                    "host_name": "",
                    "http_redirect_code": "",
                    "protocol": "",
                    "replace_key_prefix_with": "documents/",
                    "replace_key_with": ""
                  }
                ]
              },
              {
                "condition": [
                  {
                    "http_error_code_returned_equals": "404",
                    "key_prefix_equals": "archive/"
                  }
                ],
                "redirect": [
                  {
                    "host_name": "archive.myhost.com",
                    "http_redirect_code": "301",
                    "protocol": "https",
                    "replace_key_prefix_with": "",
                    "replace_key_with": "not_found.html"
                  }
                ]
              }
            ],
            "routing_rules": "[{\"Condition\":{\"KeyPrefixEquals\":\"docs/\"},\"Redirect\":{\"ReplaceKeyPrefixWith\":\"documents/\"}},{\"Condition\":{\"HttpErrorCodeReturnedEquals\":\"404\",\"KeyPrefixEquals\":\"archive/\"},\"Redirect\":{\"HostName\":\"archive.myhost.com\",\"HttpRedirectCode\":\"301\",\"Protocol\":\"https\",\"ReplaceKeyWith\":\"not_found.html\"}}]",
            "website_domain": "s3-website.us-east-2.amazonaws.com",
            "website_endpoint": "chat-with-docs-ui-bucket.s3-website.us-east-2.amazonaws.com"
          },
          "sensitive_attributes": [],
          "private": "bnVsbA==",
          "dependencies": [
            "data.aws_caller_identity.current",
            "module.s3_bucket.aws_s3_bucket.this"
          ]
        }
      ]
    },
    {
      "module": "module.storage_bucket",
      "mode": "data",
      "type": "aws_caller_identity",
      "name": "current",
      "provider": "provider[\"registry.terraform.io/hashicorp/aws\"]",
      "instances": [
        {
          "schema_version": 0,
          "attributes": {
            "account_id": "145880140878",
            "arn": "arn:aws:iam::145880140878:user/andrew-link",
            "id": "145880140878",
            "user_id": "AIDASD5ZCJRHDJEOTUKZF"
          },
          "sensitive_attributes": []
        }
      ]
    },
    {
      "module": "module.storage_bucket",
      "mode": "data",
      "type": "aws_canonical_user_id",
      "name": "this",
      "provider": "provider[\"registry.terraform.io/hashicorp/aws\"]",
      "instances": [
        {
          "schema_version": 0,
          "attributes": {
            "display_name": "",
            "id": "f9fbc04e22cffff67ea7798c8f645088db893c8597ad25be3293143ff382de00"
          },
          "sensitive_attributes": []
        }
      ]
    },
    {
      "module": "module.storage_bucket",
      "mode": "data",
      "type": "aws_partition",
      "name": "current",
      "provider": "provider[\"registry.terraform.io/hashicorp/aws\"]",
      "instances": [
        {
          "schema_version": 0,
          "attributes": {
            "dns_suffix": "amazonaws.com",
            "id": "aws",
            "partition": "aws",
            "reverse_dns_prefix": "com.amazonaws"
          },
          "sensitive_attributes": []
        }
      ]
    },
    {
      "module": "module.storage_bucket",
      "mode": "data",
      "type": "aws_region",
      "name": "current",
      "provider": "provider[\"registry.terraform.io/hashicorp/aws\"]",
      "instances": [
        {
          "schema_version": 0,
          "attributes": {
            "description": "US East (Ohio)",
            "endpoint": "ec2.us-east-2.amazonaws.com",
            "id": "us-east-2",
            "name": "us-east-2"
          },
          "sensitive_attributes": []
        }
      ]
    },
    {
      "module": "module.storage_bucket",
      "mode": "managed",
      "type": "aws_s3_bucket",
      "name": "this",
      "provider": "provider[\"registry.terraform.io/hashicorp/aws\"]",
      "instances": [
        {
          "index_key": 0,
          "schema_version": 0,
          "attributes": {
            "acceleration_status": "",
            "acl": null,
            "arn": "arn:aws:s3:::chat-with-docs-storage-bucket",
            "bucket": "chat-with-docs-storage-bucket",
            "bucket_domain_name": "chat-with-docs-storage-bucket.s3.amazonaws.com",
            "bucket_prefix": "",
            "bucket_regional_domain_name": "chat-with-docs-storage-bucket.s3.us-east-2.amazonaws.com",
            "cors_rule": [],
            "force_destroy": false,
            "grant": [
              {
                "id": "f9fbc04e22cffff67ea7798c8f645088db893c8597ad25be3293143ff382de00",
                "permissions": [
                  "FULL_CONTROL"
                ],
                "type": "CanonicalUser",
                "uri": ""
              }
            ],
            "hosted_zone_id": "Z2O1EMRO9K5GLX",
            "id": "chat-with-docs-storage-bucket",
            "lifecycle_rule": [],
            "logging": [],
            "object_lock_configuration": [],
            "object_lock_enabled": false,
            "policy": "",
            "region": "us-east-2",
            "replication_configuration": [],
            "request_payer": "BucketOwner",
            "server_side_encryption_configuration": [
              {
                "rule": [
                  {
                    "apply_server_side_encryption_by_default": [
                      {
                        "kms_master_key_id": "",
                        "sse_algorithm": "AES256"
                      }
                    ],
                    "bucket_key_enabled": false
                  }
                ]
              }
            ],
            "tags": {},
            "tags_all": {},
            "timeouts": null,
            "versioning": [
              {
                "enabled": false,
                "mfa_delete": false
              }
            ],
            "website": [],
            "website_domain": null,
            "website_endpoint": null
          },
          "sensitive_attributes": [],
          "private": "eyJlMmJmYjczMC1lY2FhLTExZTYtOGY4OC0zNDM2M2JjN2M0YzAiOnsiY3JlYXRlIjoxMjAwMDAwMDAwMDAwLCJkZWxldGUiOjM2MDAwMDAwMDAwMDAsInJlYWQiOjEyMDAwMDAwMDAwMDAsInVwZGF0ZSI6MTIwMDAwMDAwMDAwMH19"
        }
      ]
    },
    {
      "module": "module.storage_bucket",
      "mode": "managed",
      "type": "aws_s3_bucket_public_access_block",
      "name": "this",
      "provider": "provider[\"registry.terraform.io/hashicorp/aws\"]",
      "instances": [
        {
          "index_key": 0,
          "schema_version": 0,
          "attributes": {
            "block_public_acls": true,
            "block_public_policy": true,
            "bucket": "chat-with-docs-storage-bucket",
            "id": "chat-with-docs-storage-bucket",
            "ignore_public_acls": true,
            "restrict_public_buckets": true
          },
          "sensitive_attributes": [],
          "private": "bnVsbA==",
          "dependencies": [
            "module.storage_bucket.aws_s3_bucket.this"
          ]
        }
      ]
    },
    {
      "module": "module.vpc",
      "mode": "managed",
      "type": "aws_default_network_acl",
      "name": "this",
      "provider": "provider[\"registry.terraform.io/hashicorp/aws\"]",
      "instances": [
        {
          "index_key": 0,
          "schema_version": 0,
          "attributes": {
            "arn": "arn:aws:ec2:us-east-2:145880140878:network-acl/acl-014e6080831ed77f3",
            "default_network_acl_id": "acl-014e6080831ed77f3",
            "egress": [
              {
                "action": "allow",
                "cidr_block": "",
                "from_port": 0,
                "icmp_code": 0,
                "icmp_type": 0,
                "ipv6_cidr_block": "::/0",
                "protocol": "-1",
                "rule_no": 101,
                "to_port": 0
              },
              {
                "action": "allow",
                "cidr_block": "0.0.0.0/0",
                "from_port": 0,
                "icmp_code": 0,
                "icmp_type": 0,
                "ipv6_cidr_block": "",
                "protocol": "-1",
                "rule_no": 100,
                "to_port": 0
              }
            ],
            "id": "acl-014e6080831ed77f3",
            "ingress": [
              {
                "action": "allow",
                "cidr_block": "",
                "from_port": 0,
                "icmp_code": 0,
                "icmp_type": 0,
                "ipv6_cidr_block": "::/0",
                "protocol": "-1",
                "rule_no": 101,
                "to_port": 0
              },
              {
                "action": "allow",
                "cidr_block": "0.0.0.0/0",
                "from_port": 0,
                "icmp_code": 0,
                "icmp_type": 0,
                "ipv6_cidr_block": "",
                "protocol": "-1",
                "rule_no": 100,
                "to_port": 0
              }
            ],
            "owner_id": "145880140878",
            "subnet_ids": [
              "subnet-03d01e199d6a01283",
              "subnet-0607a2df2bf35cbd1",
              "subnet-06af0b70f492189bc",
              "subnet-0bd869bd846db53b7",
              "subnet-0c0244567cce98cf7",
              "subnet-0c57fc595c0734979"
            ],
            "tags": {
              "Name": "qdrant-kubernetes-vpc-default"
            },
            "tags_all": {
              "Name": "qdrant-kubernetes-vpc-default"
            },
            "vpc_id": "vpc-0b968d9da5930aecd"
          },
          "sensitive_attributes": [],
          "private": "bnVsbA==",
          "dependencies": [
            "module.vpc.aws_vpc.this"
          ]
        }
      ]
    },
    {
      "module": "module.vpc",
      "mode": "managed",
      "type": "aws_default_route_table",
      "name": "default",
      "provider": "provider[\"registry.terraform.io/hashicorp/aws\"]",
      "instances": [
        {
          "index_key": 0,
          "schema_version": 0,
          "attributes": {
            "arn": "arn:aws:ec2:us-east-2:145880140878:route-table/rtb-0798956b28a795b4c",
            "default_route_table_id": "rtb-0798956b28a795b4c",
            "id": "rtb-0798956b28a795b4c",
            "owner_id": "145880140878",
            "propagating_vgws": [],
            "route": [],
            "tags": {
              "Name": "qdrant-kubernetes-vpc-default"
            },
            "tags_all": {
              "Name": "qdrant-kubernetes-vpc-default"
            },
            "timeouts": {
              "create": "5m",
              "update": "5m"
            },
            "vpc_id": "vpc-0b968d9da5930aecd"
          },
          "sensitive_attributes": [],
          "private": "eyJlMmJmYjczMC1lY2FhLTExZTYtOGY4OC0zNDM2M2JjN2M0YzAiOnsiY3JlYXRlIjozMDAwMDAwMDAwMDAsInVwZGF0ZSI6MzAwMDAwMDAwMDAwfX0=",
          "dependencies": [
            "module.vpc.aws_vpc.this"
          ]
        }
      ]
    },
    {
      "module": "module.vpc",
      "mode": "managed",
      "type": "aws_default_security_group",
      "name": "this",
      "provider": "provider[\"registry.terraform.io/hashicorp/aws\"]",
      "instances": [
        {
          "index_key": 0,
          "schema_version": 1,
          "attributes": {
            "arn": "arn:aws:ec2:us-east-2:145880140878:security-group/sg-089e99e78bcd67538",
            "description": "default VPC security group",
            "egress": [],
            "id": "sg-089e99e78bcd67538",
            "ingress": [],
            "name": "default",
            "name_prefix": "",
            "owner_id": "145880140878",
            "revoke_rules_on_delete": false,
            "tags": {
              "Name": "qdrant-kubernetes-vpc-default"
            },
            "tags_all": {
              "Name": "qdrant-kubernetes-vpc-default"
            },
            "vpc_id": "vpc-0b968d9da5930aecd"
          },
          "sensitive_attributes": [],
          "private": "eyJzY2hlbWFfdmVyc2lvbiI6IjEifQ==",
          "dependencies": [
            "module.vpc.aws_vpc.this"
          ]
        }
      ]
    },
    {
      "module": "module.vpc",
      "mode": "managed",
      "type": "aws_eip",
      "name": "nat",
      "provider": "provider[\"registry.terraform.io/hashicorp/aws\"]",
      "instances": [
        {
          "index_key": 0,
          "schema_version": 0,
          "attributes": {
            "address": null,
            "allocation_id": "eipalloc-086070abb866fc204",
            "associate_with_private_ip": null,
            "association_id": "eipassoc-0e653eab215ec8ddb",
            "carrier_ip": "",
            "customer_owned_ip": "",
            "customer_owned_ipv4_pool": "",
            "domain": "vpc",
            "id": "eipalloc-086070abb866fc204",
            "instance": "",
            "network_border_group": "us-east-2",
            "network_interface": "eni-08cd9914e1812c2dc",
            "private_dns": "ip-10-0-4-156.us-east-2.compute.internal",
            "private_ip": "10.0.4.156",
            "public_dns": "ec2-3-22-255-74.us-east-2.compute.amazonaws.com",
            "public_ip": "3.22.255.74",
            "public_ipv4_pool": "amazon",
            "tags": {
              "Name": "qdrant-kubernetes-vpc-us-east-2a"
            },
            "tags_all": {
              "Name": "qdrant-kubernetes-vpc-us-east-2a"
            },
            "timeouts": null,
            "vpc": true
          },
          "sensitive_attributes": [],
          "private": "eyJlMmJmYjczMC1lY2FhLTExZTYtOGY4OC0zNDM2M2JjN2M0YzAiOnsiZGVsZXRlIjoxODAwMDAwMDAwMDAsInJlYWQiOjkwMDAwMDAwMDAwMCwidXBkYXRlIjozMDAwMDAwMDAwMDB9fQ==",
          "dependencies": [
            "data.aws_availability_zones.available",
            "module.vpc.aws_internet_gateway.this",
            "module.vpc.aws_vpc.this",
            "module.vpc.aws_vpc_ipv4_cidr_block_association.this"
          ]
        }
      ]
    },
    {
      "module": "module.vpc",
      "mode": "managed",
      "type": "aws_internet_gateway",
      "name": "this",
      "provider": "provider[\"registry.terraform.io/hashicorp/aws\"]",
      "instances": [
        {
          "index_key": 0,
          "schema_version": 0,
          "attributes": {
            "arn": "arn:aws:ec2:us-east-2:145880140878:internet-gateway/igw-0b12dfe3f077eba7c",
            "id": "igw-0b12dfe3f077eba7c",
            "owner_id": "145880140878",
            "tags": {
              "Name": "qdrant-kubernetes-vpc"
            },
            "tags_all": {
              "Name": "qdrant-kubernetes-vpc"
            },
            "timeouts": null,
            "vpc_id": "vpc-0b968d9da5930aecd"
          },
          "sensitive_attributes": [],
          "private": "eyJlMmJmYjczMC1lY2FhLTExZTYtOGY4OC0zNDM2M2JjN2M0YzAiOnsiY3JlYXRlIjoxMjAwMDAwMDAwMDAwLCJkZWxldGUiOjEyMDAwMDAwMDAwMDAsInVwZGF0ZSI6MTIwMDAwMDAwMDAwMH19",
          "dependencies": [
            "module.vpc.aws_vpc.this",
            "module.vpc.aws_vpc_ipv4_cidr_block_association.this"
          ]
        }
      ]
    },
    {
      "module": "module.vpc",
      "mode": "managed",
      "type": "aws_nat_gateway",
      "name": "this",
      "provider": "provider[\"registry.terraform.io/hashicorp/aws\"]",
      "instances": [
        {
          "index_key": 0,
          "schema_version": 0,
          "attributes": {
            "allocation_id": "eipalloc-086070abb866fc204",
            "association_id": "eipassoc-0e653eab215ec8ddb",
            "connectivity_type": "public",
            "id": "nat-0ff66d66ada0982e0",
            "network_interface_id": "eni-08cd9914e1812c2dc",
            "private_ip": "10.0.4.156",
            "public_ip": "3.22.255.74",
            "secondary_allocation_ids": [],
            "secondary_private_ip_address_count": 0,
            "secondary_private_ip_addresses": [],
            "subnet_id": "subnet-0607a2df2bf35cbd1",
            "tags": {
              "Name": "qdrant-kubernetes-vpc-us-east-2a"
            },
            "tags_all": {
              "Name": "qdrant-kubernetes-vpc-us-east-2a"
            },
            "timeouts": null
          },
          "sensitive_attributes": [],
          "private": "eyJlMmJmYjczMC1lY2FhLTExZTYtOGY4OC0zNDM2M2JjN2M0YzAiOnsiY3JlYXRlIjo2MDAwMDAwMDAwMDAsImRlbGV0ZSI6MTgwMDAwMDAwMDAwMCwidXBkYXRlIjo2MDAwMDAwMDAwMDB9fQ==",
          "dependencies": [
            "data.aws_availability_zones.available",
            "module.vpc.aws_eip.nat",
            "module.vpc.aws_internet_gateway.this",
            "module.vpc.aws_subnet.public",
            "module.vpc.aws_vpc.this",
            "module.vpc.aws_vpc_ipv4_cidr_block_association.this"
          ]
        }
      ]
    },
    {
      "module": "module.vpc",
      "mode": "managed",
      "type": "aws_route",
      "name": "private_nat_gateway",
      "provider": "provider[\"registry.terraform.io/hashicorp/aws\"]",
      "instances": [
        {
          "index_key": 0,
          "schema_version": 0,
          "attributes": {
            "carrier_gateway_id": "",
            "core_network_arn": "",
            "destination_cidr_block": "0.0.0.0/0",
            "destination_ipv6_cidr_block": "",
            "destination_prefix_list_id": "",
            "egress_only_gateway_id": "",
            "gateway_id": "",
            "id": "r-rtb-043fa26ac9f5cd6551080289494",
            "instance_id": "",
            "instance_owner_id": "",
            "local_gateway_id": "",
            "nat_gateway_id": "nat-0ff66d66ada0982e0",
            "network_interface_id": "",
            "origin": "CreateRoute",
            "route_table_id": "rtb-043fa26ac9f5cd655",
            "state": "active",
            "timeouts": {
              "create": "5m",
              "delete": null,
              "update": null
            },
            "transit_gateway_id": "",
            "vpc_endpoint_id": "",
            "vpc_peering_connection_id": ""
          },
          "sensitive_attributes": [],
          "private": "eyJlMmJmYjczMC1lY2FhLTExZTYtOGY4OC0zNDM2M2JjN2M0YzAiOnsiY3JlYXRlIjozMDAwMDAwMDAwMDAsImRlbGV0ZSI6MzAwMDAwMDAwMDAwLCJ1cGRhdGUiOjEyMDAwMDAwMDAwMH19",
          "dependencies": [
            "data.aws_availability_zones.available",
            "module.vpc.aws_eip.nat",
            "module.vpc.aws_internet_gateway.this",
            "module.vpc.aws_nat_gateway.this",
            "module.vpc.aws_route_table.private",
            "module.vpc.aws_subnet.public",
            "module.vpc.aws_vpc.this",
            "module.vpc.aws_vpc_ipv4_cidr_block_association.this"
          ]
        }
      ]
    },
    {
      "module": "module.vpc",
      "mode": "managed",
      "type": "aws_route",
      "name": "public_internet_gateway",
      "provider": "provider[\"registry.terraform.io/hashicorp/aws\"]",
      "instances": [
        {
          "index_key": 0,
          "schema_version": 0,
          "attributes": {
            "carrier_gateway_id": "",
            "core_network_arn": "",
            "destination_cidr_block": "0.0.0.0/0",
            "destination_ipv6_cidr_block": "",
            "destination_prefix_list_id": "",
            "egress_only_gateway_id": "",
            "gateway_id": "igw-0b12dfe3f077eba7c",
            "id": "r-rtb-00b1993beabed30ee1080289494",
            "instance_id": "",
            "instance_owner_id": "",
            "local_gateway_id": "",
            "nat_gateway_id": "",
            "network_interface_id": "",
            "origin": "CreateRoute",
            "route_table_id": "rtb-00b1993beabed30ee",
            "state": "active",
            "timeouts": {
              "create": "5m",
              "delete": null,
              "update": null
            },
            "transit_gateway_id": "",
            "vpc_endpoint_id": "",
            "vpc_peering_connection_id": ""
          },
          "sensitive_attributes": [],
          "private": "eyJlMmJmYjczMC1lY2FhLTExZTYtOGY4OC0zNDM2M2JjN2M0YzAiOnsiY3JlYXRlIjozMDAwMDAwMDAwMDAsImRlbGV0ZSI6MzAwMDAwMDAwMDAwLCJ1cGRhdGUiOjEyMDAwMDAwMDAwMH19",
          "dependencies": [
            "module.vpc.aws_internet_gateway.this",
            "module.vpc.aws_route_table.public",
            "module.vpc.aws_vpc.this",
            "module.vpc.aws_vpc_ipv4_cidr_block_association.this"
          ]
        }
      ]
    },
    {
      "module": "module.vpc",
      "mode": "managed",
      "type": "aws_route_table",
      "name": "private",
      "provider": "provider[\"registry.terraform.io/hashicorp/aws\"]",
      "instances": [
        {
          "index_key": 0,
          "schema_version": 0,
          "attributes": {
            "arn": "arn:aws:ec2:us-east-2:145880140878:route-table/rtb-043fa26ac9f5cd655",
            "id": "rtb-043fa26ac9f5cd655",
            "owner_id": "145880140878",
            "propagating_vgws": [],
            "route": [
              {
                "carrier_gateway_id": "",
                "cidr_block": "0.0.0.0/0",
                "core_network_arn": "",
                "destination_prefix_list_id": "",
                "egress_only_gateway_id": "",
                "gateway_id": "",
                "ipv6_cidr_block": "",
                "local_gateway_id": "",
                "nat_gateway_id": "nat-0ff66d66ada0982e0",
                "network_interface_id": "",
                "transit_gateway_id": "",
                "vpc_endpoint_id": "",
                "vpc_peering_connection_id": ""
              }
            ],
            "tags": {
              "Name": "qdrant-kubernetes-vpc-private"
            },
            "tags_all": {
              "Name": "qdrant-kubernetes-vpc-private"
            },
            "timeouts": null,
            "vpc_id": "vpc-0b968d9da5930aecd"
          },
          "sensitive_attributes": [],
          "private": "eyJlMmJmYjczMC1lY2FhLTExZTYtOGY4OC0zNDM2M2JjN2M0YzAiOnsiY3JlYXRlIjozMDAwMDAwMDAwMDAsImRlbGV0ZSI6MzAwMDAwMDAwMDAwLCJ1cGRhdGUiOjEyMDAwMDAwMDAwMH19",
          "dependencies": [
            "data.aws_availability_zones.available",
            "module.vpc.aws_vpc.this",
            "module.vpc.aws_vpc_ipv4_cidr_block_association.this"
          ]
        }
      ]
    },
    {
      "module": "module.vpc",
      "mode": "managed",
      "type": "aws_route_table",
      "name": "public",
      "provider": "provider[\"registry.terraform.io/hashicorp/aws\"]",
      "instances": [
        {
          "index_key": 0,
          "schema_version": 0,
          "attributes": {
            "arn": "arn:aws:ec2:us-east-2:145880140878:route-table/rtb-00b1993beabed30ee",
            "id": "rtb-00b1993beabed30ee",
            "owner_id": "145880140878",
            "propagating_vgws": [],
            "route": [
              {
                "carrier_gateway_id": "",
                "cidr_block": "0.0.0.0/0",
                "core_network_arn": "",
                "destination_prefix_list_id": "",
                "egress_only_gateway_id": "",
                "gateway_id": "igw-0b12dfe3f077eba7c",
                "ipv6_cidr_block": "",
                "local_gateway_id": "",
                "nat_gateway_id": "",
                "network_interface_id": "",
                "transit_gateway_id": "",
                "vpc_endpoint_id": "",
                "vpc_peering_connection_id": ""
              }
            ],
            "tags": {
              "Name": "qdrant-kubernetes-vpc-public"
            },
            "tags_all": {
              "Name": "qdrant-kubernetes-vpc-public"
            },
            "timeouts": null,
            "vpc_id": "vpc-0b968d9da5930aecd"
          },
          "sensitive_attributes": [],
          "private": "eyJlMmJmYjczMC1lY2FhLTExZTYtOGY4OC0zNDM2M2JjN2M0YzAiOnsiY3JlYXRlIjozMDAwMDAwMDAwMDAsImRlbGV0ZSI6MzAwMDAwMDAwMDAwLCJ1cGRhdGUiOjEyMDAwMDAwMDAwMH19",
          "dependencies": [
            "module.vpc.aws_vpc.this",
            "module.vpc.aws_vpc_ipv4_cidr_block_association.this"
          ]
        }
      ]
    },
    {
      "module": "module.vpc",
      "mode": "managed",
      "type": "aws_route_table_association",
      "name": "private",
      "provider": "provider[\"registry.terraform.io/hashicorp/aws\"]",
      "instances": [
        {
          "index_key": 0,
          "schema_version": 0,
          "attributes": {
            "gateway_id": "",
            "id": "rtbassoc-0046d41d10c5dd15e",
            "route_table_id": "rtb-043fa26ac9f5cd655",
            "subnet_id": "subnet-0c57fc595c0734979",
            "timeouts": null
          },
          "sensitive_attributes": [],
          "private": "eyJlMmJmYjczMC1lY2FhLTExZTYtOGY4OC0zNDM2M2JjN2M0YzAiOnsiY3JlYXRlIjozMDAwMDAwMDAwMDAsImRlbGV0ZSI6MzAwMDAwMDAwMDAwLCJ1cGRhdGUiOjEyMDAwMDAwMDAwMH19",
          "dependencies": [
            "data.aws_availability_zones.available",
            "module.vpc.aws_route_table.private",
            "module.vpc.aws_subnet.private",
            "module.vpc.aws_vpc.this",
            "module.vpc.aws_vpc_ipv4_cidr_block_association.this"
          ]
        },
        {
          "index_key": 1,
          "schema_version": 0,
          "attributes": {
            "gateway_id": "",
            "id": "rtbassoc-0cae6b8f6fcc13602",
            "route_table_id": "rtb-043fa26ac9f5cd655",
            "subnet_id": "subnet-03d01e199d6a01283",
            "timeouts": null
          },
          "sensitive_attributes": [],
          "private": "eyJlMmJmYjczMC1lY2FhLTExZTYtOGY4OC0zNDM2M2JjN2M0YzAiOnsiY3JlYXRlIjozMDAwMDAwMDAwMDAsImRlbGV0ZSI6MzAwMDAwMDAwMDAwLCJ1cGRhdGUiOjEyMDAwMDAwMDAwMH19",
          "dependencies": [
            "data.aws_availability_zones.available",
            "module.vpc.aws_route_table.private",
            "module.vpc.aws_subnet.private",
            "module.vpc.aws_vpc.this",
            "module.vpc.aws_vpc_ipv4_cidr_block_association.this"
          ]
        },
        {
          "index_key": 2,
          "schema_version": 0,
          "attributes": {
            "gateway_id": "",
            "id": "rtbassoc-094b555a690336270",
            "route_table_id": "rtb-043fa26ac9f5cd655",
            "subnet_id": "subnet-06af0b70f492189bc",
            "timeouts": null
          },
          "sensitive_attributes": [],
          "private": "eyJlMmJmYjczMC1lY2FhLTExZTYtOGY4OC0zNDM2M2JjN2M0YzAiOnsiY3JlYXRlIjozMDAwMDAwMDAwMDAsImRlbGV0ZSI6MzAwMDAwMDAwMDAwLCJ1cGRhdGUiOjEyMDAwMDAwMDAwMH19",
          "dependencies": [
            "data.aws_availability_zones.available",
            "module.vpc.aws_route_table.private",
            "module.vpc.aws_subnet.private",
            "module.vpc.aws_vpc.this",
            "module.vpc.aws_vpc_ipv4_cidr_block_association.this"
          ]
        }
      ]
    },
    {
      "module": "module.vpc",
      "mode": "managed",
      "type": "aws_route_table_association",
      "name": "public",
      "provider": "provider[\"registry.terraform.io/hashicorp/aws\"]",
      "instances": [
        {
          "index_key": 0,
          "schema_version": 0,
          "attributes": {
            "gateway_id": "",
            "id": "rtbassoc-0c5cd20956fea5003",
            "route_table_id": "rtb-00b1993beabed30ee",
            "subnet_id": "subnet-0607a2df2bf35cbd1",
            "timeouts": null
          },
          "sensitive_attributes": [],
          "private": "eyJlMmJmYjczMC1lY2FhLTExZTYtOGY4OC0zNDM2M2JjN2M0YzAiOnsiY3JlYXRlIjozMDAwMDAwMDAwMDAsImRlbGV0ZSI6MzAwMDAwMDAwMDAwLCJ1cGRhdGUiOjEyMDAwMDAwMDAwMH19",
          "dependencies": [
            "data.aws_availability_zones.available",
            "module.vpc.aws_route_table.public",
            "module.vpc.aws_subnet.public",
            "module.vpc.aws_vpc.this",
            "module.vpc.aws_vpc_ipv4_cidr_block_association.this"
          ]
        },
        {
          "index_key": 1,
          "schema_version": 0,
          "attributes": {
            "gateway_id": "",
            "id": "rtbassoc-01481d3786fa91a3b",
            "route_table_id": "rtb-00b1993beabed30ee",
            "subnet_id": "subnet-0bd869bd846db53b7",
            "timeouts": null
          },
          "sensitive_attributes": [],
          "private": "eyJlMmJmYjczMC1lY2FhLTExZTYtOGY4OC0zNDM2M2JjN2M0YzAiOnsiY3JlYXRlIjozMDAwMDAwMDAwMDAsImRlbGV0ZSI6MzAwMDAwMDAwMDAwLCJ1cGRhdGUiOjEyMDAwMDAwMDAwMH19",
          "dependencies": [
            "data.aws_availability_zones.available",
            "module.vpc.aws_route_table.public",
            "module.vpc.aws_subnet.public",
            "module.vpc.aws_vpc.this",
            "module.vpc.aws_vpc_ipv4_cidr_block_association.this"
          ]
        },
        {
          "index_key": 2,
          "schema_version": 0,
          "attributes": {
            "gateway_id": "",
            "id": "rtbassoc-04b79eaafad90810c",
            "route_table_id": "rtb-00b1993beabed30ee",
            "subnet_id": "subnet-0c0244567cce98cf7",
            "timeouts": null
          },
          "sensitive_attributes": [],
          "private": "eyJlMmJmYjczMC1lY2FhLTExZTYtOGY4OC0zNDM2M2JjN2M0YzAiOnsiY3JlYXRlIjozMDAwMDAwMDAwMDAsImRlbGV0ZSI6MzAwMDAwMDAwMDAwLCJ1cGRhdGUiOjEyMDAwMDAwMDAwMH19",
          "dependencies": [
            "data.aws_availability_zones.available",
            "module.vpc.aws_route_table.public",
            "module.vpc.aws_subnet.public",
            "module.vpc.aws_vpc.this",
            "module.vpc.aws_vpc_ipv4_cidr_block_association.this"
          ]
        }
      ]
    },
    {
      "module": "module.vpc",
      "mode": "managed",
      "type": "aws_subnet",
      "name": "private",
      "provider": "provider[\"registry.terraform.io/hashicorp/aws\"]",
      "instances": [
        {
          "index_key": 0,
          "schema_version": 1,
          "attributes": {
            "arn": "arn:aws:ec2:us-east-2:145880140878:subnet/subnet-0c57fc595c0734979",
            "assign_ipv6_address_on_creation": false,
            "availability_zone": "us-east-2a",
            "availability_zone_id": "use2-az1",
            "cidr_block": "10.0.1.0/24",
            "customer_owned_ipv4_pool": "",
            "enable_dns64": false,
            "enable_lni_at_device_index": 0,
            "enable_resource_name_dns_a_record_on_launch": false,
            "enable_resource_name_dns_aaaa_record_on_launch": false,
            "id": "subnet-0c57fc595c0734979",
            "ipv6_cidr_block": "",
            "ipv6_cidr_block_association_id": "",
            "ipv6_native": false,
            "map_customer_owned_ip_on_launch": false,
            "map_public_ip_on_launch": false,
            "outpost_arn": "",
            "owner_id": "145880140878",
            "private_dns_hostname_type_on_launch": "ip-name",
            "tags": {
              "Name": "qdrant-kubernetes-vpc-private-us-east-2a",
              "kubernetes.io/cluster/qdrant-kubernetes": "shared",
              "kubernetes.io/role/internal-elb": "1"
            },
            "tags_all": {
              "Name": "qdrant-kubernetes-vpc-private-us-east-2a",
              "kubernetes.io/cluster/qdrant-kubernetes": "shared",
              "kubernetes.io/role/internal-elb": "1"
            },
            "timeouts": null,
            "vpc_id": "vpc-0b968d9da5930aecd"
          },
          "sensitive_attributes": [],
          "private": "eyJlMmJmYjczMC1lY2FhLTExZTYtOGY4OC0zNDM2M2JjN2M0YzAiOnsiY3JlYXRlIjo2MDAwMDAwMDAwMDAsImRlbGV0ZSI6MTIwMDAwMDAwMDAwMH0sInNjaGVtYV92ZXJzaW9uIjoiMSJ9",
          "dependencies": [
            "data.aws_availability_zones.available",
            "module.vpc.aws_vpc.this",
            "module.vpc.aws_vpc_ipv4_cidr_block_association.this"
          ],
          "create_before_destroy": true
        },
        {
          "index_key": 1,
          "schema_version": 1,
          "attributes": {
            "arn": "arn:aws:ec2:us-east-2:145880140878:subnet/subnet-03d01e199d6a01283",
            "assign_ipv6_address_on_creation": false,
            "availability_zone": "us-east-2b",
            "availability_zone_id": "use2-az2",
            "cidr_block": "10.0.2.0/24",
            "customer_owned_ipv4_pool": "",
            "enable_dns64": false,
            "enable_lni_at_device_index": 0,
            "enable_resource_name_dns_a_record_on_launch": false,
            "enable_resource_name_dns_aaaa_record_on_launch": false,
            "id": "subnet-03d01e199d6a01283",
            "ipv6_cidr_block": "",
            "ipv6_cidr_block_association_id": "",
            "ipv6_native": false,
            "map_customer_owned_ip_on_launch": false,
            "map_public_ip_on_launch": false,
            "outpost_arn": "",
            "owner_id": "145880140878",
            "private_dns_hostname_type_on_launch": "ip-name",
            "tags": {
              "Name": "qdrant-kubernetes-vpc-private-us-east-2b",
              "kubernetes.io/cluster/qdrant-kubernetes": "shared",
              "kubernetes.io/role/internal-elb": "1"
            },
            "tags_all": {
              "Name": "qdrant-kubernetes-vpc-private-us-east-2b",
              "kubernetes.io/cluster/qdrant-kubernetes": "shared",
              "kubernetes.io/role/internal-elb": "1"
            },
            "timeouts": null,
            "vpc_id": "vpc-0b968d9da5930aecd"
          },
          "sensitive_attributes": [],
          "private": "eyJlMmJmYjczMC1lY2FhLTExZTYtOGY4OC0zNDM2M2JjN2M0YzAiOnsiY3JlYXRlIjo2MDAwMDAwMDAwMDAsImRlbGV0ZSI6MTIwMDAwMDAwMDAwMH0sInNjaGVtYV92ZXJzaW9uIjoiMSJ9",
          "dependencies": [
            "data.aws_availability_zones.available",
            "module.vpc.aws_vpc.this",
            "module.vpc.aws_vpc_ipv4_cidr_block_association.this"
          ],
          "create_before_destroy": true
        },
        {
          "index_key": 2,
          "schema_version": 1,
          "attributes": {
            "arn": "arn:aws:ec2:us-east-2:145880140878:subnet/subnet-06af0b70f492189bc",
            "assign_ipv6_address_on_creation": false,
            "availability_zone": "us-east-2c",
            "availability_zone_id": "use2-az3",
            "cidr_block": "10.0.3.0/24",
            "customer_owned_ipv4_pool": "",
            "enable_dns64": false,
            "enable_lni_at_device_index": 0,
            "enable_resource_name_dns_a_record_on_launch": false,
            "enable_resource_name_dns_aaaa_record_on_launch": false,
            "id": "subnet-06af0b70f492189bc",
            "ipv6_cidr_block": "",
            "ipv6_cidr_block_association_id": "",
            "ipv6_native": false,
            "map_customer_owned_ip_on_launch": false,
            "map_public_ip_on_launch": false,
            "outpost_arn": "",
            "owner_id": "145880140878",
            "private_dns_hostname_type_on_launch": "ip-name",
            "tags": {
              "Name": "qdrant-kubernetes-vpc-private-us-east-2c",
              "kubernetes.io/cluster/qdrant-kubernetes": "shared",
              "kubernetes.io/role/internal-elb": "1"
            },
            "tags_all": {
              "Name": "qdrant-kubernetes-vpc-private-us-east-2c",
              "kubernetes.io/cluster/qdrant-kubernetes": "shared",
              "kubernetes.io/role/internal-elb": "1"
            },
            "timeouts": null,
            "vpc_id": "vpc-0b968d9da5930aecd"
          },
          "sensitive_attributes": [],
          "private": "eyJlMmJmYjczMC1lY2FhLTExZTYtOGY4OC0zNDM2M2JjN2M0YzAiOnsiY3JlYXRlIjo2MDAwMDAwMDAwMDAsImRlbGV0ZSI6MTIwMDAwMDAwMDAwMH0sInNjaGVtYV92ZXJzaW9uIjoiMSJ9",
          "dependencies": [
            "data.aws_availability_zones.available",
            "module.vpc.aws_vpc.this",
            "module.vpc.aws_vpc_ipv4_cidr_block_association.this"
          ],
          "create_before_destroy": true
        }
      ]
    },
    {
      "module": "module.vpc",
      "mode": "managed",
      "type": "aws_subnet",
      "name": "public",
      "provider": "provider[\"registry.terraform.io/hashicorp/aws\"]",
      "instances": [
        {
          "index_key": 0,
          "schema_version": 1,
          "attributes": {
            "arn": "arn:aws:ec2:us-east-2:145880140878:subnet/subnet-0607a2df2bf35cbd1",
            "assign_ipv6_address_on_creation": false,
            "availability_zone": "us-east-2a",
            "availability_zone_id": "use2-az1",
            "cidr_block": "10.0.4.0/24",
            "customer_owned_ipv4_pool": "",
            "enable_dns64": false,
            "enable_lni_at_device_index": 0,
            "enable_resource_name_dns_a_record_on_launch": false,
            "enable_resource_name_dns_aaaa_record_on_launch": false,
            "id": "subnet-0607a2df2bf35cbd1",
            "ipv6_cidr_block": "",
            "ipv6_cidr_block_association_id": "",
            "ipv6_native": false,
            "map_customer_owned_ip_on_launch": false,
            "map_public_ip_on_launch": false,
            "outpost_arn": "",
            "owner_id": "145880140878",
            "private_dns_hostname_type_on_launch": "ip-name",
            "tags": {
              "Name": "qdrant-kubernetes-vpc-public-us-east-2a",
              "kubernetes.io/cluster/qdrant-kubernetes": "shared",
              "kubernetes.io/role/elb": "1"
            },
            "tags_all": {
              "Name": "qdrant-kubernetes-vpc-public-us-east-2a",
              "kubernetes.io/cluster/qdrant-kubernetes": "shared",
              "kubernetes.io/role/elb": "1"
            },
            "timeouts": null,
            "vpc_id": "vpc-0b968d9da5930aecd"
          },
          "sensitive_attributes": [],
          "private": "eyJlMmJmYjczMC1lY2FhLTExZTYtOGY4OC0zNDM2M2JjN2M0YzAiOnsiY3JlYXRlIjo2MDAwMDAwMDAwMDAsImRlbGV0ZSI6MTIwMDAwMDAwMDAwMH0sInNjaGVtYV92ZXJzaW9uIjoiMSJ9",
          "dependencies": [
            "data.aws_availability_zones.available",
            "module.vpc.aws_vpc.this",
            "module.vpc.aws_vpc_ipv4_cidr_block_association.this"
          ]
        },
        {
          "index_key": 1,
          "schema_version": 1,
          "attributes": {
            "arn": "arn:aws:ec2:us-east-2:145880140878:subnet/subnet-0bd869bd846db53b7",
            "assign_ipv6_address_on_creation": false,
            "availability_zone": "us-east-2b",
            "availability_zone_id": "use2-az2",
            "cidr_block": "10.0.5.0/24",
            "customer_owned_ipv4_pool": "",
            "enable_dns64": false,
            "enable_lni_at_device_index": 0,
            "enable_resource_name_dns_a_record_on_launch": false,
            "enable_resource_name_dns_aaaa_record_on_launch": false,
            "id": "subnet-0bd869bd846db53b7",
            "ipv6_cidr_block": "",
            "ipv6_cidr_block_association_id": "",
            "ipv6_native": false,
            "map_customer_owned_ip_on_launch": false,
            "map_public_ip_on_launch": false,
            "outpost_arn": "",
            "owner_id": "145880140878",
            "private_dns_hostname_type_on_launch": "ip-name",
            "tags": {
              "Name": "qdrant-kubernetes-vpc-public-us-east-2b",
              "kubernetes.io/cluster/qdrant-kubernetes": "shared",
              "kubernetes.io/role/elb": "1"
            },
            "tags_all": {
              "Name": "qdrant-kubernetes-vpc-public-us-east-2b",
              "kubernetes.io/cluster/qdrant-kubernetes": "shared",
              "kubernetes.io/role/elb": "1"
            },
            "timeouts": null,
            "vpc_id": "vpc-0b968d9da5930aecd"
          },
          "sensitive_attributes": [],
          "private": "eyJlMmJmYjczMC1lY2FhLTExZTYtOGY4OC0zNDM2M2JjN2M0YzAiOnsiY3JlYXRlIjo2MDAwMDAwMDAwMDAsImRlbGV0ZSI6MTIwMDAwMDAwMDAwMH0sInNjaGVtYV92ZXJzaW9uIjoiMSJ9",
          "dependencies": [
            "data.aws_availability_zones.available",
            "module.vpc.aws_vpc.this",
            "module.vpc.aws_vpc_ipv4_cidr_block_association.this"
          ]
        },
        {
          "index_key": 2,
          "schema_version": 1,
          "attributes": {
            "arn": "arn:aws:ec2:us-east-2:145880140878:subnet/subnet-0c0244567cce98cf7",
            "assign_ipv6_address_on_creation": false,
            "availability_zone": "us-east-2c",
            "availability_zone_id": "use2-az3",
            "cidr_block": "10.0.6.0/24",
            "customer_owned_ipv4_pool": "",
            "enable_dns64": false,
            "enable_lni_at_device_index": 0,
            "enable_resource_name_dns_a_record_on_launch": false,
            "enable_resource_name_dns_aaaa_record_on_launch": false,
            "id": "subnet-0c0244567cce98cf7",
            "ipv6_cidr_block": "",
            "ipv6_cidr_block_association_id": "",
            "ipv6_native": false,
            "map_customer_owned_ip_on_launch": false,
            "map_public_ip_on_launch": false,
            "outpost_arn": "",
            "owner_id": "145880140878",
            "private_dns_hostname_type_on_launch": "ip-name",
            "tags": {
              "Name": "qdrant-kubernetes-vpc-public-us-east-2c",
              "kubernetes.io/cluster/qdrant-kubernetes": "shared",
              "kubernetes.io/role/elb": "1"
            },
            "tags_all": {
              "Name": "qdrant-kubernetes-vpc-public-us-east-2c",
              "kubernetes.io/cluster/qdrant-kubernetes": "shared",
              "kubernetes.io/role/elb": "1"
            },
            "timeouts": null,
            "vpc_id": "vpc-0b968d9da5930aecd"
          },
          "sensitive_attributes": [],
          "private": "eyJlMmJmYjczMC1lY2FhLTExZTYtOGY4OC0zNDM2M2JjN2M0YzAiOnsiY3JlYXRlIjo2MDAwMDAwMDAwMDAsImRlbGV0ZSI6MTIwMDAwMDAwMDAwMH0sInNjaGVtYV92ZXJzaW9uIjoiMSJ9",
          "dependencies": [
            "data.aws_availability_zones.available",
            "module.vpc.aws_vpc.this",
            "module.vpc.aws_vpc_ipv4_cidr_block_association.this"
          ]
        }
      ]
    },
    {
      "module": "module.vpc",
      "mode": "managed",
      "type": "aws_vpc",
      "name": "this",
      "provider": "provider[\"registry.terraform.io/hashicorp/aws\"]",
      "instances": [
        {
          "index_key": 0,
          "schema_version": 1,
          "attributes": {
            "arn": "arn:aws:ec2:us-east-2:145880140878:vpc/vpc-0b968d9da5930aecd",
            "assign_generated_ipv6_cidr_block": false,
            "cidr_block": "10.0.0.0/16",
            "default_network_acl_id": "acl-014e6080831ed77f3",
            "default_route_table_id": "rtb-0798956b28a795b4c",
            "default_security_group_id": "sg-089e99e78bcd67538",
            "dhcp_options_id": "dopt-0cf0d8753dda2b2ef",
            "enable_dns_hostnames": true,
            "enable_dns_support": true,
            "enable_network_address_usage_metrics": false,
            "id": "vpc-0b968d9da5930aecd",
            "instance_tenancy": "default",
            "ipv4_ipam_pool_id": null,
            "ipv4_netmask_length": null,
            "ipv6_association_id": "",
            "ipv6_cidr_block": "",
            "ipv6_cidr_block_network_border_group": "",
            "ipv6_ipam_pool_id": "",
            "ipv6_netmask_length": 0,
            "main_route_table_id": "rtb-0798956b28a795b4c",
            "owner_id": "145880140878",
            "tags": {
              "Name": "qdrant-kubernetes-vpc"
            },
            "tags_all": {
              "Name": "qdrant-kubernetes-vpc"
            }
          },
          "sensitive_attributes": [],
          "private": "eyJzY2hlbWFfdmVyc2lvbiI6IjEifQ==",
          "create_before_destroy": true
        }
      ]
    }
  ],
  "check_results": null
}
